
Microsoft Visual Studio Solution File, Format Version 12.00
# Visual Studio 14
VisualStudioVersion = 14.0.24720.0
MinimumVisualStudioVersion = 10.0.40219.1
Project("{2150E333-8FDC-42A3-9474-1A3956D46DE8}") = "Service", "Service", "{54382C5D-A7DB-4B27-92FD-2CF4B531E4D9}"
EndProject
Project("{2150E333-8FDC-42A3-9474-1A3956D46DE8}") = "Tests", "Tests", "{F256FA4C-7322-48C7-ADA5-1E7F1ABE7841}"
EndProject
Project("{2150E333-8FDC-42A3-9474-1A3956D46DE8}") = "External", "External", "{D2294312-7540-4910-8591-F877BCCB5D94}"
EndProject
Project("{FAE04EC0-301F-11D3-BF4B-00C04F79EFBC}") = "AlarmSystemManagmentService", "AlarmSystemManagmentService\AlarmSystemManagmentService.csproj", "{3D463251-18D3-451B-B06C-C4D655DD8A37}"
EndProject
Project("{FAE04EC0-301F-11D3-BF4B-00C04F79EFBC}") = "DeviceManagmentService", "DeviceManagmentService\DeviceManagmentService.csproj", "{10B956BE-068F-4FBB-9B1E-63C080B24019}"
EndProject
Project("{FAE04EC0-301F-11D3-BF4B-00C04F79EFBC}") = "iotDeviceService", "iotDeviceService\iotDeviceService.csproj", "{3C2419E5-D232-4C6F-9821-D8A491459ED1}"
EndProject
Project("{FAE04EC0-301F-11D3-BF4B-00C04F79EFBC}") = "iotDomainController", "iotDomainController\iotDomainController.csproj", "{DD7E7128-3C23-4940-AE7B-6B3442534961}"
EndProject
Project("{FAE04EC0-301F-11D3-BF4B-00C04F79EFBC}") = "iotIntermediate", "iotIntermediate\iotIntermediate.csproj", "{FC88505B-181C-4692-9147-90A7B05E038B}"
EndProject
Project("{FAE04EC0-301F-11D3-BF4B-00C04F79EFBC}") = "iotInterop", "iotInterop\iotInterop.csproj", "{0CA693B6-3024-4B2F-81E3-BFA21194D37F}"
EndProject
Project("{FAE04EC0-301F-11D3-BF4B-00C04F79EFBC}") = "iotService", "iotService\iotService.csproj", "{8FA92296-4F77-45CE-9B85-BCB37A7F2332}"
EndProject
Project("{FAE04EC0-301F-11D3-BF4B-00C04F79EFBC}") = "IotServiceAbstract", "IotServiceAbstract\IotServiceAbstract.csproj", "{DC1FBE1D-13B6-4DD2-91E2-7FFE2F909CC5}"
EndProject
Project("{FAE04EC0-301F-11D3-BF4B-00C04F79EFBC}") = "iotServiceConnector", "iotServiceConnector\iotServiceConnector.csproj", "{41C35973-5725-4904-AB2E-14CAEDD4FCB7}"
EndProject
Project("{FAE04EC0-301F-11D3-BF4B-00C04F79EFBC}") = "iotServiceLayer", "iotServiceLayer\iotServiceLayer.csproj", "{6640AC88-DF6B-43A6-BEE3-A65B4396119B}"
EndProject
Project("{FAE04EC0-301F-11D3-BF4B-00C04F79EFBC}") = "iotServiceSecurityTester", "iotServiceSecurityTester\iotServiceSecurityTester.csproj", "{5F5CD6B3-0137-4436-9AAA-17892DBE71D1}"
EndProject
Project("{FAE04EC0-301F-11D3-BF4B-00C04F79EFBC}") = "SiteManagmentService", "SiteManagmentService\SiteManagmentService.csproj", "{CC9FB92A-C1D9-400A-BD9B-D814280A118E}"
EndProject
Project("{FAE04EC0-301F-11D3-BF4B-00C04F79EFBC}") = "iotServiceTester", "iotServiceTester\iotServiceTester.csproj", "{06DA4596-90AE-4383-B800-EDD8145F71A7}"
EndProject
Project("{FAE04EC0-301F-11D3-BF4B-00C04F79EFBC}") = "sconnDataAbstract", "..\sconnData\sconnDataAbstract\sconnDataAbstract.csproj", "{DD6DC475-029A-4293-BE90-CF8E7AC0AE62}"
EndProject
Project("{2150E333-8FDC-42A3-9474-1A3956D46DE8}") = "Data", "Data", "{39C6DC5A-D3BD-4BAB-923D-7559064CE3DB}"
EndProject
Project("{FAE04EC0-301F-11D3-BF4B-00C04F79EFBC}") = "sconnConnector", "..\sconnData\sconnConnector\sconnConnector.csproj", "{09C8A8F0-F85A-4534-922E-85E14EC32725}"
EndProject
Project("{2150E333-8FDC-42A3-9474-1A3956D46DE8}") = "AlarmSystem", "AlarmSystem", "{02A7BAD0-CE7D-4541-A5C4-A5D8CF27D6EE}"
EndProject
Project("{2150E333-8FDC-42A3-9474-1A3956D46DE8}") = "IoT", "IoT", "{074E19F8-9EEF-458B-80D2-1B3E7BDD2515}"
EndProject
Global
	GlobalSection(SolutionConfigurationPlatforms) = preSolution
		Debug|Any CPU = Debug|Any CPU
		Release|Any CPU = Release|Any CPU
	EndGlobalSection
	GlobalSection(ProjectConfigurationPlatforms) = postSolution
		{3D463251-18D3-451B-B06C-C4D655DD8A37}.Debug|Any CPU.ActiveCfg = Debug|Any CPU
		{3D463251-18D3-451B-B06C-C4D655DD8A37}.Debug|Any CPU.Build.0 = Debug|Any CPU
		{3D463251-18D3-451B-B06C-C4D655DD8A37}.Release|Any CPU.ActiveCfg = Release|Any CPU
		{3D463251-18D3-451B-B06C-C4D655DD8A37}.Release|Any CPU.Build.0 = Release|Any CPU
		{10B956BE-068F-4FBB-9B1E-63C080B24019}.Debug|Any CPU.ActiveCfg = Debug|Any CPU
		{10B956BE-068F-4FBB-9B1E-63C080B24019}.Debug|Any CPU.Build.0 = Debug|Any CPU
		{10B956BE-068F-4FBB-9B1E-63C080B24019}.Release|Any CPU.ActiveCfg = Release|Any CPU
		{10B956BE-068F-4FBB-9B1E-63C080B24019}.Release|Any CPU.Build.0 = Release|Any CPU
		{3C2419E5-D232-4C6F-9821-D8A491459ED1}.Debug|Any CPU.ActiveCfg = Debug|Any CPU
		{3C2419E5-D232-4C6F-9821-D8A491459ED1}.Debug|Any CPU.Build.0 = Debug|Any CPU
		{3C2419E5-D232-4C6F-9821-D8A491459ED1}.Release|Any CPU.ActiveCfg = Release|Any CPU
		{3C2419E5-D232-4C6F-9821-D8A491459ED1}.Release|Any CPU.Build.0 = Release|Any CPU
		{DD7E7128-3C23-4940-AE7B-6B3442534961}.Debug|Any CPU.ActiveCfg = Debug|Any CPU
		{DD7E7128-3C23-4940-AE7B-6B3442534961}.Debug|Any CPU.Build.0 = Debug|Any CPU
		{DD7E7128-3C23-4940-AE7B-6B3442534961}.Release|Any CPU.ActiveCfg = Release|Any CPU
		{DD7E7128-3C23-4940-AE7B-6B3442534961}.Release|Any CPU.Build.0 = Release|Any CPU
		{FC88505B-181C-4692-9147-90A7B05E038B}.Debug|Any CPU.ActiveCfg = Debug|Any CPU
		{FC88505B-181C-4692-9147-90A7B05E038B}.Debug|Any CPU.Build.0 = Debug|Any CPU
		{FC88505B-181C-4692-9147-90A7B05E038B}.Release|Any CPU.ActiveCfg = Release|Any CPU
		{FC88505B-181C-4692-9147-90A7B05E038B}.Release|Any CPU.Build.0 = Release|Any CPU
		{0CA693B6-3024-4B2F-81E3-BFA21194D37F}.Debug|Any CPU.ActiveCfg = Debug|Any CPU
		{0CA693B6-3024-4B2F-81E3-BFA21194D37F}.Debug|Any CPU.Build.0 = Debug|Any CPU
		{0CA693B6-3024-4B2F-81E3-BFA21194D37F}.Release|Any CPU.ActiveCfg = Release|Any CPU
		{0CA693B6-3024-4B2F-81E3-BFA21194D37F}.Release|Any CPU.Build.0 = Release|Any CPU
		{8FA92296-4F77-45CE-9B85-BCB37A7F2332}.Debug|Any CPU.ActiveCfg = Debug|Any CPU
		{8FA92296-4F77-45CE-9B85-BCB37A7F2332}.Debug|Any CPU.Build.0 = Debug|Any CPU
		{8FA92296-4F77-45CE-9B85-BCB37A7F2332}.Release|Any CPU.ActiveCfg = Release|Any CPU
		{8FA92296-4F77-45CE-9B85-BCB37A7F2332}.Release|Any CPU.Build.0 = Release|Any CPU
		{DC1FBE1D-13B6-4DD2-91E2-7FFE2F909CC5}.Debug|Any CPU.ActiveCfg = Debug|Any CPU
		{DC1FBE1D-13B6-4DD2-91E2-7FFE2F909CC5}.Debug|Any CPU.Build.0 = Debug|Any CPU
		{DC1FBE1D-13B6-4DD2-91E2-7FFE2F909CC5}.Release|Any CPU.ActiveCfg = Release|Any CPU
		{DC1FBE1D-13B6-4DD2-91E2-7FFE2F909CC5}.Release|Any CPU.Build.0 = Release|Any CPU
		{41C35973-5725-4904-AB2E-14CAEDD4FCB7}.Debug|Any CPU.ActiveCfg = Debug|Any CPU
		{41C35973-5725-4904-AB2E-14CAEDD4FCB7}.Debug|Any CPU.Build.0 = Debug|Any CPU
		{41C35973-5725-4904-AB2E-14CAEDD4FCB7}.Release|Any CPU.ActiveCfg = Release|Any CPU
		{41C35973-5725-4904-AB2E-14CAEDD4FCB7}.Release|Any CPU.Build.0 = Release|Any CPU
		{6640AC88-DF6B-43A6-BEE3-A65B4396119B}.Debug|Any CPU.ActiveCfg = Debug|Any CPU
		{6640AC88-DF6B-43A6-BEE3-A65B4396119B}.Debug|Any CPU.Build.0 = Debug|Any CPU
		{6640AC88-DF6B-43A6-BEE3-A65B4396119B}.Release|Any CPU.ActiveCfg = Release|Any CPU
		{6640AC88-DF6B-43A6-BEE3-A65B4396119B}.Release|Any CPU.Build.0 = Release|Any CPU
		{5F5CD6B3-0137-4436-9AAA-17892DBE71D1}.Debug|Any CPU.ActiveCfg = Debug|Any CPU
		{5F5CD6B3-0137-4436-9AAA-17892DBE71D1}.Debug|Any CPU.Build.0 = Debug|Any CPU
		{5F5CD6B3-0137-4436-9AAA-17892DBE71D1}.Release|Any CPU.ActiveCfg = Release|Any CPU
		{5F5CD6B3-0137-4436-9AAA-17892DBE71D1}.Release|Any CPU.Build.0 = Release|Any CPU
		{CC9FB92A-C1D9-400A-BD9B-D814280A118E}.Debug|Any CPU.ActiveCfg = Debug|Any CPU
		{CC9FB92A-C1D9-400A-BD9B-D814280A118E}.Debug|Any CPU.Build.0 = Debug|Any CPU
		{CC9FB92A-C1D9-400A-BD9B-D814280A118E}.Release|Any CPU.ActiveCfg = Release|Any CPU
		{CC9FB92A-C1D9-400A-BD9B-D814280A118E}.Release|Any CPU.Build.0 = Release|Any CPU
		{06DA4596-90AE-4383-B800-EDD8145F71A7}.Debug|Any CPU.ActiveCfg = Debug|Any CPU
		{06DA4596-90AE-4383-B800-EDD8145F71A7}.Debug|Any CPU.Build.0 = Debug|Any CPU
		{06DA4596-90AE-4383-B800-EDD8145F71A7}.Release|Any CPU.ActiveCfg = Release|Any CPU
		{06DA4596-90AE-4383-B800-EDD8145F71A7}.Release|Any CPU.Build.0 = Release|Any CPU
		{DD6DC475-029A-4293-BE90-CF8E7AC0AE62}.Debug|Any CPU.ActiveCfg = Debug|Any CPU
		{DD6DC475-029A-4293-BE90-CF8E7AC0AE62}.Debug|Any CPU.Build.0 = Debug|Any CPU
		{DD6DC475-029A-4293-BE90-CF8E7AC0AE62}.Release|Any CPU.ActiveCfg = Release|Any CPU
		{DD6DC475-029A-4293-BE90-CF8E7AC0AE62}.Release|Any CPU.Build.0 = Release|Any CPU
		{09C8A8F0-F85A-4534-922E-85E14EC32725}.Debug|Any CPU.ActiveCfg = Debug|Any CPU
		{09C8A8F0-F85A-4534-922E-85E14EC32725}.Debug|Any CPU.Build.0 = Debug|Any CPU
		{09C8A8F0-F85A-4534-922E-85E14EC32725}.Release|Any CPU.ActiveCfg = Release|Any CPU
		{09C8A8F0-F85A-4534-922E-85E14EC32725}.Release|Any CPU.Build.0 = Release|Any CPU
	EndGlobalSection
	GlobalSection(SolutionProperties) = preSolution
		HideSolutionNode = FALSE
	EndGlobalSection
	GlobalSection(NestedProjects) = preSolution
		{3D463251-18D3-451B-B06C-C4D655DD8A37} = {02A7BAD0-CE7D-4541-A5C4-A5D8CF27D6EE}
		{10B956BE-068F-4FBB-9B1E-63C080B24019} = {02A7BAD0-CE7D-4541-A5C4-A5D8CF27D6EE}
		{3C2419E5-D232-4C6F-9821-D8A491459ED1} = {074E19F8-9EEF-458B-80D2-1B3E7BDD2515}
		{DD7E7128-3C23-4940-AE7B-6B3442534961} = {074E19F8-9EEF-458B-80D2-1B3E7BDD2515}
		{FC88505B-181C-4692-9147-90A7B05E038B} = {074E19F8-9EEF-458B-80D2-1B3E7BDD2515}
		{0CA693B6-3024-4B2F-81E3-BFA21194D37F} = {074E19F8-9EEF-458B-80D2-1B3E7BDD2515}
		{8FA92296-4F77-45CE-9B85-BCB37A7F2332} = {074E19F8-9EEF-458B-80D2-1B3E7BDD2515}
		{DC1FBE1D-13B6-4DD2-91E2-7FFE2F909CC5} = {074E19F8-9EEF-458B-80D2-1B3E7BDD2515}
		{41C35973-5725-4904-AB2E-14CAEDD4FCB7} = {074E19F8-9EEF-458B-80D2-1B3E7BDD2515}
		{6640AC88-DF6B-43A6-BEE3-A65B4396119B} = {074E19F8-9EEF-458B-80D2-1B3E7BDD2515}
		{5F5CD6B3-0137-4436-9AAA-17892DBE71D1} = {F256FA4C-7322-48C7-ADA5-1E7F1ABE7841}
		{CC9FB92A-C1D9-400A-BD9B-D814280A118E} = {074E19F8-9EEF-458B-80D2-1B3E7BDD2515}
		{06DA4596-90AE-4383-B800-EDD8145F71A7} = {F256FA4C-7322-48C7-ADA5-1E7F1ABE7841}
		{DD6DC475-029A-4293-BE90-CF8E7AC0AE62} = {39C6DC5A-D3BD-4BAB-923D-7559064CE3DB}
		{39C6DC5A-D3BD-4BAB-923D-7559064CE3DB} = {D2294312-7540-4910-8591-F877BCCB5D94}
		{09C8A8F0-F85A-4534-922E-85E14EC32725} = {39C6DC5A-D3BD-4BAB-923D-7559064CE3DB}
		{02A7BAD0-CE7D-4541-A5C4-A5D8CF27D6EE} = {54382C5D-A7DB-4B27-92FD-2CF4B531E4D9}
		{074E19F8-9EEF-458B-80D2-1B3E7BDD2515} = {54382C5D-A7DB-4B27-92FD-2CF4B531E4D9}
	EndGlobalSection
EndGlobal
