
Microsoft Visual Studio Solution File, Format Version 12.00
# Visual Studio 14
VisualStudioVersion = 14.0.24720.0
MinimumVisualStudioVersion = 10.0.40219.1
Project("{FAE04EC0-301F-11D3-BF4B-00C04F79EFBC}") = "sconnJTAG.Droid", "sconnJTAG\sconnJTAG.Droid\sconnJTAG.Droid.csproj", "{BCA32B7C-22C6-48ED-B8C6-F51C96480A7A}"
EndProject
Project("{FAE04EC0-301F-11D3-BF4B-00C04F79EFBC}") = "sconnJTAG.iOS", "sconnJTAG\sconnJTAG.iOS\sconnJTAG.iOS.csproj", "{9098342A-C94D-4780-8CCD-94AF0BDD0C86}"
EndProject
Project("{FAE04EC0-301F-11D3-BF4B-00C04F79EFBC}") = "sconnJTAG.UWP", "sconnJTAG\sconnJTAG.UWP\sconnJTAG.UWP.csproj", "{1517838F-55F9-4CDB-B69A-DF6E218C0969}"
EndProject
Project("{D954291E-2A0B-460D-934E-DC6B0785DB48}") = "sconnJTAG", "sconnJTAG\sconnJTAG\sconnJTAG.shproj", "{16D2952E-CC11-4EF3-89BA-74D171E9D07B}"
EndProject
Global
	GlobalSection(SharedMSBuildProjectFiles) = preSolution
		sconnJTAG\sconnJTAG\sconnJTAG.projitems*{1517838f-55f9-4cdb-b69a-df6e218c0969}*SharedItemsImports = 4
		sconnJTAG\sconnJTAG\sconnJTAG.projitems*{16d2952e-cc11-4ef3-89ba-74d171e9d07b}*SharedItemsImports = 13
		sconnJTAG\sconnJTAG\sconnJTAG.projitems*{9098342a-c94d-4780-8ccd-94af0bdd0c86}*SharedItemsImports = 4
		sconnJTAG\sconnJTAG\sconnJTAG.projitems*{bca32b7c-22c6-48ed-b8c6-f51c96480a7a}*SharedItemsImports = 4
	EndGlobalSection
	GlobalSection(SolutionConfigurationPlatforms) = preSolution
		Ad-Hoc|Any CPU = Ad-Hoc|Any CPU
		Ad-Hoc|ARM = Ad-Hoc|ARM
		Ad-Hoc|iPhone = Ad-Hoc|iPhone
		Ad-Hoc|iPhoneSimulator = Ad-Hoc|iPhoneSimulator
		Ad-Hoc|x64 = Ad-Hoc|x64
		Ad-Hoc|x86 = Ad-Hoc|x86
		AppStore|Any CPU = AppStore|Any CPU
		AppStore|ARM = AppStore|ARM
		AppStore|iPhone = AppStore|iPhone
		AppStore|iPhoneSimulator = AppStore|iPhoneSimulator
		AppStore|x64 = AppStore|x64
		AppStore|x86 = AppStore|x86
		Debug|Any CPU = Debug|Any CPU
		Debug|ARM = Debug|ARM
		Debug|iPhone = Debug|iPhone
		Debug|iPhoneSimulator = Debug|iPhoneSimulator
		Debug|x64 = Debug|x64
		Debug|x86 = Debug|x86
		Release|Any CPU = Release|Any CPU
		Release|ARM = Release|ARM
		Release|iPhone = Release|iPhone
		Release|iPhoneSimulator = Release|iPhoneSimulator
		Release|x64 = Release|x64
		Release|x86 = Release|x86
	EndGlobalSection
	GlobalSection(ProjectConfigurationPlatforms) = postSolution
		{BCA32B7C-22C6-48ED-B8C6-F51C96480A7A}.Ad-Hoc|Any CPU.ActiveCfg = Release|Any CPU
		{BCA32B7C-22C6-48ED-B8C6-F51C96480A7A}.Ad-Hoc|Any CPU.Build.0 = Release|Any CPU
		{BCA32B7C-22C6-48ED-B8C6-F51C96480A7A}.Ad-Hoc|Any CPU.Deploy.0 = Release|Any CPU
		{BCA32B7C-22C6-48ED-B8C6-F51C96480A7A}.Ad-Hoc|ARM.ActiveCfg = Release|Any CPU
		{BCA32B7C-22C6-48ED-B8C6-F51C96480A7A}.Ad-Hoc|ARM.Build.0 = Release|Any CPU
		{BCA32B7C-22C6-48ED-B8C6-F51C96480A7A}.Ad-Hoc|ARM.Deploy.0 = Release|Any CPU
		{BCA32B7C-22C6-48ED-B8C6-F51C96480A7A}.Ad-Hoc|iPhone.ActiveCfg = Release|Any CPU
		{BCA32B7C-22C6-48ED-B8C6-F51C96480A7A}.Ad-Hoc|iPhone.Build.0 = Release|Any CPU
		{BCA32B7C-22C6-48ED-B8C6-F51C96480A7A}.Ad-Hoc|iPhone.Deploy.0 = Release|Any CPU
		{BCA32B7C-22C6-48ED-B8C6-F51C96480A7A}.Ad-Hoc|iPhoneSimulator.ActiveCfg = Release|Any CPU
		{BCA32B7C-22C6-48ED-B8C6-F51C96480A7A}.Ad-Hoc|iPhoneSimulator.Build.0 = Release|Any CPU
		{BCA32B7C-22C6-48ED-B8C6-F51C96480A7A}.Ad-Hoc|iPhoneSimulator.Deploy.0 = Release|Any CPU
		{BCA32B7C-22C6-48ED-B8C6-F51C96480A7A}.Ad-Hoc|x64.ActiveCfg = Release|Any CPU
		{BCA32B7C-22C6-48ED-B8C6-F51C96480A7A}.Ad-Hoc|x64.Build.0 = Release|Any CPU
		{BCA32B7C-22C6-48ED-B8C6-F51C96480A7A}.Ad-Hoc|x64.Deploy.0 = Release|Any CPU
		{BCA32B7C-22C6-48ED-B8C6-F51C96480A7A}.Ad-Hoc|x86.ActiveCfg = Release|Any CPU
		{BCA32B7C-22C6-48ED-B8C6-F51C96480A7A}.Ad-Hoc|x86.Build.0 = Release|Any CPU
		{BCA32B7C-22C6-48ED-B8C6-F51C96480A7A}.Ad-Hoc|x86.Deploy.0 = Release|Any CPU
		{BCA32B7C-22C6-48ED-B8C6-F51C96480A7A}.AppStore|Any CPU.ActiveCfg = Release|Any CPU
		{BCA32B7C-22C6-48ED-B8C6-F51C96480A7A}.AppStore|Any CPU.Build.0 = Release|Any CPU
		{BCA32B7C-22C6-48ED-B8C6-F51C96480A7A}.AppStore|Any CPU.Deploy.0 = Release|Any CPU
		{BCA32B7C-22C6-48ED-B8C6-F51C96480A7A}.AppStore|ARM.ActiveCfg = Release|Any CPU
		{BCA32B7C-22C6-48ED-B8C6-F51C96480A7A}.AppStore|ARM.Build.0 = Release|Any CPU
		{BCA32B7C-22C6-48ED-B8C6-F51C96480A7A}.AppStore|ARM.Deploy.0 = Release|Any CPU
		{BCA32B7C-22C6-48ED-B8C6-F51C96480A7A}.AppStore|iPhone.ActiveCfg = Release|Any CPU
		{BCA32B7C-22C6-48ED-B8C6-F51C96480A7A}.AppStore|iPhone.Build.0 = Release|Any CPU
		{BCA32B7C-22C6-48ED-B8C6-F51C96480A7A}.AppStore|iPhone.Deploy.0 = Release|Any CPU
		{BCA32B7C-22C6-48ED-B8C6-F51C96480A7A}.AppStore|iPhoneSimulator.ActiveCfg = Release|Any CPU
		{BCA32B7C-22C6-48ED-B8C6-F51C96480A7A}.AppStore|iPhoneSimulator.Build.0 = Release|Any CPU
		{BCA32B7C-22C6-48ED-B8C6-F51C96480A7A}.AppStore|iPhoneSimulator.Deploy.0 = Release|Any CPU
		{BCA32B7C-22C6-48ED-B8C6-F51C96480A7A}.AppStore|x64.ActiveCfg = Release|Any CPU
		{BCA32B7C-22C6-48ED-B8C6-F51C96480A7A}.AppStore|x64.Build.0 = Release|Any CPU
		{BCA32B7C-22C6-48ED-B8C6-F51C96480A7A}.AppStore|x64.Deploy.0 = Release|Any CPU
		{BCA32B7C-22C6-48ED-B8C6-F51C96480A7A}.AppStore|x86.ActiveCfg = Release|Any CPU
		{BCA32B7C-22C6-48ED-B8C6-F51C96480A7A}.AppStore|x86.Build.0 = Release|Any CPU
		{BCA32B7C-22C6-48ED-B8C6-F51C96480A7A}.AppStore|x86.Deploy.0 = Release|Any CPU
		{BCA32B7C-22C6-48ED-B8C6-F51C96480A7A}.Debug|Any CPU.ActiveCfg = Debug|Any CPU
		{BCA32B7C-22C6-48ED-B8C6-F51C96480A7A}.Debug|Any CPU.Build.0 = Debug|Any CPU
		{BCA32B7C-22C6-48ED-B8C6-F51C96480A7A}.Debug|Any CPU.Deploy.0 = Debug|Any CPU
		{BCA32B7C-22C6-48ED-B8C6-F51C96480A7A}.Debug|ARM.ActiveCfg = Debug|Any CPU
		{BCA32B7C-22C6-48ED-B8C6-F51C96480A7A}.Debug|ARM.Build.0 = Debug|Any CPU
		{BCA32B7C-22C6-48ED-B8C6-F51C96480A7A}.Debug|ARM.Deploy.0 = Debug|Any CPU
		{BCA32B7C-22C6-48ED-B8C6-F51C96480A7A}.Debug|iPhone.ActiveCfg = Debug|Any CPU
		{BCA32B7C-22C6-48ED-B8C6-F51C96480A7A}.Debug|iPhone.Build.0 = Debug|Any CPU
		{BCA32B7C-22C6-48ED-B8C6-F51C96480A7A}.Debug|iPhone.Deploy.0 = Debug|Any CPU
		{BCA32B7C-22C6-48ED-B8C6-F51C96480A7A}.Debug|iPhoneSimulator.ActiveCfg = Debug|Any CPU
		{BCA32B7C-22C6-48ED-B8C6-F51C96480A7A}.Debug|iPhoneSimulator.Build.0 = Debug|Any CPU
		{BCA32B7C-22C6-48ED-B8C6-F51C96480A7A}.Debug|iPhoneSimulator.Deploy.0 = Debug|Any CPU
		{BCA32B7C-22C6-48ED-B8C6-F51C96480A7A}.Debug|x64.ActiveCfg = Debug|Any CPU
		{BCA32B7C-22C6-48ED-B8C6-F51C96480A7A}.Debug|x64.Build.0 = Debug|Any CPU
		{BCA32B7C-22C6-48ED-B8C6-F51C96480A7A}.Debug|x64.Deploy.0 = Debug|Any CPU
		{BCA32B7C-22C6-48ED-B8C6-F51C96480A7A}.Debug|x86.ActiveCfg = Debug|Any CPU
		{BCA32B7C-22C6-48ED-B8C6-F51C96480A7A}.Debug|x86.Build.0 = Debug|Any CPU
		{BCA32B7C-22C6-48ED-B8C6-F51C96480A7A}.Debug|x86.Deploy.0 = Debug|Any CPU
		{BCA32B7C-22C6-48ED-B8C6-F51C96480A7A}.Release|Any CPU.ActiveCfg = Release|Any CPU
		{BCA32B7C-22C6-48ED-B8C6-F51C96480A7A}.Release|Any CPU.Build.0 = Release|Any CPU
		{BCA32B7C-22C6-48ED-B8C6-F51C96480A7A}.Release|Any CPU.Deploy.0 = Release|Any CPU
		{BCA32B7C-22C6-48ED-B8C6-F51C96480A7A}.Release|ARM.ActiveCfg = Release|Any CPU
		{BCA32B7C-22C6-48ED-B8C6-F51C96480A7A}.Release|ARM.Build.0 = Release|Any CPU
		{BCA32B7C-22C6-48ED-B8C6-F51C96480A7A}.Release|ARM.Deploy.0 = Release|Any CPU
		{BCA32B7C-22C6-48ED-B8C6-F51C96480A7A}.Release|iPhone.ActiveCfg = Release|Any CPU
		{BCA32B7C-22C6-48ED-B8C6-F51C96480A7A}.Release|iPhone.Build.0 = Release|Any CPU
		{BCA32B7C-22C6-48ED-B8C6-F51C96480A7A}.Release|iPhone.Deploy.0 = Release|Any CPU
		{BCA32B7C-22C6-48ED-B8C6-F51C96480A7A}.Release|iPhoneSimulator.ActiveCfg = Release|Any CPU
		{BCA32B7C-22C6-48ED-B8C6-F51C96480A7A}.Release|iPhoneSimulator.Build.0 = Release|Any CPU
		{BCA32B7C-22C6-48ED-B8C6-F51C96480A7A}.Release|iPhoneSimulator.Deploy.0 = Release|Any CPU
		{BCA32B7C-22C6-48ED-B8C6-F51C96480A7A}.Release|x64.ActiveCfg = Release|Any CPU
		{BCA32B7C-22C6-48ED-B8C6-F51C96480A7A}.Release|x64.Build.0 = Release|Any CPU
		{BCA32B7C-22C6-48ED-B8C6-F51C96480A7A}.Release|x64.Deploy.0 = Release|Any CPU
		{BCA32B7C-22C6-48ED-B8C6-F51C96480A7A}.Release|x86.ActiveCfg = Release|Any CPU
		{BCA32B7C-22C6-48ED-B8C6-F51C96480A7A}.Release|x86.Build.0 = Release|Any CPU
		{BCA32B7C-22C6-48ED-B8C6-F51C96480A7A}.Release|x86.Deploy.0 = Release|Any CPU
		{9098342A-C94D-4780-8CCD-94AF0BDD0C86}.Ad-Hoc|Any CPU.ActiveCfg = Ad-Hoc|iPhone
		{9098342A-C94D-4780-8CCD-94AF0BDD0C86}.Ad-Hoc|ARM.ActiveCfg = Ad-Hoc|iPhone
		{9098342A-C94D-4780-8CCD-94AF0BDD0C86}.Ad-Hoc|iPhone.ActiveCfg = Ad-Hoc|iPhone
		{9098342A-C94D-4780-8CCD-94AF0BDD0C86}.Ad-Hoc|iPhone.Build.0 = Ad-Hoc|iPhone
		{9098342A-C94D-4780-8CCD-94AF0BDD0C86}.Ad-Hoc|iPhoneSimulator.ActiveCfg = Ad-Hoc|iPhoneSimulator
		{9098342A-C94D-4780-8CCD-94AF0BDD0C86}.Ad-Hoc|iPhoneSimulator.Build.0 = Ad-Hoc|iPhoneSimulator
		{9098342A-C94D-4780-8CCD-94AF0BDD0C86}.Ad-Hoc|x64.ActiveCfg = Ad-Hoc|iPhone
		{9098342A-C94D-4780-8CCD-94AF0BDD0C86}.Ad-Hoc|x86.ActiveCfg = Ad-Hoc|iPhone
		{9098342A-C94D-4780-8CCD-94AF0BDD0C86}.AppStore|Any CPU.ActiveCfg = AppStore|iPhone
		{9098342A-C94D-4780-8CCD-94AF0BDD0C86}.AppStore|ARM.ActiveCfg = AppStore|iPhone
		{9098342A-C94D-4780-8CCD-94AF0BDD0C86}.AppStore|iPhone.ActiveCfg = AppStore|iPhone
		{9098342A-C94D-4780-8CCD-94AF0BDD0C86}.AppStore|iPhone.Build.0 = AppStore|iPhone
		{9098342A-C94D-4780-8CCD-94AF0BDD0C86}.AppStore|iPhoneSimulator.ActiveCfg = AppStore|iPhoneSimulator
		{9098342A-C94D-4780-8CCD-94AF0BDD0C86}.AppStore|iPhoneSimulator.Build.0 = AppStore|iPhoneSimulator
		{9098342A-C94D-4780-8CCD-94AF0BDD0C86}.AppStore|x64.ActiveCfg = AppStore|iPhone
		{9098342A-C94D-4780-8CCD-94AF0BDD0C86}.AppStore|x86.ActiveCfg = AppStore|iPhone
		{9098342A-C94D-4780-8CCD-94AF0BDD0C86}.Debug|Any CPU.ActiveCfg = Debug|iPhone
		{9098342A-C94D-4780-8CCD-94AF0BDD0C86}.Debug|Any CPU.Build.0 = Debug|iPhone
		{9098342A-C94D-4780-8CCD-94AF0BDD0C86}.Debug|ARM.ActiveCfg = Debug|iPhone
		{9098342A-C94D-4780-8CCD-94AF0BDD0C86}.Debug|iPhone.ActiveCfg = Debug|iPhone
		{9098342A-C94D-4780-8CCD-94AF0BDD0C86}.Debug|iPhone.Build.0 = Debug|iPhone
		{9098342A-C94D-4780-8CCD-94AF0BDD0C86}.Debug|iPhoneSimulator.ActiveCfg = Debug|iPhoneSimulator
		{9098342A-C94D-4780-8CCD-94AF0BDD0C86}.Debug|iPhoneSimulator.Build.0 = Debug|iPhoneSimulator
		{9098342A-C94D-4780-8CCD-94AF0BDD0C86}.Debug|x64.ActiveCfg = Debug|iPhone
		{9098342A-C94D-4780-8CCD-94AF0BDD0C86}.Debug|x86.ActiveCfg = Debug|iPhone
		{9098342A-C94D-4780-8CCD-94AF0BDD0C86}.Release|Any CPU.ActiveCfg = Release|iPhone
		{9098342A-C94D-4780-8CCD-94AF0BDD0C86}.Release|ARM.ActiveCfg = Release|iPhone
		{9098342A-C94D-4780-8CCD-94AF0BDD0C86}.Release|iPhone.ActiveCfg = Release|iPhone
		{9098342A-C94D-4780-8CCD-94AF0BDD0C86}.Release|iPhone.Build.0 = Release|iPhone
		{9098342A-C94D-4780-8CCD-94AF0BDD0C86}.Release|iPhoneSimulator.ActiveCfg = Release|iPhoneSimulator
		{9098342A-C94D-4780-8CCD-94AF0BDD0C86}.Release|iPhoneSimulator.Build.0 = Release|iPhoneSimulator
		{9098342A-C94D-4780-8CCD-94AF0BDD0C86}.Release|x64.ActiveCfg = Release|iPhone
		{9098342A-C94D-4780-8CCD-94AF0BDD0C86}.Release|x86.ActiveCfg = Release|iPhone
		{1517838F-55F9-4CDB-B69A-DF6E218C0969}.Ad-Hoc|Any CPU.ActiveCfg = Release|x86
		{1517838F-55F9-4CDB-B69A-DF6E218C0969}.Ad-Hoc|Any CPU.Build.0 = Release|x86
		{1517838F-55F9-4CDB-B69A-DF6E218C0969}.Ad-Hoc|Any CPU.Deploy.0 = Release|x86
		{1517838F-55F9-4CDB-B69A-DF6E218C0969}.Ad-Hoc|ARM.ActiveCfg = Release|ARM
		{1517838F-55F9-4CDB-B69A-DF6E218C0969}.Ad-Hoc|ARM.Build.0 = Release|ARM
		{1517838F-55F9-4CDB-B69A-DF6E218C0969}.Ad-Hoc|ARM.Deploy.0 = Release|ARM
		{1517838F-55F9-4CDB-B69A-DF6E218C0969}.Ad-Hoc|iPhone.ActiveCfg = Release|x86
		{1517838F-55F9-4CDB-B69A-DF6E218C0969}.Ad-Hoc|iPhone.Build.0 = Release|x86
		{1517838F-55F9-4CDB-B69A-DF6E218C0969}.Ad-Hoc|iPhone.Deploy.0 = Release|x86
		{1517838F-55F9-4CDB-B69A-DF6E218C0969}.Ad-Hoc|iPhoneSimulator.ActiveCfg = Release|x86
		{1517838F-55F9-4CDB-B69A-DF6E218C0969}.Ad-Hoc|iPhoneSimulator.Build.0 = Release|x86
		{1517838F-55F9-4CDB-B69A-DF6E218C0969}.Ad-Hoc|iPhoneSimulator.Deploy.0 = Release|x86
		{1517838F-55F9-4CDB-B69A-DF6E218C0969}.Ad-Hoc|x64.ActiveCfg = Release|x64
		{1517838F-55F9-4CDB-B69A-DF6E218C0969}.Ad-Hoc|x64.Build.0 = Release|x64
		{1517838F-55F9-4CDB-B69A-DF6E218C0969}.Ad-Hoc|x64.Deploy.0 = Release|x64
		{1517838F-55F9-4CDB-B69A-DF6E218C0969}.Ad-Hoc|x86.ActiveCfg = Release|x86
		{1517838F-55F9-4CDB-B69A-DF6E218C0969}.Ad-Hoc|x86.Build.0 = Release|x86
		{1517838F-55F9-4CDB-B69A-DF6E218C0969}.Ad-Hoc|x86.Deploy.0 = Release|x86
		{1517838F-55F9-4CDB-B69A-DF6E218C0969}.AppStore|Any CPU.ActiveCfg = Release|x86
		{1517838F-55F9-4CDB-B69A-DF6E218C0969}.AppStore|Any CPU.Build.0 = Release|x86
		{1517838F-55F9-4CDB-B69A-DF6E218C0969}.AppStore|Any CPU.Deploy.0 = Release|x86
		{1517838F-55F9-4CDB-B69A-DF6E218C0969}.AppStore|ARM.ActiveCfg = Release|ARM
		{1517838F-55F9-4CDB-B69A-DF6E218C0969}.AppStore|ARM.Build.0 = Release|ARM
		{1517838F-55F9-4CDB-B69A-DF6E218C0969}.AppStore|ARM.Deploy.0 = Release|ARM
		{1517838F-55F9-4CDB-B69A-DF6E218C0969}.AppStore|iPhone.ActiveCfg = Release|x86
		{1517838F-55F9-4CDB-B69A-DF6E218C0969}.AppStore|iPhone.Build.0 = Release|x86
		{1517838F-55F9-4CDB-B69A-DF6E218C0969}.AppStore|iPhone.Deploy.0 = Release|x86
		{1517838F-55F9-4CDB-B69A-DF6E218C0969}.AppStore|iPhoneSimulator.ActiveCfg = Release|x86
		{1517838F-55F9-4CDB-B69A-DF6E218C0969}.AppStore|iPhoneSimulator.Build.0 = Release|x86
		{1517838F-55F9-4CDB-B69A-DF6E218C0969}.AppStore|iPhoneSimulator.Deploy.0 = Release|x86
		{1517838F-55F9-4CDB-B69A-DF6E218C0969}.AppStore|x64.ActiveCfg = Release|x64
		{1517838F-55F9-4CDB-B69A-DF6E218C0969}.AppStore|x64.Build.0 = Release|x64
		{1517838F-55F9-4CDB-B69A-DF6E218C0969}.AppStore|x64.Deploy.0 = Release|x64
		{1517838F-55F9-4CDB-B69A-DF6E218C0969}.AppStore|x86.ActiveCfg = Release|x86
		{1517838F-55F9-4CDB-B69A-DF6E218C0969}.AppStore|x86.Build.0 = Release|x86
		{1517838F-55F9-4CDB-B69A-DF6E218C0969}.AppStore|x86.Deploy.0 = Release|x86
		{1517838F-55F9-4CDB-B69A-DF6E218C0969}.Debug|Any CPU.ActiveCfg = Debug|x86
		{1517838F-55F9-4CDB-B69A-DF6E218C0969}.Debug|Any CPU.Build.0 = Debug|x86
		{1517838F-55F9-4CDB-B69A-DF6E218C0969}.Debug|Any CPU.Deploy.0 = Debug|x86
		{1517838F-55F9-4CDB-B69A-DF6E218C0969}.Debug|ARM.ActiveCfg = Debug|ARM
		{1517838F-55F9-4CDB-B69A-DF6E218C0969}.Debug|ARM.Build.0 = Debug|ARM
		{1517838F-55F9-4CDB-B69A-DF6E218C0969}.Debug|ARM.Deploy.0 = Debug|ARM
		{1517838F-55F9-4CDB-B69A-DF6E218C0969}.Debug|iPhone.ActiveCfg = Debug|x86
		{1517838F-55F9-4CDB-B69A-DF6E218C0969}.Debug|iPhoneSimulator.ActiveCfg = Debug|x86
		{1517838F-55F9-4CDB-B69A-DF6E218C0969}.Debug|x64.ActiveCfg = Debug|x64
		{1517838F-55F9-4CDB-B69A-DF6E218C0969}.Debug|x64.Build.0 = Debug|x64
		{1517838F-55F9-4CDB-B69A-DF6E218C0969}.Debug|x64.Deploy.0 = Debug|x64
		{1517838F-55F9-4CDB-B69A-DF6E218C0969}.Debug|x86.ActiveCfg = Debug|x86
		{1517838F-55F9-4CDB-B69A-DF6E218C0969}.Debug|x86.Build.0 = Debug|x86
		{1517838F-55F9-4CDB-B69A-DF6E218C0969}.Debug|x86.Deploy.0 = Debug|x86
		{1517838F-55F9-4CDB-B69A-DF6E218C0969}.Release|Any CPU.ActiveCfg = Release|x86
		{1517838F-55F9-4CDB-B69A-DF6E218C0969}.Release|ARM.ActiveCfg = Release|ARM
		{1517838F-55F9-4CDB-B69A-DF6E218C0969}.Release|ARM.Build.0 = Release|ARM
		{1517838F-55F9-4CDB-B69A-DF6E218C0969}.Release|ARM.Deploy.0 = Release|ARM
		{1517838F-55F9-4CDB-B69A-DF6E218C0969}.Release|iPhone.ActiveCfg = Release|x86
		{1517838F-55F9-4CDB-B69A-DF6E218C0969}.Release|iPhoneSimulator.ActiveCfg = Release|x86
		{1517838F-55F9-4CDB-B69A-DF6E218C0969}.Release|x64.ActiveCfg = Release|x64
		{1517838F-55F9-4CDB-B69A-DF6E218C0969}.Release|x64.Build.0 = Release|x64
		{1517838F-55F9-4CDB-B69A-DF6E218C0969}.Release|x64.Deploy.0 = Release|x64
		{1517838F-55F9-4CDB-B69A-DF6E218C0969}.Release|x86.ActiveCfg = Release|x86
		{1517838F-55F9-4CDB-B69A-DF6E218C0969}.Release|x86.Build.0 = Release|x86
		{1517838F-55F9-4CDB-B69A-DF6E218C0969}.Release|x86.Deploy.0 = Release|x86
	EndGlobalSection
	GlobalSection(SolutionProperties) = preSolution
		HideSolutionNode = FALSE
	EndGlobalSection
EndGlobal
