
Microsoft Visual Studio Solution File, Format Version 12.00
# Visual Studio 14
VisualStudioVersion = 14.0.25123.0
MinimumVisualStudioVersion = 10.0.40219.1
Project("{2150E333-8FDC-42A3-9474-1A3956D46DE8}") = "External", "External", "{2838E3FE-E3B4-4E67-A1E1-09BE1878BE69}"
EndProject
Project("{2150E333-8FDC-42A3-9474-1A3956D46DE8}") = "Data", "Data", "{C8B200A2-740D-441D-BB04-94B6D3ECCB6C}"
EndProject
Project("{2150E333-8FDC-42A3-9474-1A3956D46DE8}") = "Service", "Service", "{5E14006E-08F5-443A-8EED-B859F3BBA19E}"
EndProject
Project("{2150E333-8FDC-42A3-9474-1A3956D46DE8}") = "sconnRemote", "sconnRemote", "{E82AD51C-682E-4DC3-8B15-E5EA518C4538}"
EndProject
Project("{2150E333-8FDC-42A3-9474-1A3956D46DE8}") = "Tests", "Tests", "{02192E5F-132C-4B1A-94C7-5520B94934DD}"
EndProject
Project("{FAE04EC0-301F-11D3-BF4B-00C04F79EFBC}") = "sconnConnector", "..\sconnData\sconnConnector\sconnConnector.csproj", "{09C8A8F0-F85A-4534-922E-85E14EC32725}"
EndProject
Project("{FAE04EC0-301F-11D3-BF4B-00C04F79EFBC}") = "AlarmSystemManagmentService", "..\sconnService\AlarmSystemManagmentService\AlarmSystemManagmentService.csproj", "{3D463251-18D3-451B-B06C-C4D655DD8A37}"
EndProject
Project("{2150E333-8FDC-42A3-9474-1A3956D46DE8}") = "Infrastracture", "Infrastracture", "{7F6DF321-BD94-4280-AFF1-1550AB83C56D}"
EndProject
Project("{2150E333-8FDC-42A3-9474-1A3956D46DE8}") = "Presentation", "Presentation", "{876B7CF7-FE32-48B8-BE45-9B1D5187A44D}"
EndProject
Project("{FAE04EC0-301F-11D3-BF4B-00C04F79EFBC}") = "sconnPrismGenerics", "Infrastrcture\sconnPrismGenerics\sconnPrismGenerics.csproj", "{9C17810C-EFC7-4806-8414-6868DEABBCA0}"
EndProject
Project("{FAE04EC0-301F-11D3-BF4B-00C04F79EFBC}") = "sconnPrismSharedContext", "Infrastrcture\sconnPrismSharedContext\sconnPrismSharedContext.csproj", "{541885AD-53C0-41C4-B98F-C97815C5F168}"
EndProject
Project("{FAE04EC0-301F-11D3-BF4B-00C04F79EFBC}") = "sconnRem.Infrastructure", "Infrastrcture\sconnRem.Infrastructure\sconnRem.Infrastructure.csproj", "{E5740F97-E6A7-4010-B267-79D3AA2F7F48}"
EndProject
Project("{FAE04EC0-301F-11D3-BF4B-00C04F79EFBC}") = "sconnRem.Navigation", "Infrastrcture\sconnRem.Navigation\sconnRem.Navigation.csproj", "{7A5FAD15-614C-4D5D-9DAA-4BC9628D479C}"
EndProject
Project("{FAE04EC0-301F-11D3-BF4B-00C04F79EFBC}") = "sconnRem.Controls.AlarmSystem", "Presentation\sconnRem.Controls.AlarmSystem\sconnRem.Controls.AlarmSystem.csproj", "{C567FE8B-3834-4AD8-AAD4-71BDD36DDED6}"
EndProject
Project("{FAE04EC0-301F-11D3-BF4B-00C04F79EFBC}") = "sconnRem.Controls.Navigation", "Presentation\sconnRem.Controls.Navigation\sconnRem.Controls.Navigation.csproj", "{97A1614E-9A15-4676-A3E9-9C8182C5B3E4}"
EndProject
Project("{FAE04EC0-301F-11D3-BF4B-00C04F79EFBC}") = "sconnRem.Controls.Status", "Presentation\sconnRem.Controls.Status\sconnRem.Controls.Status.csproj", "{FBEC1121-BBA2-41A9-AA91-64CD67DE68FF}"
EndProject
Project("{FAE04EC0-301F-11D3-BF4B-00C04F79EFBC}") = "sconnRem.Shells", "Presentation\sconnRem.Shells\sconnRem.Shells.csproj", "{687F4D7B-3759-45D4-A8EC-1CB6BC0A8CC3}"
EndProject
Project("{FAE04EC0-301F-11D3-BF4B-00C04F79EFBC}") = "sconnRem.Wnd", "Presentation\sconnRem.Wnd\sconnRem.Wnd.csproj", "{0CF1D718-3A84-4D98-A9DD-3DE29B2CCC45}"
EndProject
Project("{2150E333-8FDC-42A3-9474-1A3956D46DE8}") = "App", "App", "{B8D7C0FC-EEC6-4191-BA18-B8571FBA1FF5}"
EndProject
Project("{FAE04EC0-301F-11D3-BF4B-00C04F79EFBC}") = "sconnRem", "sconnRem\sconnRem.csproj", "{9F7BCC3B-DC29-4BFE-8152-F74E1ED1F687}"
EndProject
Project("{FAE04EC0-301F-11D3-BF4B-00C04F79EFBC}") = "sconnRem.Controls.SiteManagment", "Presentation\sconnRem.Controls.SiteManagment\sconnRem.Controls.SiteManagment.csproj", "{DCA2D971-C53D-4B07-8D06-8F2382549525}"
EndProject
Project("{FAE04EC0-301F-11D3-BF4B-00C04F79EFBC}") = "sconnRem.Controls.Placeholder", "sconnRem.Controls.Placeholder\sconnRem.Controls.Placeholder.csproj", "{E883B1B0-8820-4731-B190-4E96E72F3C8D}"
EndProject
Project("{FAE04EC0-301F-11D3-BF4B-00C04F79EFBC}") = "sconnNetworkingServices", "sconnNetworkingServices\sconnNetworkingServices.csproj", "{57036DE8-EA6A-42E1-983D-23F71F87C34C}"
EndProject
Project("{FAE04EC0-301F-11D3-BF4B-00C04F79EFBC}") = "SiteManagmentService", "SiteManagmentService\SiteManagmentService.csproj", "{19D29BA0-EE9F-4C6C-9B34-57C9B39E1BCB}"
EndProject
Project("{FAE04EC0-301F-11D3-BF4B-00C04F79EFBC}") = "sconnRem.IPC", "sconnRem.IPC\sconnRem.IPC.csproj", "{AD975EAE-1975-4E9D-A536-ED0177A6BB2F}"
EndProject
Global
	GlobalSection(SolutionConfigurationPlatforms) = preSolution
		Ad-Hoc|Any CPU = Ad-Hoc|Any CPU
		Ad-Hoc|iPhone = Ad-Hoc|iPhone
		Ad-Hoc|iPhoneSimulator = Ad-Hoc|iPhoneSimulator
		AppStore|Any CPU = AppStore|Any CPU
		AppStore|iPhone = AppStore|iPhone
		AppStore|iPhoneSimulator = AppStore|iPhoneSimulator
		Debug|Any CPU = Debug|Any CPU
		Debug|iPhone = Debug|iPhone
		Debug|iPhoneSimulator = Debug|iPhoneSimulator
		Release|Any CPU = Release|Any CPU
		Release|iPhone = Release|iPhone
		Release|iPhoneSimulator = Release|iPhoneSimulator
	EndGlobalSection
	GlobalSection(ProjectConfigurationPlatforms) = postSolution
		{09C8A8F0-F85A-4534-922E-85E14EC32725}.Ad-Hoc|Any CPU.ActiveCfg = Release|Any CPU
		{09C8A8F0-F85A-4534-922E-85E14EC32725}.Ad-Hoc|Any CPU.Build.0 = Release|Any CPU
		{09C8A8F0-F85A-4534-922E-85E14EC32725}.Ad-Hoc|iPhone.ActiveCfg = Release|Any CPU
		{09C8A8F0-F85A-4534-922E-85E14EC32725}.Ad-Hoc|iPhone.Build.0 = Release|Any CPU
		{09C8A8F0-F85A-4534-922E-85E14EC32725}.Ad-Hoc|iPhoneSimulator.ActiveCfg = Release|Any CPU
		{09C8A8F0-F85A-4534-922E-85E14EC32725}.Ad-Hoc|iPhoneSimulator.Build.0 = Release|Any CPU
		{09C8A8F0-F85A-4534-922E-85E14EC32725}.AppStore|Any CPU.ActiveCfg = Release|Any CPU
		{09C8A8F0-F85A-4534-922E-85E14EC32725}.AppStore|Any CPU.Build.0 = Release|Any CPU
		{09C8A8F0-F85A-4534-922E-85E14EC32725}.AppStore|iPhone.ActiveCfg = Release|Any CPU
		{09C8A8F0-F85A-4534-922E-85E14EC32725}.AppStore|iPhone.Build.0 = Release|Any CPU
		{09C8A8F0-F85A-4534-922E-85E14EC32725}.AppStore|iPhoneSimulator.ActiveCfg = Release|Any CPU
		{09C8A8F0-F85A-4534-922E-85E14EC32725}.AppStore|iPhoneSimulator.Build.0 = Release|Any CPU
		{09C8A8F0-F85A-4534-922E-85E14EC32725}.Debug|Any CPU.ActiveCfg = Debug|Any CPU
		{09C8A8F0-F85A-4534-922E-85E14EC32725}.Debug|Any CPU.Build.0 = Debug|Any CPU
		{09C8A8F0-F85A-4534-922E-85E14EC32725}.Debug|iPhone.ActiveCfg = Debug|Any CPU
		{09C8A8F0-F85A-4534-922E-85E14EC32725}.Debug|iPhone.Build.0 = Debug|Any CPU
		{09C8A8F0-F85A-4534-922E-85E14EC32725}.Debug|iPhoneSimulator.ActiveCfg = Debug|Any CPU
		{09C8A8F0-F85A-4534-922E-85E14EC32725}.Debug|iPhoneSimulator.Build.0 = Debug|Any CPU
		{09C8A8F0-F85A-4534-922E-85E14EC32725}.Release|Any CPU.ActiveCfg = Release|Any CPU
		{09C8A8F0-F85A-4534-922E-85E14EC32725}.Release|Any CPU.Build.0 = Release|Any CPU
		{09C8A8F0-F85A-4534-922E-85E14EC32725}.Release|iPhone.ActiveCfg = Release|Any CPU
		{09C8A8F0-F85A-4534-922E-85E14EC32725}.Release|iPhone.Build.0 = Release|Any CPU
		{09C8A8F0-F85A-4534-922E-85E14EC32725}.Release|iPhoneSimulator.ActiveCfg = Release|Any CPU
		{09C8A8F0-F85A-4534-922E-85E14EC32725}.Release|iPhoneSimulator.Build.0 = Release|Any CPU
		{3D463251-18D3-451B-B06C-C4D655DD8A37}.Ad-Hoc|Any CPU.ActiveCfg = Release|Any CPU
		{3D463251-18D3-451B-B06C-C4D655DD8A37}.Ad-Hoc|Any CPU.Build.0 = Release|Any CPU
		{3D463251-18D3-451B-B06C-C4D655DD8A37}.Ad-Hoc|iPhone.ActiveCfg = Release|Any CPU
		{3D463251-18D3-451B-B06C-C4D655DD8A37}.Ad-Hoc|iPhone.Build.0 = Release|Any CPU
		{3D463251-18D3-451B-B06C-C4D655DD8A37}.Ad-Hoc|iPhoneSimulator.ActiveCfg = Release|Any CPU
		{3D463251-18D3-451B-B06C-C4D655DD8A37}.Ad-Hoc|iPhoneSimulator.Build.0 = Release|Any CPU
		{3D463251-18D3-451B-B06C-C4D655DD8A37}.AppStore|Any CPU.ActiveCfg = Release|Any CPU
		{3D463251-18D3-451B-B06C-C4D655DD8A37}.AppStore|Any CPU.Build.0 = Release|Any CPU
		{3D463251-18D3-451B-B06C-C4D655DD8A37}.AppStore|iPhone.ActiveCfg = Release|Any CPU
		{3D463251-18D3-451B-B06C-C4D655DD8A37}.AppStore|iPhone.Build.0 = Release|Any CPU
		{3D463251-18D3-451B-B06C-C4D655DD8A37}.AppStore|iPhoneSimulator.ActiveCfg = Release|Any CPU
		{3D463251-18D3-451B-B06C-C4D655DD8A37}.AppStore|iPhoneSimulator.Build.0 = Release|Any CPU
		{3D463251-18D3-451B-B06C-C4D655DD8A37}.Debug|Any CPU.ActiveCfg = Debug|Any CPU
		{3D463251-18D3-451B-B06C-C4D655DD8A37}.Debug|Any CPU.Build.0 = Debug|Any CPU
		{3D463251-18D3-451B-B06C-C4D655DD8A37}.Debug|iPhone.ActiveCfg = Debug|Any CPU
		{3D463251-18D3-451B-B06C-C4D655DD8A37}.Debug|iPhone.Build.0 = Debug|Any CPU
		{3D463251-18D3-451B-B06C-C4D655DD8A37}.Debug|iPhoneSimulator.ActiveCfg = Debug|Any CPU
		{3D463251-18D3-451B-B06C-C4D655DD8A37}.Debug|iPhoneSimulator.Build.0 = Debug|Any CPU
		{3D463251-18D3-451B-B06C-C4D655DD8A37}.Release|Any CPU.ActiveCfg = Release|Any CPU
		{3D463251-18D3-451B-B06C-C4D655DD8A37}.Release|Any CPU.Build.0 = Release|Any CPU
		{3D463251-18D3-451B-B06C-C4D655DD8A37}.Release|iPhone.ActiveCfg = Release|Any CPU
		{3D463251-18D3-451B-B06C-C4D655DD8A37}.Release|iPhone.Build.0 = Release|Any CPU
		{3D463251-18D3-451B-B06C-C4D655DD8A37}.Release|iPhoneSimulator.ActiveCfg = Release|Any CPU
		{3D463251-18D3-451B-B06C-C4D655DD8A37}.Release|iPhoneSimulator.Build.0 = Release|Any CPU
		{9C17810C-EFC7-4806-8414-6868DEABBCA0}.Ad-Hoc|Any CPU.ActiveCfg = Release|Any CPU
		{9C17810C-EFC7-4806-8414-6868DEABBCA0}.Ad-Hoc|Any CPU.Build.0 = Release|Any CPU
		{9C17810C-EFC7-4806-8414-6868DEABBCA0}.Ad-Hoc|iPhone.ActiveCfg = Release|Any CPU
		{9C17810C-EFC7-4806-8414-6868DEABBCA0}.Ad-Hoc|iPhone.Build.0 = Release|Any CPU
		{9C17810C-EFC7-4806-8414-6868DEABBCA0}.Ad-Hoc|iPhoneSimulator.ActiveCfg = Release|Any CPU
		{9C17810C-EFC7-4806-8414-6868DEABBCA0}.Ad-Hoc|iPhoneSimulator.Build.0 = Release|Any CPU
		{9C17810C-EFC7-4806-8414-6868DEABBCA0}.AppStore|Any CPU.ActiveCfg = Release|Any CPU
		{9C17810C-EFC7-4806-8414-6868DEABBCA0}.AppStore|Any CPU.Build.0 = Release|Any CPU
		{9C17810C-EFC7-4806-8414-6868DEABBCA0}.AppStore|iPhone.ActiveCfg = Release|Any CPU
		{9C17810C-EFC7-4806-8414-6868DEABBCA0}.AppStore|iPhone.Build.0 = Release|Any CPU
		{9C17810C-EFC7-4806-8414-6868DEABBCA0}.AppStore|iPhoneSimulator.ActiveCfg = Release|Any CPU
		{9C17810C-EFC7-4806-8414-6868DEABBCA0}.AppStore|iPhoneSimulator.Build.0 = Release|Any CPU
		{9C17810C-EFC7-4806-8414-6868DEABBCA0}.Debug|Any CPU.ActiveCfg = Debug|Any CPU
		{9C17810C-EFC7-4806-8414-6868DEABBCA0}.Debug|Any CPU.Build.0 = Debug|Any CPU
		{9C17810C-EFC7-4806-8414-6868DEABBCA0}.Debug|iPhone.ActiveCfg = Debug|Any CPU
		{9C17810C-EFC7-4806-8414-6868DEABBCA0}.Debug|iPhone.Build.0 = Debug|Any CPU
		{9C17810C-EFC7-4806-8414-6868DEABBCA0}.Debug|iPhoneSimulator.ActiveCfg = Debug|Any CPU
		{9C17810C-EFC7-4806-8414-6868DEABBCA0}.Debug|iPhoneSimulator.Build.0 = Debug|Any CPU
		{9C17810C-EFC7-4806-8414-6868DEABBCA0}.Release|Any CPU.ActiveCfg = Release|Any CPU
		{9C17810C-EFC7-4806-8414-6868DEABBCA0}.Release|Any CPU.Build.0 = Release|Any CPU
		{9C17810C-EFC7-4806-8414-6868DEABBCA0}.Release|iPhone.ActiveCfg = Release|Any CPU
		{9C17810C-EFC7-4806-8414-6868DEABBCA0}.Release|iPhone.Build.0 = Release|Any CPU
		{9C17810C-EFC7-4806-8414-6868DEABBCA0}.Release|iPhoneSimulator.ActiveCfg = Release|Any CPU
		{9C17810C-EFC7-4806-8414-6868DEABBCA0}.Release|iPhoneSimulator.Build.0 = Release|Any CPU
		{541885AD-53C0-41C4-B98F-C97815C5F168}.Ad-Hoc|Any CPU.ActiveCfg = Release|Any CPU
		{541885AD-53C0-41C4-B98F-C97815C5F168}.Ad-Hoc|Any CPU.Build.0 = Release|Any CPU
		{541885AD-53C0-41C4-B98F-C97815C5F168}.Ad-Hoc|iPhone.ActiveCfg = Release|Any CPU
		{541885AD-53C0-41C4-B98F-C97815C5F168}.Ad-Hoc|iPhone.Build.0 = Release|Any CPU
		{541885AD-53C0-41C4-B98F-C97815C5F168}.Ad-Hoc|iPhoneSimulator.ActiveCfg = Release|Any CPU
		{541885AD-53C0-41C4-B98F-C97815C5F168}.Ad-Hoc|iPhoneSimulator.Build.0 = Release|Any CPU
		{541885AD-53C0-41C4-B98F-C97815C5F168}.AppStore|Any CPU.ActiveCfg = Release|Any CPU
		{541885AD-53C0-41C4-B98F-C97815C5F168}.AppStore|Any CPU.Build.0 = Release|Any CPU
		{541885AD-53C0-41C4-B98F-C97815C5F168}.AppStore|iPhone.ActiveCfg = Release|Any CPU
		{541885AD-53C0-41C4-B98F-C97815C5F168}.AppStore|iPhone.Build.0 = Release|Any CPU
		{541885AD-53C0-41C4-B98F-C97815C5F168}.AppStore|iPhoneSimulator.ActiveCfg = Release|Any CPU
		{541885AD-53C0-41C4-B98F-C97815C5F168}.AppStore|iPhoneSimulator.Build.0 = Release|Any CPU
		{541885AD-53C0-41C4-B98F-C97815C5F168}.Debug|Any CPU.ActiveCfg = Debug|Any CPU
		{541885AD-53C0-41C4-B98F-C97815C5F168}.Debug|Any CPU.Build.0 = Debug|Any CPU
		{541885AD-53C0-41C4-B98F-C97815C5F168}.Debug|iPhone.ActiveCfg = Debug|Any CPU
		{541885AD-53C0-41C4-B98F-C97815C5F168}.Debug|iPhone.Build.0 = Debug|Any CPU
		{541885AD-53C0-41C4-B98F-C97815C5F168}.Debug|iPhoneSimulator.ActiveCfg = Debug|Any CPU
		{541885AD-53C0-41C4-B98F-C97815C5F168}.Debug|iPhoneSimulator.Build.0 = Debug|Any CPU
		{541885AD-53C0-41C4-B98F-C97815C5F168}.Release|Any CPU.ActiveCfg = Release|Any CPU
		{541885AD-53C0-41C4-B98F-C97815C5F168}.Release|Any CPU.Build.0 = Release|Any CPU
		{541885AD-53C0-41C4-B98F-C97815C5F168}.Release|iPhone.ActiveCfg = Release|Any CPU
		{541885AD-53C0-41C4-B98F-C97815C5F168}.Release|iPhone.Build.0 = Release|Any CPU
		{541885AD-53C0-41C4-B98F-C97815C5F168}.Release|iPhoneSimulator.ActiveCfg = Release|Any CPU
		{541885AD-53C0-41C4-B98F-C97815C5F168}.Release|iPhoneSimulator.Build.0 = Release|Any CPU
		{E5740F97-E6A7-4010-B267-79D3AA2F7F48}.Ad-Hoc|Any CPU.ActiveCfg = Release|Any CPU
		{E5740F97-E6A7-4010-B267-79D3AA2F7F48}.Ad-Hoc|Any CPU.Build.0 = Release|Any CPU
		{E5740F97-E6A7-4010-B267-79D3AA2F7F48}.Ad-Hoc|iPhone.ActiveCfg = Release|Any CPU
		{E5740F97-E6A7-4010-B267-79D3AA2F7F48}.Ad-Hoc|iPhone.Build.0 = Release|Any CPU
		{E5740F97-E6A7-4010-B267-79D3AA2F7F48}.Ad-Hoc|iPhoneSimulator.ActiveCfg = Release|Any CPU
		{E5740F97-E6A7-4010-B267-79D3AA2F7F48}.Ad-Hoc|iPhoneSimulator.Build.0 = Release|Any CPU
		{E5740F97-E6A7-4010-B267-79D3AA2F7F48}.AppStore|Any CPU.ActiveCfg = Release|Any CPU
		{E5740F97-E6A7-4010-B267-79D3AA2F7F48}.AppStore|Any CPU.Build.0 = Release|Any CPU
		{E5740F97-E6A7-4010-B267-79D3AA2F7F48}.AppStore|iPhone.ActiveCfg = Release|Any CPU
		{E5740F97-E6A7-4010-B267-79D3AA2F7F48}.AppStore|iPhone.Build.0 = Release|Any CPU
		{E5740F97-E6A7-4010-B267-79D3AA2F7F48}.AppStore|iPhoneSimulator.ActiveCfg = Release|Any CPU
		{E5740F97-E6A7-4010-B267-79D3AA2F7F48}.AppStore|iPhoneSimulator.Build.0 = Release|Any CPU
		{E5740F97-E6A7-4010-B267-79D3AA2F7F48}.Debug|Any CPU.ActiveCfg = Debug|Any CPU
		{E5740F97-E6A7-4010-B267-79D3AA2F7F48}.Debug|Any CPU.Build.0 = Debug|Any CPU
		{E5740F97-E6A7-4010-B267-79D3AA2F7F48}.Debug|iPhone.ActiveCfg = Debug|Any CPU
		{E5740F97-E6A7-4010-B267-79D3AA2F7F48}.Debug|iPhone.Build.0 = Debug|Any CPU
		{E5740F97-E6A7-4010-B267-79D3AA2F7F48}.Debug|iPhoneSimulator.ActiveCfg = Debug|Any CPU
		{E5740F97-E6A7-4010-B267-79D3AA2F7F48}.Debug|iPhoneSimulator.Build.0 = Debug|Any CPU
		{E5740F97-E6A7-4010-B267-79D3AA2F7F48}.Release|Any CPU.ActiveCfg = Release|Any CPU
		{E5740F97-E6A7-4010-B267-79D3AA2F7F48}.Release|Any CPU.Build.0 = Release|Any CPU
		{E5740F97-E6A7-4010-B267-79D3AA2F7F48}.Release|iPhone.ActiveCfg = Release|Any CPU
		{E5740F97-E6A7-4010-B267-79D3AA2F7F48}.Release|iPhone.Build.0 = Release|Any CPU
		{E5740F97-E6A7-4010-B267-79D3AA2F7F48}.Release|iPhoneSimulator.ActiveCfg = Release|Any CPU
		{E5740F97-E6A7-4010-B267-79D3AA2F7F48}.Release|iPhoneSimulator.Build.0 = Release|Any CPU
		{7A5FAD15-614C-4D5D-9DAA-4BC9628D479C}.Ad-Hoc|Any CPU.ActiveCfg = Release|Any CPU
		{7A5FAD15-614C-4D5D-9DAA-4BC9628D479C}.Ad-Hoc|Any CPU.Build.0 = Release|Any CPU
		{7A5FAD15-614C-4D5D-9DAA-4BC9628D479C}.Ad-Hoc|iPhone.ActiveCfg = Release|Any CPU
		{7A5FAD15-614C-4D5D-9DAA-4BC9628D479C}.Ad-Hoc|iPhone.Build.0 = Release|Any CPU
		{7A5FAD15-614C-4D5D-9DAA-4BC9628D479C}.Ad-Hoc|iPhoneSimulator.ActiveCfg = Release|Any CPU
		{7A5FAD15-614C-4D5D-9DAA-4BC9628D479C}.Ad-Hoc|iPhoneSimulator.Build.0 = Release|Any CPU
		{7A5FAD15-614C-4D5D-9DAA-4BC9628D479C}.AppStore|Any CPU.ActiveCfg = Release|Any CPU
		{7A5FAD15-614C-4D5D-9DAA-4BC9628D479C}.AppStore|Any CPU.Build.0 = Release|Any CPU
		{7A5FAD15-614C-4D5D-9DAA-4BC9628D479C}.AppStore|iPhone.ActiveCfg = Release|Any CPU
		{7A5FAD15-614C-4D5D-9DAA-4BC9628D479C}.AppStore|iPhone.Build.0 = Release|Any CPU
		{7A5FAD15-614C-4D5D-9DAA-4BC9628D479C}.AppStore|iPhoneSimulator.ActiveCfg = Release|Any CPU
		{7A5FAD15-614C-4D5D-9DAA-4BC9628D479C}.AppStore|iPhoneSimulator.Build.0 = Release|Any CPU
		{7A5FAD15-614C-4D5D-9DAA-4BC9628D479C}.Debug|Any CPU.ActiveCfg = Debug|Any CPU
		{7A5FAD15-614C-4D5D-9DAA-4BC9628D479C}.Debug|Any CPU.Build.0 = Debug|Any CPU
		{7A5FAD15-614C-4D5D-9DAA-4BC9628D479C}.Debug|iPhone.ActiveCfg = Debug|Any CPU
		{7A5FAD15-614C-4D5D-9DAA-4BC9628D479C}.Debug|iPhone.Build.0 = Debug|Any CPU
		{7A5FAD15-614C-4D5D-9DAA-4BC9628D479C}.Debug|iPhoneSimulator.ActiveCfg = Debug|Any CPU
		{7A5FAD15-614C-4D5D-9DAA-4BC9628D479C}.Debug|iPhoneSimulator.Build.0 = Debug|Any CPU
		{7A5FAD15-614C-4D5D-9DAA-4BC9628D479C}.Release|Any CPU.ActiveCfg = Release|Any CPU
		{7A5FAD15-614C-4D5D-9DAA-4BC9628D479C}.Release|Any CPU.Build.0 = Release|Any CPU
		{7A5FAD15-614C-4D5D-9DAA-4BC9628D479C}.Release|iPhone.ActiveCfg = Release|Any CPU
		{7A5FAD15-614C-4D5D-9DAA-4BC9628D479C}.Release|iPhone.Build.0 = Release|Any CPU
		{7A5FAD15-614C-4D5D-9DAA-4BC9628D479C}.Release|iPhoneSimulator.ActiveCfg = Release|Any CPU
		{7A5FAD15-614C-4D5D-9DAA-4BC9628D479C}.Release|iPhoneSimulator.Build.0 = Release|Any CPU
		{C567FE8B-3834-4AD8-AAD4-71BDD36DDED6}.Ad-Hoc|Any CPU.ActiveCfg = Release|Any CPU
		{C567FE8B-3834-4AD8-AAD4-71BDD36DDED6}.Ad-Hoc|Any CPU.Build.0 = Release|Any CPU
		{C567FE8B-3834-4AD8-AAD4-71BDD36DDED6}.Ad-Hoc|iPhone.ActiveCfg = Release|Any CPU
		{C567FE8B-3834-4AD8-AAD4-71BDD36DDED6}.Ad-Hoc|iPhone.Build.0 = Release|Any CPU
		{C567FE8B-3834-4AD8-AAD4-71BDD36DDED6}.Ad-Hoc|iPhoneSimulator.ActiveCfg = Release|Any CPU
		{C567FE8B-3834-4AD8-AAD4-71BDD36DDED6}.Ad-Hoc|iPhoneSimulator.Build.0 = Release|Any CPU
		{C567FE8B-3834-4AD8-AAD4-71BDD36DDED6}.AppStore|Any CPU.ActiveCfg = Release|Any CPU
		{C567FE8B-3834-4AD8-AAD4-71BDD36DDED6}.AppStore|Any CPU.Build.0 = Release|Any CPU
		{C567FE8B-3834-4AD8-AAD4-71BDD36DDED6}.AppStore|iPhone.ActiveCfg = Release|Any CPU
		{C567FE8B-3834-4AD8-AAD4-71BDD36DDED6}.AppStore|iPhone.Build.0 = Release|Any CPU
		{C567FE8B-3834-4AD8-AAD4-71BDD36DDED6}.AppStore|iPhoneSimulator.ActiveCfg = Release|Any CPU
		{C567FE8B-3834-4AD8-AAD4-71BDD36DDED6}.AppStore|iPhoneSimulator.Build.0 = Release|Any CPU
		{C567FE8B-3834-4AD8-AAD4-71BDD36DDED6}.Debug|Any CPU.ActiveCfg = Debug|Any CPU
		{C567FE8B-3834-4AD8-AAD4-71BDD36DDED6}.Debug|Any CPU.Build.0 = Debug|Any CPU
		{C567FE8B-3834-4AD8-AAD4-71BDD36DDED6}.Debug|iPhone.ActiveCfg = Debug|Any CPU
		{C567FE8B-3834-4AD8-AAD4-71BDD36DDED6}.Debug|iPhone.Build.0 = Debug|Any CPU
		{C567FE8B-3834-4AD8-AAD4-71BDD36DDED6}.Debug|iPhoneSimulator.ActiveCfg = Debug|Any CPU
		{C567FE8B-3834-4AD8-AAD4-71BDD36DDED6}.Debug|iPhoneSimulator.Build.0 = Debug|Any CPU
		{C567FE8B-3834-4AD8-AAD4-71BDD36DDED6}.Release|Any CPU.ActiveCfg = Release|Any CPU
		{C567FE8B-3834-4AD8-AAD4-71BDD36DDED6}.Release|Any CPU.Build.0 = Release|Any CPU
		{C567FE8B-3834-4AD8-AAD4-71BDD36DDED6}.Release|iPhone.ActiveCfg = Release|Any CPU
		{C567FE8B-3834-4AD8-AAD4-71BDD36DDED6}.Release|iPhone.Build.0 = Release|Any CPU
		{C567FE8B-3834-4AD8-AAD4-71BDD36DDED6}.Release|iPhoneSimulator.ActiveCfg = Release|Any CPU
		{C567FE8B-3834-4AD8-AAD4-71BDD36DDED6}.Release|iPhoneSimulator.Build.0 = Release|Any CPU
		{97A1614E-9A15-4676-A3E9-9C8182C5B3E4}.Ad-Hoc|Any CPU.ActiveCfg = Release|Any CPU
		{97A1614E-9A15-4676-A3E9-9C8182C5B3E4}.Ad-Hoc|Any CPU.Build.0 = Release|Any CPU
		{97A1614E-9A15-4676-A3E9-9C8182C5B3E4}.Ad-Hoc|iPhone.ActiveCfg = Release|Any CPU
		{97A1614E-9A15-4676-A3E9-9C8182C5B3E4}.Ad-Hoc|iPhone.Build.0 = Release|Any CPU
		{97A1614E-9A15-4676-A3E9-9C8182C5B3E4}.Ad-Hoc|iPhoneSimulator.ActiveCfg = Release|Any CPU
		{97A1614E-9A15-4676-A3E9-9C8182C5B3E4}.Ad-Hoc|iPhoneSimulator.Build.0 = Release|Any CPU
		{97A1614E-9A15-4676-A3E9-9C8182C5B3E4}.AppStore|Any CPU.ActiveCfg = Release|Any CPU
		{97A1614E-9A15-4676-A3E9-9C8182C5B3E4}.AppStore|Any CPU.Build.0 = Release|Any CPU
		{97A1614E-9A15-4676-A3E9-9C8182C5B3E4}.AppStore|iPhone.ActiveCfg = Release|Any CPU
		{97A1614E-9A15-4676-A3E9-9C8182C5B3E4}.AppStore|iPhone.Build.0 = Release|Any CPU
		{97A1614E-9A15-4676-A3E9-9C8182C5B3E4}.AppStore|iPhoneSimulator.ActiveCfg = Release|Any CPU
		{97A1614E-9A15-4676-A3E9-9C8182C5B3E4}.AppStore|iPhoneSimulator.Build.0 = Release|Any CPU
		{97A1614E-9A15-4676-A3E9-9C8182C5B3E4}.Debug|Any CPU.ActiveCfg = Debug|Any CPU
		{97A1614E-9A15-4676-A3E9-9C8182C5B3E4}.Debug|Any CPU.Build.0 = Debug|Any CPU
		{97A1614E-9A15-4676-A3E9-9C8182C5B3E4}.Debug|iPhone.ActiveCfg = Debug|Any CPU
		{97A1614E-9A15-4676-A3E9-9C8182C5B3E4}.Debug|iPhone.Build.0 = Debug|Any CPU
		{97A1614E-9A15-4676-A3E9-9C8182C5B3E4}.Debug|iPhoneSimulator.ActiveCfg = Debug|Any CPU
		{97A1614E-9A15-4676-A3E9-9C8182C5B3E4}.Debug|iPhoneSimulator.Build.0 = Debug|Any CPU
		{97A1614E-9A15-4676-A3E9-9C8182C5B3E4}.Release|Any CPU.ActiveCfg = Release|Any CPU
		{97A1614E-9A15-4676-A3E9-9C8182C5B3E4}.Release|Any CPU.Build.0 = Release|Any CPU
		{97A1614E-9A15-4676-A3E9-9C8182C5B3E4}.Release|iPhone.ActiveCfg = Release|Any CPU
		{97A1614E-9A15-4676-A3E9-9C8182C5B3E4}.Release|iPhone.Build.0 = Release|Any CPU
		{97A1614E-9A15-4676-A3E9-9C8182C5B3E4}.Release|iPhoneSimulator.ActiveCfg = Release|Any CPU
		{97A1614E-9A15-4676-A3E9-9C8182C5B3E4}.Release|iPhoneSimulator.Build.0 = Release|Any CPU
		{FBEC1121-BBA2-41A9-AA91-64CD67DE68FF}.Ad-Hoc|Any CPU.ActiveCfg = Release|Any CPU
		{FBEC1121-BBA2-41A9-AA91-64CD67DE68FF}.Ad-Hoc|Any CPU.Build.0 = Release|Any CPU
		{FBEC1121-BBA2-41A9-AA91-64CD67DE68FF}.Ad-Hoc|iPhone.ActiveCfg = Release|Any CPU
		{FBEC1121-BBA2-41A9-AA91-64CD67DE68FF}.Ad-Hoc|iPhone.Build.0 = Release|Any CPU
		{FBEC1121-BBA2-41A9-AA91-64CD67DE68FF}.Ad-Hoc|iPhoneSimulator.ActiveCfg = Release|Any CPU
		{FBEC1121-BBA2-41A9-AA91-64CD67DE68FF}.Ad-Hoc|iPhoneSimulator.Build.0 = Release|Any CPU
		{FBEC1121-BBA2-41A9-AA91-64CD67DE68FF}.AppStore|Any CPU.ActiveCfg = Release|Any CPU
		{FBEC1121-BBA2-41A9-AA91-64CD67DE68FF}.AppStore|Any CPU.Build.0 = Release|Any CPU
		{FBEC1121-BBA2-41A9-AA91-64CD67DE68FF}.AppStore|iPhone.ActiveCfg = Release|Any CPU
		{FBEC1121-BBA2-41A9-AA91-64CD67DE68FF}.AppStore|iPhone.Build.0 = Release|Any CPU
		{FBEC1121-BBA2-41A9-AA91-64CD67DE68FF}.AppStore|iPhoneSimulator.ActiveCfg = Release|Any CPU
		{FBEC1121-BBA2-41A9-AA91-64CD67DE68FF}.AppStore|iPhoneSimulator.Build.0 = Release|Any CPU
		{FBEC1121-BBA2-41A9-AA91-64CD67DE68FF}.Debug|Any CPU.ActiveCfg = Debug|Any CPU
		{FBEC1121-BBA2-41A9-AA91-64CD67DE68FF}.Debug|Any CPU.Build.0 = Debug|Any CPU
		{FBEC1121-BBA2-41A9-AA91-64CD67DE68FF}.Debug|iPhone.ActiveCfg = Debug|Any CPU
		{FBEC1121-BBA2-41A9-AA91-64CD67DE68FF}.Debug|iPhone.Build.0 = Debug|Any CPU
		{FBEC1121-BBA2-41A9-AA91-64CD67DE68FF}.Debug|iPhoneSimulator.ActiveCfg = Debug|Any CPU
		{FBEC1121-BBA2-41A9-AA91-64CD67DE68FF}.Debug|iPhoneSimulator.Build.0 = Debug|Any CPU
		{FBEC1121-BBA2-41A9-AA91-64CD67DE68FF}.Release|Any CPU.ActiveCfg = Release|Any CPU
		{FBEC1121-BBA2-41A9-AA91-64CD67DE68FF}.Release|Any CPU.Build.0 = Release|Any CPU
		{FBEC1121-BBA2-41A9-AA91-64CD67DE68FF}.Release|iPhone.ActiveCfg = Release|Any CPU
		{FBEC1121-BBA2-41A9-AA91-64CD67DE68FF}.Release|iPhone.Build.0 = Release|Any CPU
		{FBEC1121-BBA2-41A9-AA91-64CD67DE68FF}.Release|iPhoneSimulator.ActiveCfg = Release|Any CPU
		{FBEC1121-BBA2-41A9-AA91-64CD67DE68FF}.Release|iPhoneSimulator.Build.0 = Release|Any CPU
		{687F4D7B-3759-45D4-A8EC-1CB6BC0A8CC3}.Ad-Hoc|Any CPU.ActiveCfg = Release|Any CPU
		{687F4D7B-3759-45D4-A8EC-1CB6BC0A8CC3}.Ad-Hoc|Any CPU.Build.0 = Release|Any CPU
		{687F4D7B-3759-45D4-A8EC-1CB6BC0A8CC3}.Ad-Hoc|iPhone.ActiveCfg = Release|Any CPU
		{687F4D7B-3759-45D4-A8EC-1CB6BC0A8CC3}.Ad-Hoc|iPhone.Build.0 = Release|Any CPU
		{687F4D7B-3759-45D4-A8EC-1CB6BC0A8CC3}.Ad-Hoc|iPhoneSimulator.ActiveCfg = Release|Any CPU
		{687F4D7B-3759-45D4-A8EC-1CB6BC0A8CC3}.Ad-Hoc|iPhoneSimulator.Build.0 = Release|Any CPU
		{687F4D7B-3759-45D4-A8EC-1CB6BC0A8CC3}.AppStore|Any CPU.ActiveCfg = Release|Any CPU
		{687F4D7B-3759-45D4-A8EC-1CB6BC0A8CC3}.AppStore|Any CPU.Build.0 = Release|Any CPU
		{687F4D7B-3759-45D4-A8EC-1CB6BC0A8CC3}.AppStore|iPhone.ActiveCfg = Release|Any CPU
		{687F4D7B-3759-45D4-A8EC-1CB6BC0A8CC3}.AppStore|iPhone.Build.0 = Release|Any CPU
		{687F4D7B-3759-45D4-A8EC-1CB6BC0A8CC3}.AppStore|iPhoneSimulator.ActiveCfg = Release|Any CPU
		{687F4D7B-3759-45D4-A8EC-1CB6BC0A8CC3}.AppStore|iPhoneSimulator.Build.0 = Release|Any CPU
		{687F4D7B-3759-45D4-A8EC-1CB6BC0A8CC3}.Debug|Any CPU.ActiveCfg = Debug|Any CPU
		{687F4D7B-3759-45D4-A8EC-1CB6BC0A8CC3}.Debug|Any CPU.Build.0 = Debug|Any CPU
		{687F4D7B-3759-45D4-A8EC-1CB6BC0A8CC3}.Debug|iPhone.ActiveCfg = Debug|Any CPU
		{687F4D7B-3759-45D4-A8EC-1CB6BC0A8CC3}.Debug|iPhone.Build.0 = Debug|Any CPU
		{687F4D7B-3759-45D4-A8EC-1CB6BC0A8CC3}.Debug|iPhoneSimulator.ActiveCfg = Debug|Any CPU
		{687F4D7B-3759-45D4-A8EC-1CB6BC0A8CC3}.Debug|iPhoneSimulator.Build.0 = Debug|Any CPU
		{687F4D7B-3759-45D4-A8EC-1CB6BC0A8CC3}.Release|Any CPU.ActiveCfg = Release|Any CPU
		{687F4D7B-3759-45D4-A8EC-1CB6BC0A8CC3}.Release|Any CPU.Build.0 = Release|Any CPU
		{687F4D7B-3759-45D4-A8EC-1CB6BC0A8CC3}.Release|iPhone.ActiveCfg = Release|Any CPU
		{687F4D7B-3759-45D4-A8EC-1CB6BC0A8CC3}.Release|iPhone.Build.0 = Release|Any CPU
		{687F4D7B-3759-45D4-A8EC-1CB6BC0A8CC3}.Release|iPhoneSimulator.ActiveCfg = Release|Any CPU
		{687F4D7B-3759-45D4-A8EC-1CB6BC0A8CC3}.Release|iPhoneSimulator.Build.0 = Release|Any CPU
		{0CF1D718-3A84-4D98-A9DD-3DE29B2CCC45}.Ad-Hoc|Any CPU.ActiveCfg = Release|Any CPU
		{0CF1D718-3A84-4D98-A9DD-3DE29B2CCC45}.Ad-Hoc|Any CPU.Build.0 = Release|Any CPU
		{0CF1D718-3A84-4D98-A9DD-3DE29B2CCC45}.Ad-Hoc|iPhone.ActiveCfg = Release|Any CPU
		{0CF1D718-3A84-4D98-A9DD-3DE29B2CCC45}.Ad-Hoc|iPhone.Build.0 = Release|Any CPU
		{0CF1D718-3A84-4D98-A9DD-3DE29B2CCC45}.Ad-Hoc|iPhoneSimulator.ActiveCfg = Release|Any CPU
		{0CF1D718-3A84-4D98-A9DD-3DE29B2CCC45}.Ad-Hoc|iPhoneSimulator.Build.0 = Release|Any CPU
		{0CF1D718-3A84-4D98-A9DD-3DE29B2CCC45}.AppStore|Any CPU.ActiveCfg = Release|Any CPU
		{0CF1D718-3A84-4D98-A9DD-3DE29B2CCC45}.AppStore|Any CPU.Build.0 = Release|Any CPU
		{0CF1D718-3A84-4D98-A9DD-3DE29B2CCC45}.AppStore|iPhone.ActiveCfg = Release|Any CPU
		{0CF1D718-3A84-4D98-A9DD-3DE29B2CCC45}.AppStore|iPhone.Build.0 = Release|Any CPU
		{0CF1D718-3A84-4D98-A9DD-3DE29B2CCC45}.AppStore|iPhoneSimulator.ActiveCfg = Release|Any CPU
		{0CF1D718-3A84-4D98-A9DD-3DE29B2CCC45}.AppStore|iPhoneSimulator.Build.0 = Release|Any CPU
		{0CF1D718-3A84-4D98-A9DD-3DE29B2CCC45}.Debug|Any CPU.ActiveCfg = Debug|Any CPU
		{0CF1D718-3A84-4D98-A9DD-3DE29B2CCC45}.Debug|Any CPU.Build.0 = Debug|Any CPU
		{0CF1D718-3A84-4D98-A9DD-3DE29B2CCC45}.Debug|iPhone.ActiveCfg = Debug|Any CPU
		{0CF1D718-3A84-4D98-A9DD-3DE29B2CCC45}.Debug|iPhone.Build.0 = Debug|Any CPU
		{0CF1D718-3A84-4D98-A9DD-3DE29B2CCC45}.Debug|iPhoneSimulator.ActiveCfg = Debug|Any CPU
		{0CF1D718-3A84-4D98-A9DD-3DE29B2CCC45}.Debug|iPhoneSimulator.Build.0 = Debug|Any CPU
		{0CF1D718-3A84-4D98-A9DD-3DE29B2CCC45}.Release|Any CPU.ActiveCfg = Release|Any CPU
		{0CF1D718-3A84-4D98-A9DD-3DE29B2CCC45}.Release|Any CPU.Build.0 = Release|Any CPU
		{0CF1D718-3A84-4D98-A9DD-3DE29B2CCC45}.Release|iPhone.ActiveCfg = Release|Any CPU
		{0CF1D718-3A84-4D98-A9DD-3DE29B2CCC45}.Release|iPhone.Build.0 = Release|Any CPU
		{0CF1D718-3A84-4D98-A9DD-3DE29B2CCC45}.Release|iPhoneSimulator.ActiveCfg = Release|Any CPU
		{0CF1D718-3A84-4D98-A9DD-3DE29B2CCC45}.Release|iPhoneSimulator.Build.0 = Release|Any CPU
		{9F7BCC3B-DC29-4BFE-8152-F74E1ED1F687}.Ad-Hoc|Any CPU.ActiveCfg = Release|Any CPU
		{9F7BCC3B-DC29-4BFE-8152-F74E1ED1F687}.Ad-Hoc|Any CPU.Build.0 = Release|Any CPU
		{9F7BCC3B-DC29-4BFE-8152-F74E1ED1F687}.Ad-Hoc|iPhone.ActiveCfg = Release|Any CPU
		{9F7BCC3B-DC29-4BFE-8152-F74E1ED1F687}.Ad-Hoc|iPhone.Build.0 = Release|Any CPU
		{9F7BCC3B-DC29-4BFE-8152-F74E1ED1F687}.Ad-Hoc|iPhoneSimulator.ActiveCfg = Release|Any CPU
		{9F7BCC3B-DC29-4BFE-8152-F74E1ED1F687}.Ad-Hoc|iPhoneSimulator.Build.0 = Release|Any CPU
		{9F7BCC3B-DC29-4BFE-8152-F74E1ED1F687}.AppStore|Any CPU.ActiveCfg = Release|Any CPU
		{9F7BCC3B-DC29-4BFE-8152-F74E1ED1F687}.AppStore|Any CPU.Build.0 = Release|Any CPU
		{9F7BCC3B-DC29-4BFE-8152-F74E1ED1F687}.AppStore|iPhone.ActiveCfg = Release|Any CPU
		{9F7BCC3B-DC29-4BFE-8152-F74E1ED1F687}.AppStore|iPhone.Build.0 = Release|Any CPU
		{9F7BCC3B-DC29-4BFE-8152-F74E1ED1F687}.AppStore|iPhoneSimulator.ActiveCfg = Release|Any CPU
		{9F7BCC3B-DC29-4BFE-8152-F74E1ED1F687}.AppStore|iPhoneSimulator.Build.0 = Release|Any CPU
		{9F7BCC3B-DC29-4BFE-8152-F74E1ED1F687}.Debug|Any CPU.ActiveCfg = Debug|Any CPU
		{9F7BCC3B-DC29-4BFE-8152-F74E1ED1F687}.Debug|Any CPU.Build.0 = Debug|Any CPU
		{9F7BCC3B-DC29-4BFE-8152-F74E1ED1F687}.Debug|iPhone.ActiveCfg = Debug|Any CPU
		{9F7BCC3B-DC29-4BFE-8152-F74E1ED1F687}.Debug|iPhone.Build.0 = Debug|Any CPU
		{9F7BCC3B-DC29-4BFE-8152-F74E1ED1F687}.Debug|iPhoneSimulator.ActiveCfg = Debug|Any CPU
		{9F7BCC3B-DC29-4BFE-8152-F74E1ED1F687}.Debug|iPhoneSimulator.Build.0 = Debug|Any CPU
		{9F7BCC3B-DC29-4BFE-8152-F74E1ED1F687}.Release|Any CPU.ActiveCfg = Release|Any CPU
		{9F7BCC3B-DC29-4BFE-8152-F74E1ED1F687}.Release|Any CPU.Build.0 = Release|Any CPU
		{9F7BCC3B-DC29-4BFE-8152-F74E1ED1F687}.Release|iPhone.ActiveCfg = Release|Any CPU
		{9F7BCC3B-DC29-4BFE-8152-F74E1ED1F687}.Release|iPhone.Build.0 = Release|Any CPU
		{9F7BCC3B-DC29-4BFE-8152-F74E1ED1F687}.Release|iPhoneSimulator.ActiveCfg = Release|Any CPU
		{9F7BCC3B-DC29-4BFE-8152-F74E1ED1F687}.Release|iPhoneSimulator.Build.0 = Release|Any CPU
		{DCA2D971-C53D-4B07-8D06-8F2382549525}.Ad-Hoc|Any CPU.ActiveCfg = Release|Any CPU
		{DCA2D971-C53D-4B07-8D06-8F2382549525}.Ad-Hoc|Any CPU.Build.0 = Release|Any CPU
		{DCA2D971-C53D-4B07-8D06-8F2382549525}.Ad-Hoc|iPhone.ActiveCfg = Release|Any CPU
		{DCA2D971-C53D-4B07-8D06-8F2382549525}.Ad-Hoc|iPhone.Build.0 = Release|Any CPU
		{DCA2D971-C53D-4B07-8D06-8F2382549525}.Ad-Hoc|iPhoneSimulator.ActiveCfg = Release|Any CPU
		{DCA2D971-C53D-4B07-8D06-8F2382549525}.Ad-Hoc|iPhoneSimulator.Build.0 = Release|Any CPU
		{DCA2D971-C53D-4B07-8D06-8F2382549525}.AppStore|Any CPU.ActiveCfg = Release|Any CPU
		{DCA2D971-C53D-4B07-8D06-8F2382549525}.AppStore|Any CPU.Build.0 = Release|Any CPU
		{DCA2D971-C53D-4B07-8D06-8F2382549525}.AppStore|iPhone.ActiveCfg = Release|Any CPU
		{DCA2D971-C53D-4B07-8D06-8F2382549525}.AppStore|iPhone.Build.0 = Release|Any CPU
		{DCA2D971-C53D-4B07-8D06-8F2382549525}.AppStore|iPhoneSimulator.ActiveCfg = Release|Any CPU
		{DCA2D971-C53D-4B07-8D06-8F2382549525}.AppStore|iPhoneSimulator.Build.0 = Release|Any CPU
		{DCA2D971-C53D-4B07-8D06-8F2382549525}.Debug|Any CPU.ActiveCfg = Debug|Any CPU
		{DCA2D971-C53D-4B07-8D06-8F2382549525}.Debug|Any CPU.Build.0 = Debug|Any CPU
		{DCA2D971-C53D-4B07-8D06-8F2382549525}.Debug|iPhone.ActiveCfg = Debug|Any CPU
		{DCA2D971-C53D-4B07-8D06-8F2382549525}.Debug|iPhone.Build.0 = Debug|Any CPU
		{DCA2D971-C53D-4B07-8D06-8F2382549525}.Debug|iPhoneSimulator.ActiveCfg = Debug|Any CPU
		{DCA2D971-C53D-4B07-8D06-8F2382549525}.Debug|iPhoneSimulator.Build.0 = Debug|Any CPU
		{DCA2D971-C53D-4B07-8D06-8F2382549525}.Release|Any CPU.ActiveCfg = Release|Any CPU
		{DCA2D971-C53D-4B07-8D06-8F2382549525}.Release|Any CPU.Build.0 = Release|Any CPU
		{DCA2D971-C53D-4B07-8D06-8F2382549525}.Release|iPhone.ActiveCfg = Release|Any CPU
		{DCA2D971-C53D-4B07-8D06-8F2382549525}.Release|iPhone.Build.0 = Release|Any CPU
		{DCA2D971-C53D-4B07-8D06-8F2382549525}.Release|iPhoneSimulator.ActiveCfg = Release|Any CPU
		{DCA2D971-C53D-4B07-8D06-8F2382549525}.Release|iPhoneSimulator.Build.0 = Release|Any CPU
		{E883B1B0-8820-4731-B190-4E96E72F3C8D}.Ad-Hoc|Any CPU.ActiveCfg = Release|Any CPU
		{E883B1B0-8820-4731-B190-4E96E72F3C8D}.Ad-Hoc|Any CPU.Build.0 = Release|Any CPU
		{E883B1B0-8820-4731-B190-4E96E72F3C8D}.Ad-Hoc|iPhone.ActiveCfg = Release|Any CPU
		{E883B1B0-8820-4731-B190-4E96E72F3C8D}.Ad-Hoc|iPhone.Build.0 = Release|Any CPU
		{E883B1B0-8820-4731-B190-4E96E72F3C8D}.Ad-Hoc|iPhoneSimulator.ActiveCfg = Release|Any CPU
		{E883B1B0-8820-4731-B190-4E96E72F3C8D}.Ad-Hoc|iPhoneSimulator.Build.0 = Release|Any CPU
		{E883B1B0-8820-4731-B190-4E96E72F3C8D}.AppStore|Any CPU.ActiveCfg = Release|Any CPU
		{E883B1B0-8820-4731-B190-4E96E72F3C8D}.AppStore|Any CPU.Build.0 = Release|Any CPU
		{E883B1B0-8820-4731-B190-4E96E72F3C8D}.AppStore|iPhone.ActiveCfg = Release|Any CPU
		{E883B1B0-8820-4731-B190-4E96E72F3C8D}.AppStore|iPhone.Build.0 = Release|Any CPU
		{E883B1B0-8820-4731-B190-4E96E72F3C8D}.AppStore|iPhoneSimulator.ActiveCfg = Release|Any CPU
		{E883B1B0-8820-4731-B190-4E96E72F3C8D}.AppStore|iPhoneSimulator.Build.0 = Release|Any CPU
		{E883B1B0-8820-4731-B190-4E96E72F3C8D}.Debug|Any CPU.ActiveCfg = Debug|Any CPU
		{E883B1B0-8820-4731-B190-4E96E72F3C8D}.Debug|Any CPU.Build.0 = Debug|Any CPU
		{E883B1B0-8820-4731-B190-4E96E72F3C8D}.Debug|iPhone.ActiveCfg = Debug|Any CPU
		{E883B1B0-8820-4731-B190-4E96E72F3C8D}.Debug|iPhone.Build.0 = Debug|Any CPU
		{E883B1B0-8820-4731-B190-4E96E72F3C8D}.Debug|iPhoneSimulator.ActiveCfg = Debug|Any CPU
		{E883B1B0-8820-4731-B190-4E96E72F3C8D}.Debug|iPhoneSimulator.Build.0 = Debug|Any CPU
		{E883B1B0-8820-4731-B190-4E96E72F3C8D}.Release|Any CPU.ActiveCfg = Release|Any CPU
		{E883B1B0-8820-4731-B190-4E96E72F3C8D}.Release|Any CPU.Build.0 = Release|Any CPU
		{E883B1B0-8820-4731-B190-4E96E72F3C8D}.Release|iPhone.ActiveCfg = Release|Any CPU
		{E883B1B0-8820-4731-B190-4E96E72F3C8D}.Release|iPhone.Build.0 = Release|Any CPU
		{E883B1B0-8820-4731-B190-4E96E72F3C8D}.Release|iPhoneSimulator.ActiveCfg = Release|Any CPU
		{E883B1B0-8820-4731-B190-4E96E72F3C8D}.Release|iPhoneSimulator.Build.0 = Release|Any CPU
		{57036DE8-EA6A-42E1-983D-23F71F87C34C}.Ad-Hoc|Any CPU.ActiveCfg = Release|Any CPU
		{57036DE8-EA6A-42E1-983D-23F71F87C34C}.Ad-Hoc|Any CPU.Build.0 = Release|Any CPU
		{57036DE8-EA6A-42E1-983D-23F71F87C34C}.Ad-Hoc|iPhone.ActiveCfg = Release|Any CPU
		{57036DE8-EA6A-42E1-983D-23F71F87C34C}.Ad-Hoc|iPhone.Build.0 = Release|Any CPU
		{57036DE8-EA6A-42E1-983D-23F71F87C34C}.Ad-Hoc|iPhoneSimulator.ActiveCfg = Release|Any CPU
		{57036DE8-EA6A-42E1-983D-23F71F87C34C}.Ad-Hoc|iPhoneSimulator.Build.0 = Release|Any CPU
		{57036DE8-EA6A-42E1-983D-23F71F87C34C}.AppStore|Any CPU.ActiveCfg = Release|Any CPU
		{57036DE8-EA6A-42E1-983D-23F71F87C34C}.AppStore|Any CPU.Build.0 = Release|Any CPU
		{57036DE8-EA6A-42E1-983D-23F71F87C34C}.AppStore|iPhone.ActiveCfg = Release|Any CPU
		{57036DE8-EA6A-42E1-983D-23F71F87C34C}.AppStore|iPhone.Build.0 = Release|Any CPU
		{57036DE8-EA6A-42E1-983D-23F71F87C34C}.AppStore|iPhoneSimulator.ActiveCfg = Release|Any CPU
		{57036DE8-EA6A-42E1-983D-23F71F87C34C}.AppStore|iPhoneSimulator.Build.0 = Release|Any CPU
		{57036DE8-EA6A-42E1-983D-23F71F87C34C}.Debug|Any CPU.ActiveCfg = Debug|Any CPU
		{57036DE8-EA6A-42E1-983D-23F71F87C34C}.Debug|Any CPU.Build.0 = Debug|Any CPU
		{57036DE8-EA6A-42E1-983D-23F71F87C34C}.Debug|iPhone.ActiveCfg = Debug|Any CPU
		{57036DE8-EA6A-42E1-983D-23F71F87C34C}.Debug|iPhone.Build.0 = Debug|Any CPU
		{57036DE8-EA6A-42E1-983D-23F71F87C34C}.Debug|iPhoneSimulator.ActiveCfg = Debug|Any CPU
		{57036DE8-EA6A-42E1-983D-23F71F87C34C}.Debug|iPhoneSimulator.Build.0 = Debug|Any CPU
		{57036DE8-EA6A-42E1-983D-23F71F87C34C}.Release|Any CPU.ActiveCfg = Release|Any CPU
		{57036DE8-EA6A-42E1-983D-23F71F87C34C}.Release|Any CPU.Build.0 = Release|Any CPU
		{57036DE8-EA6A-42E1-983D-23F71F87C34C}.Release|iPhone.ActiveCfg = Release|Any CPU
		{57036DE8-EA6A-42E1-983D-23F71F87C34C}.Release|iPhone.Build.0 = Release|Any CPU
		{57036DE8-EA6A-42E1-983D-23F71F87C34C}.Release|iPhoneSimulator.ActiveCfg = Release|Any CPU
		{57036DE8-EA6A-42E1-983D-23F71F87C34C}.Release|iPhoneSimulator.Build.0 = Release|Any CPU
		{19D29BA0-EE9F-4C6C-9B34-57C9B39E1BCB}.Ad-Hoc|Any CPU.ActiveCfg = Release|Any CPU
		{19D29BA0-EE9F-4C6C-9B34-57C9B39E1BCB}.Ad-Hoc|Any CPU.Build.0 = Release|Any CPU
		{19D29BA0-EE9F-4C6C-9B34-57C9B39E1BCB}.Ad-Hoc|iPhone.ActiveCfg = Release|Any CPU
		{19D29BA0-EE9F-4C6C-9B34-57C9B39E1BCB}.Ad-Hoc|iPhone.Build.0 = Release|Any CPU
		{19D29BA0-EE9F-4C6C-9B34-57C9B39E1BCB}.Ad-Hoc|iPhoneSimulator.ActiveCfg = Release|Any CPU
		{19D29BA0-EE9F-4C6C-9B34-57C9B39E1BCB}.Ad-Hoc|iPhoneSimulator.Build.0 = Release|Any CPU
		{19D29BA0-EE9F-4C6C-9B34-57C9B39E1BCB}.AppStore|Any CPU.ActiveCfg = Release|Any CPU
		{19D29BA0-EE9F-4C6C-9B34-57C9B39E1BCB}.AppStore|Any CPU.Build.0 = Release|Any CPU
		{19D29BA0-EE9F-4C6C-9B34-57C9B39E1BCB}.AppStore|iPhone.ActiveCfg = Release|Any CPU
		{19D29BA0-EE9F-4C6C-9B34-57C9B39E1BCB}.AppStore|iPhone.Build.0 = Release|Any CPU
		{19D29BA0-EE9F-4C6C-9B34-57C9B39E1BCB}.AppStore|iPhoneSimulator.ActiveCfg = Release|Any CPU
		{19D29BA0-EE9F-4C6C-9B34-57C9B39E1BCB}.AppStore|iPhoneSimulator.Build.0 = Release|Any CPU
		{19D29BA0-EE9F-4C6C-9B34-57C9B39E1BCB}.Debug|Any CPU.ActiveCfg = Debug|Any CPU
		{19D29BA0-EE9F-4C6C-9B34-57C9B39E1BCB}.Debug|Any CPU.Build.0 = Debug|Any CPU
		{19D29BA0-EE9F-4C6C-9B34-57C9B39E1BCB}.Debug|iPhone.ActiveCfg = Debug|Any CPU
		{19D29BA0-EE9F-4C6C-9B34-57C9B39E1BCB}.Debug|iPhone.Build.0 = Debug|Any CPU
		{19D29BA0-EE9F-4C6C-9B34-57C9B39E1BCB}.Debug|iPhoneSimulator.ActiveCfg = Debug|Any CPU
		{19D29BA0-EE9F-4C6C-9B34-57C9B39E1BCB}.Debug|iPhoneSimulator.Build.0 = Debug|Any CPU
		{19D29BA0-EE9F-4C6C-9B34-57C9B39E1BCB}.Release|Any CPU.ActiveCfg = Release|Any CPU
		{19D29BA0-EE9F-4C6C-9B34-57C9B39E1BCB}.Release|Any CPU.Build.0 = Release|Any CPU
		{19D29BA0-EE9F-4C6C-9B34-57C9B39E1BCB}.Release|iPhone.ActiveCfg = Release|Any CPU
		{19D29BA0-EE9F-4C6C-9B34-57C9B39E1BCB}.Release|iPhone.Build.0 = Release|Any CPU
		{19D29BA0-EE9F-4C6C-9B34-57C9B39E1BCB}.Release|iPhoneSimulator.ActiveCfg = Release|Any CPU
		{19D29BA0-EE9F-4C6C-9B34-57C9B39E1BCB}.Release|iPhoneSimulator.Build.0 = Release|Any CPU
		{AD975EAE-1975-4E9D-A536-ED0177A6BB2F}.Ad-Hoc|Any CPU.ActiveCfg = Release|Any CPU
		{AD975EAE-1975-4E9D-A536-ED0177A6BB2F}.Ad-Hoc|Any CPU.Build.0 = Release|Any CPU
		{AD975EAE-1975-4E9D-A536-ED0177A6BB2F}.Ad-Hoc|iPhone.ActiveCfg = Release|Any CPU
		{AD975EAE-1975-4E9D-A536-ED0177A6BB2F}.Ad-Hoc|iPhone.Build.0 = Release|Any CPU
		{AD975EAE-1975-4E9D-A536-ED0177A6BB2F}.Ad-Hoc|iPhoneSimulator.ActiveCfg = Release|Any CPU
		{AD975EAE-1975-4E9D-A536-ED0177A6BB2F}.Ad-Hoc|iPhoneSimulator.Build.0 = Release|Any CPU
		{AD975EAE-1975-4E9D-A536-ED0177A6BB2F}.AppStore|Any CPU.ActiveCfg = Release|Any CPU
		{AD975EAE-1975-4E9D-A536-ED0177A6BB2F}.AppStore|Any CPU.Build.0 = Release|Any CPU
		{AD975EAE-1975-4E9D-A536-ED0177A6BB2F}.AppStore|iPhone.ActiveCfg = Release|Any CPU
		{AD975EAE-1975-4E9D-A536-ED0177A6BB2F}.AppStore|iPhone.Build.0 = Release|Any CPU
		{AD975EAE-1975-4E9D-A536-ED0177A6BB2F}.AppStore|iPhoneSimulator.ActiveCfg = Release|Any CPU
		{AD975EAE-1975-4E9D-A536-ED0177A6BB2F}.AppStore|iPhoneSimulator.Build.0 = Release|Any CPU
		{AD975EAE-1975-4E9D-A536-ED0177A6BB2F}.Debug|Any CPU.ActiveCfg = Debug|Any CPU
		{AD975EAE-1975-4E9D-A536-ED0177A6BB2F}.Debug|Any CPU.Build.0 = Debug|Any CPU
		{AD975EAE-1975-4E9D-A536-ED0177A6BB2F}.Debug|iPhone.ActiveCfg = Debug|Any CPU
		{AD975EAE-1975-4E9D-A536-ED0177A6BB2F}.Debug|iPhone.Build.0 = Debug|Any CPU
		{AD975EAE-1975-4E9D-A536-ED0177A6BB2F}.Debug|iPhoneSimulator.ActiveCfg = Debug|Any CPU
		{AD975EAE-1975-4E9D-A536-ED0177A6BB2F}.Debug|iPhoneSimulator.Build.0 = Debug|Any CPU
		{AD975EAE-1975-4E9D-A536-ED0177A6BB2F}.Release|Any CPU.ActiveCfg = Release|Any CPU
		{AD975EAE-1975-4E9D-A536-ED0177A6BB2F}.Release|Any CPU.Build.0 = Release|Any CPU
		{AD975EAE-1975-4E9D-A536-ED0177A6BB2F}.Release|iPhone.ActiveCfg = Release|Any CPU
		{AD975EAE-1975-4E9D-A536-ED0177A6BB2F}.Release|iPhone.Build.0 = Release|Any CPU
		{AD975EAE-1975-4E9D-A536-ED0177A6BB2F}.Release|iPhoneSimulator.ActiveCfg = Release|Any CPU
		{AD975EAE-1975-4E9D-A536-ED0177A6BB2F}.Release|iPhoneSimulator.Build.0 = Release|Any CPU
	EndGlobalSection
	GlobalSection(SolutionProperties) = preSolution
		HideSolutionNode = FALSE
	EndGlobalSection
	GlobalSection(NestedProjects) = preSolution
		{C8B200A2-740D-441D-BB04-94B6D3ECCB6C} = {2838E3FE-E3B4-4E67-A1E1-09BE1878BE69}
		{5E14006E-08F5-443A-8EED-B859F3BBA19E} = {2838E3FE-E3B4-4E67-A1E1-09BE1878BE69}
		{09C8A8F0-F85A-4534-922E-85E14EC32725} = {C8B200A2-740D-441D-BB04-94B6D3ECCB6C}
		{3D463251-18D3-451B-B06C-C4D655DD8A37} = {5E14006E-08F5-443A-8EED-B859F3BBA19E}
		{7F6DF321-BD94-4280-AFF1-1550AB83C56D} = {E82AD51C-682E-4DC3-8B15-E5EA518C4538}
		{876B7CF7-FE32-48B8-BE45-9B1D5187A44D} = {E82AD51C-682E-4DC3-8B15-E5EA518C4538}
		{9C17810C-EFC7-4806-8414-6868DEABBCA0} = {7F6DF321-BD94-4280-AFF1-1550AB83C56D}
		{541885AD-53C0-41C4-B98F-C97815C5F168} = {7F6DF321-BD94-4280-AFF1-1550AB83C56D}
		{E5740F97-E6A7-4010-B267-79D3AA2F7F48} = {7F6DF321-BD94-4280-AFF1-1550AB83C56D}
		{7A5FAD15-614C-4D5D-9DAA-4BC9628D479C} = {7F6DF321-BD94-4280-AFF1-1550AB83C56D}
		{C567FE8B-3834-4AD8-AAD4-71BDD36DDED6} = {876B7CF7-FE32-48B8-BE45-9B1D5187A44D}
		{97A1614E-9A15-4676-A3E9-9C8182C5B3E4} = {876B7CF7-FE32-48B8-BE45-9B1D5187A44D}
		{FBEC1121-BBA2-41A9-AA91-64CD67DE68FF} = {876B7CF7-FE32-48B8-BE45-9B1D5187A44D}
		{687F4D7B-3759-45D4-A8EC-1CB6BC0A8CC3} = {876B7CF7-FE32-48B8-BE45-9B1D5187A44D}
		{0CF1D718-3A84-4D98-A9DD-3DE29B2CCC45} = {876B7CF7-FE32-48B8-BE45-9B1D5187A44D}
		{B8D7C0FC-EEC6-4191-BA18-B8571FBA1FF5} = {E82AD51C-682E-4DC3-8B15-E5EA518C4538}
		{9F7BCC3B-DC29-4BFE-8152-F74E1ED1F687} = {B8D7C0FC-EEC6-4191-BA18-B8571FBA1FF5}
		{DCA2D971-C53D-4B07-8D06-8F2382549525} = {876B7CF7-FE32-48B8-BE45-9B1D5187A44D}
		{E883B1B0-8820-4731-B190-4E96E72F3C8D} = {876B7CF7-FE32-48B8-BE45-9B1D5187A44D}
		{57036DE8-EA6A-42E1-983D-23F71F87C34C} = {C8B200A2-740D-441D-BB04-94B6D3ECCB6C}
		{19D29BA0-EE9F-4C6C-9B34-57C9B39E1BCB} = {5E14006E-08F5-443A-8EED-B859F3BBA19E}
		{AD975EAE-1975-4E9D-A536-ED0177A6BB2F} = {7F6DF321-BD94-4280-AFF1-1550AB83C56D}
	EndGlobalSection
EndGlobal
