
Microsoft Visual Studio Solution File, Format Version 12.00
# Visual Studio 14
VisualStudioVersion = 14.0.22823.1
MinimumVisualStudioVersion = 10.0.40219.1
Project("{FAE04EC0-301F-11D3-BF4B-00C04F79EFBC}") = "iotDash", "iotDash\iotDash.csproj", "{2835FDBA-96BA-4D5C-850D-A909BB12F4E3}"
	ProjectSection(ProjectDependencies) = postProject
		{8FA92296-4F77-45CE-9B85-BCB37A7F2332} = {8FA92296-4F77-45CE-9B85-BCB37A7F2332}
	EndProjectSection
EndProject
Project("{2150E333-8FDC-42A3-9474-1A3956D46DE8}") = "Tests", "Tests", "{76FE7914-8140-4807-9150-BEBB649964C1}"
EndProject
Project("{2150E333-8FDC-42A3-9474-1A3956D46DE8}") = "Functional", "Functional", "{0F223EC1-1281-44C5-8546-0F3C3EA99EB9}"
EndProject
Project("{2150E333-8FDC-42A3-9474-1A3956D46DE8}") = "Security", "Security", "{0CF849F6-4411-4288-A571-B2DC63140164}"
EndProject
Project("{2150E333-8FDC-42A3-9474-1A3956D46DE8}") = "Performance", "Performance", "{4AAFA6B4-0770-44C0-B525-805CAA1CA0C9}"
EndProject
Project("{FAE04EC0-301F-11D3-BF4B-00C04F79EFBC}") = "iotServiceTester", "iotServiceTester\iotServiceTester.csproj", "{06DA4596-90AE-4383-B800-EDD8145F71A7}"
EndProject
Project("{FAE04EC0-301F-11D3-BF4B-00C04F79EFBC}") = "iotFrontEndPerformanceTester", "iotFrontEndPerformanceTester\iotFrontEndPerformanceTester.csproj", "{85786EFC-DABE-4421-8AB8-17D99F5A5E11}"
EndProject
Project("{2150E333-8FDC-42A3-9474-1A3956D46DE8}") = "Solution Items", "Solution Items", "{55E2B35C-72BA-475E-9CAF-50865E354564}"
	ProjectSection(SolutionItems) = preProject
		Local.testsettings = Local.testsettings
		Performance1.psess = Performance1.psess
		Performance2.psess = Performance2.psess
		Performance3.psess = Performance3.psess
		Performance4.psess = Performance4.psess
	EndProjectSection
EndProject
Project("{FAE04EC0-301F-11D3-BF4B-00C04F79EFBC}") = "iotWebSecurityTester", "iotWebSecurityTester\iotWebSecurityTester.csproj", "{68E4F437-7040-42A6-A447-EEF1F8FF22C1}"
EndProject
Project("{FAE04EC0-301F-11D3-BF4B-00C04F79EFBC}") = "iotServiceSecurityTester", "iotServiceSecurityTester\iotServiceSecurityTester.csproj", "{5F5CD6B3-0137-4436-9AAA-17892DBE71D1}"
EndProject
Project("{2150E333-8FDC-42A3-9474-1A3956D46DE8}") = "Frontend", "Frontend", "{9A63916A-4F3F-4691-A287-C04BCC016927}"
EndProject
Project("{2150E333-8FDC-42A3-9474-1A3956D46DE8}") = "Services", "Services", "{30F42B44-3B33-44F5-972E-F782E3550809}"
EndProject
Project("{FAE04EC0-301F-11D3-BF4B-00C04F79EFBC}") = "iotDatabaseConnector", "iotDatabaseConnector\iotDatabaseConnector.csproj", "{7DF5E6FA-5839-456F-959B-AF4A7A742775}"
EndProject
Project("{FAE04EC0-301F-11D3-BF4B-00C04F79EFBC}") = "iotDomainController", "iotDomainController\iotDomainController.csproj", "{DD7E7128-3C23-4940-AE7B-6B3442534961}"
EndProject
Project("{FAE04EC0-301F-11D3-BF4B-00C04F79EFBC}") = "iotDatabaseTester", "iotDatabaseTester\iotDatabaseTester.csproj", "{D5EECE06-4069-48F1-8D2E-AAC04DEA523B}"
EndProject
Project("{2150E333-8FDC-42A3-9474-1A3956D46DE8}") = "Protocols", "Protocols", "{B3836C25-0A34-4078-AF9D-E62839D85A7A}"
EndProject
Project("{2150E333-8FDC-42A3-9474-1A3956D46DE8}") = "Mqtt", "Mqtt", "{FA711840-70E3-4A25-9B5B-3F8801F50215}"
EndProject
Project("{FAE04EC0-301F-11D3-BF4B-00C04F79EFBC}") = "MqttBroker", "iotDomainController\DomainService\IoT\Providers\Mqtt\MqttBroker\MqttBroker.csproj", "{4EBFA6E5-0636-496C-8C46-991B05DF7491}"
EndProject
Project("{2150E333-8FDC-42A3-9474-1A3956D46DE8}") = "Interface", "Interface", "{2051C7F5-3D2D-4462-B0FA-F2AAB905CF46}"
EndProject
Project("{2150E333-8FDC-42A3-9474-1A3956D46DE8}") = "Data", "Data", "{8FA86EE5-EFDF-4129-87EE-93F5C8376B93}"
EndProject
Project("{2150E333-8FDC-42A3-9474-1A3956D46DE8}") = "System", "System", "{5C043D9C-CF8D-45EF-B283-DCD05C0AD25B}"
EndProject
Project("{FAE04EC0-301F-11D3-BF4B-00C04F79EFBC}") = "MqttBrokerRuntime", "MqttBrokerRuntime\MqttBrokerRuntime.csproj", "{4F487800-36CE-4958-8050-6BF0455BB611}"
EndProject
Project("{FAE04EC0-301F-11D3-BF4B-00C04F79EFBC}") = "iotDomainControllerHost", "iotDomainControllerHost\iotDomainControllerHost.csproj", "{E9D5D1C5-DB38-405B-AEE8-7614E41CC9B8}"
EndProject
Project("{FAE04EC0-301F-11D3-BF4B-00C04F79EFBC}") = "iotServiceLayer", "iotServiceLayer\iotServiceLayer.csproj", "{6640AC88-DF6B-43A6-BEE3-A65B4396119B}"
EndProject
Project("{FAE04EC0-301F-11D3-BF4B-00C04F79EFBC}") = "iotData", "iotData\iotData.csproj", "{E94B0A02-089E-483A-AAEF-3BFA49039598}"
EndProject
Project("{FAE04EC0-301F-11D3-BF4B-00C04F79EFBC}") = "iotService", "iotService\iotService.csproj", "{8FA92296-4F77-45CE-9B85-BCB37A7F2332}"
EndProject
Project("{FAE04EC0-301F-11D3-BF4B-00C04F79EFBC}") = "sconnConnector", "sconnConnector\sconnConnector.csproj", "{09C8A8F0-F85A-4534-922E-85E14EC32725}"
EndProject
Project("{FAE04EC0-301F-11D3-BF4B-00C04F79EFBC}") = "iotRestfulService", "iotRestfulService\iotRestfulService.csproj", "{4B694828-A1A7-46AC-B220-8507D277D1BB}"
EndProject
Project("{FAE04EC0-301F-11D3-BF4B-00C04F79EFBC}") = "restfulPerformanceTest", "restfulPerformanceTest\restfulPerformanceTest.csproj", "{84679219-862A-4B68-B36F-CA0A71600B36}"
EndProject
Project("{FAE04EC0-301F-11D3-BF4B-00C04F79EFBC}") = "iotDeviceService", "iotDeviceService\iotDeviceService.csproj", "{3C2419E5-D232-4C6F-9821-D8A491459ED1}"
EndProject
Project("{FAE04EC0-301F-11D3-BF4B-00C04F79EFBC}") = "iotFastDatabase", "iotFastDatabase\iotFastDatabase.csproj", "{BF37DB34-9C15-48A2-A78B-2C13462F159B}"
EndProject
Project("{FAE04EC0-301F-11D3-BF4B-00C04F79EFBC}") = "iotNoSqlDatabase", "iotRestfulDatabase\iotNoSqlDatabase.csproj", "{97B81A32-D59A-4232-998F-AC61F0FABE59}"
EndProject
Global
	GlobalSection(SolutionConfigurationPlatforms) = preSolution
		Debug|Any CPU = Debug|Any CPU
		Release|Any CPU = Release|Any CPU
	EndGlobalSection
	GlobalSection(ProjectConfigurationPlatforms) = postSolution
		{2835FDBA-96BA-4D5C-850D-A909BB12F4E3}.Debug|Any CPU.ActiveCfg = Debug|Any CPU
		{2835FDBA-96BA-4D5C-850D-A909BB12F4E3}.Debug|Any CPU.Build.0 = Debug|Any CPU
		{2835FDBA-96BA-4D5C-850D-A909BB12F4E3}.Release|Any CPU.ActiveCfg = Release|Any CPU
		{2835FDBA-96BA-4D5C-850D-A909BB12F4E3}.Release|Any CPU.Build.0 = Release|Any CPU
		{06DA4596-90AE-4383-B800-EDD8145F71A7}.Debug|Any CPU.ActiveCfg = Debug|Any CPU
		{06DA4596-90AE-4383-B800-EDD8145F71A7}.Debug|Any CPU.Build.0 = Debug|Any CPU
		{06DA4596-90AE-4383-B800-EDD8145F71A7}.Release|Any CPU.ActiveCfg = Release|Any CPU
		{06DA4596-90AE-4383-B800-EDD8145F71A7}.Release|Any CPU.Build.0 = Release|Any CPU
		{85786EFC-DABE-4421-8AB8-17D99F5A5E11}.Debug|Any CPU.ActiveCfg = Debug|Any CPU
		{85786EFC-DABE-4421-8AB8-17D99F5A5E11}.Debug|Any CPU.Build.0 = Debug|Any CPU
		{85786EFC-DABE-4421-8AB8-17D99F5A5E11}.Release|Any CPU.ActiveCfg = Release|Any CPU
		{85786EFC-DABE-4421-8AB8-17D99F5A5E11}.Release|Any CPU.Build.0 = Release|Any CPU
		{68E4F437-7040-42A6-A447-EEF1F8FF22C1}.Debug|Any CPU.ActiveCfg = Debug|Any CPU
		{68E4F437-7040-42A6-A447-EEF1F8FF22C1}.Debug|Any CPU.Build.0 = Debug|Any CPU
		{68E4F437-7040-42A6-A447-EEF1F8FF22C1}.Release|Any CPU.ActiveCfg = Release|Any CPU
		{68E4F437-7040-42A6-A447-EEF1F8FF22C1}.Release|Any CPU.Build.0 = Release|Any CPU
		{5F5CD6B3-0137-4436-9AAA-17892DBE71D1}.Debug|Any CPU.ActiveCfg = Debug|Any CPU
		{5F5CD6B3-0137-4436-9AAA-17892DBE71D1}.Debug|Any CPU.Build.0 = Debug|Any CPU
		{5F5CD6B3-0137-4436-9AAA-17892DBE71D1}.Release|Any CPU.ActiveCfg = Release|Any CPU
		{5F5CD6B3-0137-4436-9AAA-17892DBE71D1}.Release|Any CPU.Build.0 = Release|Any CPU
		{7DF5E6FA-5839-456F-959B-AF4A7A742775}.Debug|Any CPU.ActiveCfg = Debug|Any CPU
		{7DF5E6FA-5839-456F-959B-AF4A7A742775}.Debug|Any CPU.Build.0 = Debug|Any CPU
		{7DF5E6FA-5839-456F-959B-AF4A7A742775}.Release|Any CPU.ActiveCfg = Release|Any CPU
		{7DF5E6FA-5839-456F-959B-AF4A7A742775}.Release|Any CPU.Build.0 = Release|Any CPU
		{DD7E7128-3C23-4940-AE7B-6B3442534961}.Debug|Any CPU.ActiveCfg = Debug|Any CPU
		{DD7E7128-3C23-4940-AE7B-6B3442534961}.Debug|Any CPU.Build.0 = Debug|Any CPU
		{DD7E7128-3C23-4940-AE7B-6B3442534961}.Release|Any CPU.ActiveCfg = Release|Any CPU
		{DD7E7128-3C23-4940-AE7B-6B3442534961}.Release|Any CPU.Build.0 = Release|Any CPU
		{D5EECE06-4069-48F1-8D2E-AAC04DEA523B}.Debug|Any CPU.ActiveCfg = Debug|Any CPU
		{D5EECE06-4069-48F1-8D2E-AAC04DEA523B}.Debug|Any CPU.Build.0 = Debug|Any CPU
		{D5EECE06-4069-48F1-8D2E-AAC04DEA523B}.Release|Any CPU.ActiveCfg = Release|Any CPU
		{D5EECE06-4069-48F1-8D2E-AAC04DEA523B}.Release|Any CPU.Build.0 = Release|Any CPU
		{4EBFA6E5-0636-496C-8C46-991B05DF7491}.Debug|Any CPU.ActiveCfg = Debug|Any CPU
		{4EBFA6E5-0636-496C-8C46-991B05DF7491}.Debug|Any CPU.Build.0 = Debug|Any CPU
		{4EBFA6E5-0636-496C-8C46-991B05DF7491}.Release|Any CPU.ActiveCfg = Release|Any CPU
		{4EBFA6E5-0636-496C-8C46-991B05DF7491}.Release|Any CPU.Build.0 = Release|Any CPU
		{4F487800-36CE-4958-8050-6BF0455BB611}.Debug|Any CPU.ActiveCfg = Debug|Any CPU
		{4F487800-36CE-4958-8050-6BF0455BB611}.Debug|Any CPU.Build.0 = Debug|Any CPU
		{4F487800-36CE-4958-8050-6BF0455BB611}.Release|Any CPU.ActiveCfg = Release|Any CPU
		{4F487800-36CE-4958-8050-6BF0455BB611}.Release|Any CPU.Build.0 = Release|Any CPU
		{E9D5D1C5-DB38-405B-AEE8-7614E41CC9B8}.Debug|Any CPU.ActiveCfg = Debug|Any CPU
		{E9D5D1C5-DB38-405B-AEE8-7614E41CC9B8}.Debug|Any CPU.Build.0 = Debug|Any CPU
		{E9D5D1C5-DB38-405B-AEE8-7614E41CC9B8}.Release|Any CPU.ActiveCfg = Release|Any CPU
		{E9D5D1C5-DB38-405B-AEE8-7614E41CC9B8}.Release|Any CPU.Build.0 = Release|Any CPU
		{6640AC88-DF6B-43A6-BEE3-A65B4396119B}.Debug|Any CPU.ActiveCfg = Debug|Any CPU
		{6640AC88-DF6B-43A6-BEE3-A65B4396119B}.Debug|Any CPU.Build.0 = Debug|Any CPU
		{6640AC88-DF6B-43A6-BEE3-A65B4396119B}.Release|Any CPU.ActiveCfg = Release|Any CPU
		{6640AC88-DF6B-43A6-BEE3-A65B4396119B}.Release|Any CPU.Build.0 = Release|Any CPU
		{E94B0A02-089E-483A-AAEF-3BFA49039598}.Debug|Any CPU.ActiveCfg = Debug|Any CPU
		{E94B0A02-089E-483A-AAEF-3BFA49039598}.Debug|Any CPU.Build.0 = Debug|Any CPU
		{E94B0A02-089E-483A-AAEF-3BFA49039598}.Release|Any CPU.ActiveCfg = Release|Any CPU
		{E94B0A02-089E-483A-AAEF-3BFA49039598}.Release|Any CPU.Build.0 = Release|Any CPU
		{8FA92296-4F77-45CE-9B85-BCB37A7F2332}.Debug|Any CPU.ActiveCfg = Debug|Any CPU
		{8FA92296-4F77-45CE-9B85-BCB37A7F2332}.Debug|Any CPU.Build.0 = Debug|Any CPU
		{8FA92296-4F77-45CE-9B85-BCB37A7F2332}.Release|Any CPU.ActiveCfg = Release|Any CPU
		{8FA92296-4F77-45CE-9B85-BCB37A7F2332}.Release|Any CPU.Build.0 = Release|Any CPU
		{09C8A8F0-F85A-4534-922E-85E14EC32725}.Debug|Any CPU.ActiveCfg = Debug|Any CPU
		{09C8A8F0-F85A-4534-922E-85E14EC32725}.Debug|Any CPU.Build.0 = Debug|Any CPU
		{09C8A8F0-F85A-4534-922E-85E14EC32725}.Release|Any CPU.ActiveCfg = Release|Any CPU
		{09C8A8F0-F85A-4534-922E-85E14EC32725}.Release|Any CPU.Build.0 = Release|Any CPU
		{4B694828-A1A7-46AC-B220-8507D277D1BB}.Debug|Any CPU.ActiveCfg = Debug|Any CPU
		{4B694828-A1A7-46AC-B220-8507D277D1BB}.Debug|Any CPU.Build.0 = Debug|Any CPU
		{4B694828-A1A7-46AC-B220-8507D277D1BB}.Release|Any CPU.ActiveCfg = Release|Any CPU
		{4B694828-A1A7-46AC-B220-8507D277D1BB}.Release|Any CPU.Build.0 = Release|Any CPU
		{84679219-862A-4B68-B36F-CA0A71600B36}.Debug|Any CPU.ActiveCfg = Debug|Any CPU
		{84679219-862A-4B68-B36F-CA0A71600B36}.Debug|Any CPU.Build.0 = Debug|Any CPU
		{84679219-862A-4B68-B36F-CA0A71600B36}.Release|Any CPU.ActiveCfg = Release|Any CPU
		{84679219-862A-4B68-B36F-CA0A71600B36}.Release|Any CPU.Build.0 = Release|Any CPU
		{3C2419E5-D232-4C6F-9821-D8A491459ED1}.Debug|Any CPU.ActiveCfg = Debug|Any CPU
		{3C2419E5-D232-4C6F-9821-D8A491459ED1}.Debug|Any CPU.Build.0 = Debug|Any CPU
		{3C2419E5-D232-4C6F-9821-D8A491459ED1}.Release|Any CPU.ActiveCfg = Release|Any CPU
		{3C2419E5-D232-4C6F-9821-D8A491459ED1}.Release|Any CPU.Build.0 = Release|Any CPU
		{BF37DB34-9C15-48A2-A78B-2C13462F159B}.Debug|Any CPU.ActiveCfg = Debug|Any CPU
		{BF37DB34-9C15-48A2-A78B-2C13462F159B}.Debug|Any CPU.Build.0 = Debug|Any CPU
		{BF37DB34-9C15-48A2-A78B-2C13462F159B}.Release|Any CPU.ActiveCfg = Release|Any CPU
		{BF37DB34-9C15-48A2-A78B-2C13462F159B}.Release|Any CPU.Build.0 = Release|Any CPU
		{97B81A32-D59A-4232-998F-AC61F0FABE59}.Debug|Any CPU.ActiveCfg = Debug|Any CPU
		{97B81A32-D59A-4232-998F-AC61F0FABE59}.Debug|Any CPU.Build.0 = Debug|Any CPU
		{97B81A32-D59A-4232-998F-AC61F0FABE59}.Release|Any CPU.ActiveCfg = Release|Any CPU
		{97B81A32-D59A-4232-998F-AC61F0FABE59}.Release|Any CPU.Build.0 = Release|Any CPU
	EndGlobalSection
	GlobalSection(SolutionProperties) = preSolution
		HideSolutionNode = FALSE
	EndGlobalSection
	GlobalSection(NestedProjects) = preSolution
		{2835FDBA-96BA-4D5C-850D-A909BB12F4E3} = {9A63916A-4F3F-4691-A287-C04BCC016927}
		{0F223EC1-1281-44C5-8546-0F3C3EA99EB9} = {76FE7914-8140-4807-9150-BEBB649964C1}
		{0CF849F6-4411-4288-A571-B2DC63140164} = {76FE7914-8140-4807-9150-BEBB649964C1}
		{4AAFA6B4-0770-44C0-B525-805CAA1CA0C9} = {76FE7914-8140-4807-9150-BEBB649964C1}
		{06DA4596-90AE-4383-B800-EDD8145F71A7} = {0F223EC1-1281-44C5-8546-0F3C3EA99EB9}
		{85786EFC-DABE-4421-8AB8-17D99F5A5E11} = {4AAFA6B4-0770-44C0-B525-805CAA1CA0C9}
		{55E2B35C-72BA-475E-9CAF-50865E354564} = {4AAFA6B4-0770-44C0-B525-805CAA1CA0C9}
		{68E4F437-7040-42A6-A447-EEF1F8FF22C1} = {0CF849F6-4411-4288-A571-B2DC63140164}
		{5F5CD6B3-0137-4436-9AAA-17892DBE71D1} = {0CF849F6-4411-4288-A571-B2DC63140164}
		{7DF5E6FA-5839-456F-959B-AF4A7A742775} = {8FA86EE5-EFDF-4129-87EE-93F5C8376B93}
		{DD7E7128-3C23-4940-AE7B-6B3442534961} = {5C043D9C-CF8D-45EF-B283-DCD05C0AD25B}
		{D5EECE06-4069-48F1-8D2E-AAC04DEA523B} = {0F223EC1-1281-44C5-8546-0F3C3EA99EB9}
		{B3836C25-0A34-4078-AF9D-E62839D85A7A} = {30F42B44-3B33-44F5-972E-F782E3550809}
		{FA711840-70E3-4A25-9B5B-3F8801F50215} = {B3836C25-0A34-4078-AF9D-E62839D85A7A}
		{4EBFA6E5-0636-496C-8C46-991B05DF7491} = {FA711840-70E3-4A25-9B5B-3F8801F50215}
		{2051C7F5-3D2D-4462-B0FA-F2AAB905CF46} = {30F42B44-3B33-44F5-972E-F782E3550809}
		{8FA86EE5-EFDF-4129-87EE-93F5C8376B93} = {30F42B44-3B33-44F5-972E-F782E3550809}
		{5C043D9C-CF8D-45EF-B283-DCD05C0AD25B} = {30F42B44-3B33-44F5-972E-F782E3550809}
		{4F487800-36CE-4958-8050-6BF0455BB611} = {2051C7F5-3D2D-4462-B0FA-F2AAB905CF46}
		{E9D5D1C5-DB38-405B-AEE8-7614E41CC9B8} = {5C043D9C-CF8D-45EF-B283-DCD05C0AD25B}
		{6640AC88-DF6B-43A6-BEE3-A65B4396119B} = {8FA86EE5-EFDF-4129-87EE-93F5C8376B93}
		{E94B0A02-089E-483A-AAEF-3BFA49039598} = {8FA86EE5-EFDF-4129-87EE-93F5C8376B93}
		{8FA92296-4F77-45CE-9B85-BCB37A7F2332} = {2051C7F5-3D2D-4462-B0FA-F2AAB905CF46}
		{09C8A8F0-F85A-4534-922E-85E14EC32725} = {8FA86EE5-EFDF-4129-87EE-93F5C8376B93}
		{4B694828-A1A7-46AC-B220-8507D277D1BB} = {2051C7F5-3D2D-4462-B0FA-F2AAB905CF46}
		{84679219-862A-4B68-B36F-CA0A71600B36} = {4AAFA6B4-0770-44C0-B525-805CAA1CA0C9}
		{3C2419E5-D232-4C6F-9821-D8A491459ED1} = {2051C7F5-3D2D-4462-B0FA-F2AAB905CF46}
		{BF37DB34-9C15-48A2-A78B-2C13462F159B} = {8FA86EE5-EFDF-4129-87EE-93F5C8376B93}
		{97B81A32-D59A-4232-998F-AC61F0FABE59} = {8FA86EE5-EFDF-4129-87EE-93F5C8376B93}
	EndGlobalSection
EndGlobal
