
Microsoft Visual Studio Solution File, Format Version 12.00
# Visual Studio 14
VisualStudioVersion = 14.0.24720.0
MinimumVisualStudioVersion = 10.0.40219.1
Project("{FAE04EC0-301F-11D3-BF4B-00C04F79EFBC}") = "iotDash", "iotDash\iotDash.csproj", "{2835FDBA-96BA-4D5C-850D-A909BB12F4E3}"
EndProject
Project("{2150E333-8FDC-42A3-9474-1A3956D46DE8}") = "Tests", "Tests", "{76FE7914-8140-4807-9150-BEBB649964C1}"
EndProject
Project("{2150E333-8FDC-42A3-9474-1A3956D46DE8}") = "Functional", "Functional", "{0F223EC1-1281-44C5-8546-0F3C3EA99EB9}"
EndProject
Project("{2150E333-8FDC-42A3-9474-1A3956D46DE8}") = "Security", "Security", "{0CF849F6-4411-4288-A571-B2DC63140164}"
EndProject
Project("{2150E333-8FDC-42A3-9474-1A3956D46DE8}") = "Performance", "Performance", "{4AAFA6B4-0770-44C0-B525-805CAA1CA0C9}"
EndProject
Project("{FAE04EC0-301F-11D3-BF4B-00C04F79EFBC}") = "iotServiceTester", "iotServiceTester\iotServiceTester.csproj", "{06DA4596-90AE-4383-B800-EDD8145F71A7}"
EndProject
Project("{FAE04EC0-301F-11D3-BF4B-00C04F79EFBC}") = "iotFrontEndPerformanceTester", "iotFrontEndPerformanceTester\iotFrontEndPerformanceTester.csproj", "{85786EFC-DABE-4421-8AB8-17D99F5A5E11}"
EndProject
Project("{2150E333-8FDC-42A3-9474-1A3956D46DE8}") = "Solution Items", "Solution Items", "{55E2B35C-72BA-475E-9CAF-50865E354564}"
	ProjectSection(SolutionItems) = preProject
		Local.testsettings = Local.testsettings
		Performance1.psess = Performance1.psess
		Performance2.psess = Performance2.psess
		Performance3.psess = Performance3.psess
		Performance4.psess = Performance4.psess
	EndProjectSection
EndProject
Project("{FAE04EC0-301F-11D3-BF4B-00C04F79EFBC}") = "iotWebSecurityTester", "iotWebSecurityTester\iotWebSecurityTester.csproj", "{68E4F437-7040-42A6-A447-EEF1F8FF22C1}"
EndProject
Project("{2150E333-8FDC-42A3-9474-1A3956D46DE8}") = "Presentation", "Presentation", "{9A63916A-4F3F-4691-A287-C04BCC016927}"
EndProject
Project("{2150E333-8FDC-42A3-9474-1A3956D46DE8}") = "Services", "Services", "{30F42B44-3B33-44F5-972E-F782E3550809}"
EndProject
Project("{FAE04EC0-301F-11D3-BF4B-00C04F79EFBC}") = "iotDatabaseConnector", "iotDatabaseConnector\iotDatabaseConnector.csproj", "{7DF5E6FA-5839-456F-959B-AF4A7A742775}"
EndProject
Project("{FAE04EC0-301F-11D3-BF4B-00C04F79EFBC}") = "iotDatabaseTester", "iotDatabaseTester\iotDatabaseTester.csproj", "{D5EECE06-4069-48F1-8D2E-AAC04DEA523B}"
EndProject
Project("{2150E333-8FDC-42A3-9474-1A3956D46DE8}") = "Protocols", "Protocols", "{B3836C25-0A34-4078-AF9D-E62839D85A7A}"
EndProject
Project("{2150E333-8FDC-42A3-9474-1A3956D46DE8}") = "Mqtt", "Mqtt", "{FA711840-70E3-4A25-9B5B-3F8801F50215}"
EndProject
Project("{FAE04EC0-301F-11D3-BF4B-00C04F79EFBC}") = "MqttBroker", "iotDomainController\DomainService\IoT\Providers\Mqtt\MqttBroker\MqttBroker.csproj", "{4EBFA6E5-0636-496C-8C46-991B05DF7491}"
EndProject
Project("{2150E333-8FDC-42A3-9474-1A3956D46DE8}") = "Interface", "Interface", "{2051C7F5-3D2D-4462-B0FA-F2AAB905CF46}"
EndProject
Project("{2150E333-8FDC-42A3-9474-1A3956D46DE8}") = "System", "System", "{5C043D9C-CF8D-45EF-B283-DCD05C0AD25B}"
EndProject
Project("{FAE04EC0-301F-11D3-BF4B-00C04F79EFBC}") = "MqttBrokerRuntime", "MqttBrokerRuntime\MqttBrokerRuntime.csproj", "{4F487800-36CE-4958-8050-6BF0455BB611}"
EndProject
Project("{FAE04EC0-301F-11D3-BF4B-00C04F79EFBC}") = "iotDomainControllerHost", "iotDomainControllerHost\iotDomainControllerHost.csproj", "{E9D5D1C5-DB38-405B-AEE8-7614E41CC9B8}"
EndProject
Project("{FAE04EC0-301F-11D3-BF4B-00C04F79EFBC}") = "iotServiceLayer", "iotServiceLayer\iotServiceLayer.csproj", "{6640AC88-DF6B-43A6-BEE3-A65B4396119B}"
EndProject
Project("{FAE04EC0-301F-11D3-BF4B-00C04F79EFBC}") = "iotData", "iotData\iotData.csproj", "{E94B0A02-089E-483A-AAEF-3BFA49039598}"
EndProject
Project("{FAE04EC0-301F-11D3-BF4B-00C04F79EFBC}") = "sconnConnector", "sconnConnector\sconnConnector.csproj", "{09C8A8F0-F85A-4534-922E-85E14EC32725}"
EndProject
Project("{FAE04EC0-301F-11D3-BF4B-00C04F79EFBC}") = "restfulPerformanceTest", "restfulPerformanceTest\restfulPerformanceTest.csproj", "{84679219-862A-4B68-B36F-CA0A71600B36}"
EndProject
Project("{2150E333-8FDC-42A3-9474-1A3956D46DE8}") = "Data", "Data", "{F5C74956-17E6-4D49-AA51-48B89B962D52}"
EndProject
Project("{2150E333-8FDC-42A3-9474-1A3956D46DE8}") = "BLL", "BLL", "{3E09950F-F09A-49C1-AC79-AE442ADF33B2}"
EndProject
Project("{FAE04EC0-301F-11D3-BF4B-00C04F79EFBC}") = "iotDomainDataAccessService", "iotDomainDataAccessService\iotDomainDataAccessService.csproj", "{A73E1E91-A18C-48BD-BDA8-931D429B7966}"
EndProject
Project("{2150E333-8FDC-42A3-9474-1A3956D46DE8}") = "CoreData", "CoreData", "{E838E3B0-E8EE-4239-B2AC-9D286330BF8A}"
EndProject
Project("{FAE04EC0-301F-11D3-BF4B-00C04F79EFBC}") = "DeviceManagmentService", "DeviceManagmentService\DeviceManagmentService.csproj", "{10B956BE-068F-4FBB-9B1E-63C080B24019}"
EndProject
Project("{FAE04EC0-301F-11D3-BF4B-00C04F79EFBC}") = "AlarmSystemManagmentService", "AlarmSystemManagmentService\AlarmSystemManagmentService.csproj", "{3D463251-18D3-451B-B06C-C4D655DD8A37}"
EndProject
Project("{FAE04EC0-301F-11D3-BF4B-00C04F79EFBC}") = "sconnRem", "sconnRem\sconnRem.csproj", "{9F7BCC3B-DC29-4BFE-8152-F74E1ED1F687}"
EndProject
Project("{FAE04EC0-301F-11D3-BF4B-00C04F79EFBC}") = "webInterfaceTests", "webInterfaceTests\webInterfaceTests.csproj", "{598E82E2-10B7-4C7A-93CC-22CC6C2C47A1}"
EndProject
Project("{FAE04EC0-301F-11D3-BF4B-00C04F79EFBC}") = "SiteManagmentService", "SiteManagmentService\SiteManagmentService.csproj", "{CC9FB92A-C1D9-400A-BD9B-D814280A118E}"
EndProject
Project("{2150E333-8FDC-42A3-9474-1A3956D46DE8}") = "Abstract", "Abstract", "{49C21D69-2306-4A57-BB8D-DBCC61395CBF}"
EndProject
Project("{2150E333-8FDC-42A3-9474-1A3956D46DE8}") = "AlarmSystem", "AlarmSystem", "{2D5E69B7-177F-43F4-8E93-2D99892AB2B1}"
EndProject
Project("{2150E333-8FDC-42A3-9474-1A3956D46DE8}") = "Generic", "Generic", "{8430E1CA-45DC-47F4-8EAD-05D44B9FF6F9}"
EndProject
Project("{FAE04EC0-301F-11D3-BF4B-00C04F79EFBC}") = "IotServiceAbstract", "IotServiceAbstract\IotServiceAbstract.csproj", "{DC1FBE1D-13B6-4DD2-91E2-7FFE2F909CC5}"
EndProject
Project("{FAE04EC0-301F-11D3-BF4B-00C04F79EFBC}") = "MqttSecurityGateway", "MqttSecurityGateway\MqttSecurityGateway.csproj", "{09651F1E-9777-48B5-A363-FA593486CCAE}"
EndProject
Project("{FAE04EC0-301F-11D3-BF4B-00C04F79EFBC}") = "MqttRouter", "MqttRouter\MqttRouter.csproj", "{7A037CF3-9B2E-4C2B-B684-05B588B0B9BE}"
EndProject
Project("{2150E333-8FDC-42A3-9474-1A3956D46DE8}") = "External", "External", "{9B1EDE21-4F7D-4634-A54D-E7234C74135E}"
EndProject
Project("{FAE04EC0-301F-11D3-BF4B-00C04F79EFBC}") = "SystemEmergencyResponderClient", "SystemEmergencyResponderClient\SystemEmergencyResponderClient.csproj", "{3FE9725A-4D99-4B60-B8EB-63FF5ED7F3EB}"
EndProject
Project("{FAE04EC0-301F-11D3-BF4B-00C04F79EFBC}") = "iotService", "iotService\iotService.csproj", "{8FA92296-4F77-45CE-9B85-BCB37A7F2332}"
EndProject
Global
	GlobalSection(SolutionConfigurationPlatforms) = preSolution
		Debug|Any CPU = Debug|Any CPU
		Release|Any CPU = Release|Any CPU
	EndGlobalSection
	GlobalSection(ProjectConfigurationPlatforms) = postSolution
		{2835FDBA-96BA-4D5C-850D-A909BB12F4E3}.Debug|Any CPU.ActiveCfg = Debug|Any CPU
		{2835FDBA-96BA-4D5C-850D-A909BB12F4E3}.Debug|Any CPU.Build.0 = Debug|Any CPU
		{2835FDBA-96BA-4D5C-850D-A909BB12F4E3}.Release|Any CPU.ActiveCfg = Release|Any CPU
		{2835FDBA-96BA-4D5C-850D-A909BB12F4E3}.Release|Any CPU.Build.0 = Release|Any CPU
		{06DA4596-90AE-4383-B800-EDD8145F71A7}.Debug|Any CPU.ActiveCfg = Debug|Any CPU
		{06DA4596-90AE-4383-B800-EDD8145F71A7}.Debug|Any CPU.Build.0 = Debug|Any CPU
		{06DA4596-90AE-4383-B800-EDD8145F71A7}.Release|Any CPU.ActiveCfg = Release|Any CPU
		{06DA4596-90AE-4383-B800-EDD8145F71A7}.Release|Any CPU.Build.0 = Release|Any CPU
		{85786EFC-DABE-4421-8AB8-17D99F5A5E11}.Debug|Any CPU.ActiveCfg = Debug|Any CPU
		{85786EFC-DABE-4421-8AB8-17D99F5A5E11}.Debug|Any CPU.Build.0 = Debug|Any CPU
		{85786EFC-DABE-4421-8AB8-17D99F5A5E11}.Release|Any CPU.ActiveCfg = Release|Any CPU
		{85786EFC-DABE-4421-8AB8-17D99F5A5E11}.Release|Any CPU.Build.0 = Release|Any CPU
		{68E4F437-7040-42A6-A447-EEF1F8FF22C1}.Debug|Any CPU.ActiveCfg = Debug|Any CPU
		{68E4F437-7040-42A6-A447-EEF1F8FF22C1}.Debug|Any CPU.Build.0 = Debug|Any CPU
		{68E4F437-7040-42A6-A447-EEF1F8FF22C1}.Release|Any CPU.ActiveCfg = Release|Any CPU
		{68E4F437-7040-42A6-A447-EEF1F8FF22C1}.Release|Any CPU.Build.0 = Release|Any CPU
		{7DF5E6FA-5839-456F-959B-AF4A7A742775}.Debug|Any CPU.ActiveCfg = Debug|Any CPU
		{7DF5E6FA-5839-456F-959B-AF4A7A742775}.Debug|Any CPU.Build.0 = Debug|Any CPU
		{7DF5E6FA-5839-456F-959B-AF4A7A742775}.Release|Any CPU.ActiveCfg = Release|Any CPU
		{7DF5E6FA-5839-456F-959B-AF4A7A742775}.Release|Any CPU.Build.0 = Release|Any CPU
		{D5EECE06-4069-48F1-8D2E-AAC04DEA523B}.Debug|Any CPU.ActiveCfg = Debug|Any CPU
		{D5EECE06-4069-48F1-8D2E-AAC04DEA523B}.Debug|Any CPU.Build.0 = Debug|Any CPU
		{D5EECE06-4069-48F1-8D2E-AAC04DEA523B}.Release|Any CPU.ActiveCfg = Release|Any CPU
		{D5EECE06-4069-48F1-8D2E-AAC04DEA523B}.Release|Any CPU.Build.0 = Release|Any CPU
		{4EBFA6E5-0636-496C-8C46-991B05DF7491}.Debug|Any CPU.ActiveCfg = Debug|Any CPU
		{4EBFA6E5-0636-496C-8C46-991B05DF7491}.Debug|Any CPU.Build.0 = Debug|Any CPU
		{4EBFA6E5-0636-496C-8C46-991B05DF7491}.Release|Any CPU.ActiveCfg = Release|Any CPU
		{4EBFA6E5-0636-496C-8C46-991B05DF7491}.Release|Any CPU.Build.0 = Release|Any CPU
		{4F487800-36CE-4958-8050-6BF0455BB611}.Debug|Any CPU.ActiveCfg = Debug|Any CPU
		{4F487800-36CE-4958-8050-6BF0455BB611}.Debug|Any CPU.Build.0 = Debug|Any CPU
		{4F487800-36CE-4958-8050-6BF0455BB611}.Release|Any CPU.ActiveCfg = Release|Any CPU
		{4F487800-36CE-4958-8050-6BF0455BB611}.Release|Any CPU.Build.0 = Release|Any CPU
		{E9D5D1C5-DB38-405B-AEE8-7614E41CC9B8}.Debug|Any CPU.ActiveCfg = Debug|Any CPU
		{E9D5D1C5-DB38-405B-AEE8-7614E41CC9B8}.Debug|Any CPU.Build.0 = Debug|Any CPU
		{E9D5D1C5-DB38-405B-AEE8-7614E41CC9B8}.Release|Any CPU.ActiveCfg = Release|Any CPU
		{E9D5D1C5-DB38-405B-AEE8-7614E41CC9B8}.Release|Any CPU.Build.0 = Release|Any CPU
		{6640AC88-DF6B-43A6-BEE3-A65B4396119B}.Debug|Any CPU.ActiveCfg = Debug|Any CPU
		{6640AC88-DF6B-43A6-BEE3-A65B4396119B}.Debug|Any CPU.Build.0 = Debug|Any CPU
		{6640AC88-DF6B-43A6-BEE3-A65B4396119B}.Release|Any CPU.ActiveCfg = Release|Any CPU
		{6640AC88-DF6B-43A6-BEE3-A65B4396119B}.Release|Any CPU.Build.0 = Release|Any CPU
		{E94B0A02-089E-483A-AAEF-3BFA49039598}.Debug|Any CPU.ActiveCfg = Debug|Any CPU
		{E94B0A02-089E-483A-AAEF-3BFA49039598}.Debug|Any CPU.Build.0 = Debug|Any CPU
		{E94B0A02-089E-483A-AAEF-3BFA49039598}.Release|Any CPU.ActiveCfg = Release|Any CPU
		{E94B0A02-089E-483A-AAEF-3BFA49039598}.Release|Any CPU.Build.0 = Release|Any CPU
		{09C8A8F0-F85A-4534-922E-85E14EC32725}.Debug|Any CPU.ActiveCfg = Debug|Any CPU
		{09C8A8F0-F85A-4534-922E-85E14EC32725}.Debug|Any CPU.Build.0 = Debug|Any CPU
		{09C8A8F0-F85A-4534-922E-85E14EC32725}.Release|Any CPU.ActiveCfg = Release|Any CPU
		{09C8A8F0-F85A-4534-922E-85E14EC32725}.Release|Any CPU.Build.0 = Release|Any CPU
		{84679219-862A-4B68-B36F-CA0A71600B36}.Debug|Any CPU.ActiveCfg = Debug|Any CPU
		{84679219-862A-4B68-B36F-CA0A71600B36}.Debug|Any CPU.Build.0 = Debug|Any CPU
		{84679219-862A-4B68-B36F-CA0A71600B36}.Release|Any CPU.ActiveCfg = Release|Any CPU
		{84679219-862A-4B68-B36F-CA0A71600B36}.Release|Any CPU.Build.0 = Release|Any CPU
		{A73E1E91-A18C-48BD-BDA8-931D429B7966}.Debug|Any CPU.ActiveCfg = Debug|Any CPU
		{A73E1E91-A18C-48BD-BDA8-931D429B7966}.Debug|Any CPU.Build.0 = Debug|Any CPU
		{A73E1E91-A18C-48BD-BDA8-931D429B7966}.Release|Any CPU.ActiveCfg = Release|Any CPU
		{A73E1E91-A18C-48BD-BDA8-931D429B7966}.Release|Any CPU.Build.0 = Release|Any CPU
		{10B956BE-068F-4FBB-9B1E-63C080B24019}.Debug|Any CPU.ActiveCfg = Debug|Any CPU
		{10B956BE-068F-4FBB-9B1E-63C080B24019}.Debug|Any CPU.Build.0 = Debug|Any CPU
		{10B956BE-068F-4FBB-9B1E-63C080B24019}.Release|Any CPU.ActiveCfg = Release|Any CPU
		{10B956BE-068F-4FBB-9B1E-63C080B24019}.Release|Any CPU.Build.0 = Release|Any CPU
		{3D463251-18D3-451B-B06C-C4D655DD8A37}.Debug|Any CPU.ActiveCfg = Debug|Any CPU
		{3D463251-18D3-451B-B06C-C4D655DD8A37}.Debug|Any CPU.Build.0 = Debug|Any CPU
		{3D463251-18D3-451B-B06C-C4D655DD8A37}.Release|Any CPU.ActiveCfg = Release|Any CPU
		{3D463251-18D3-451B-B06C-C4D655DD8A37}.Release|Any CPU.Build.0 = Release|Any CPU
		{9F7BCC3B-DC29-4BFE-8152-F74E1ED1F687}.Debug|Any CPU.ActiveCfg = Debug|Any CPU
		{9F7BCC3B-DC29-4BFE-8152-F74E1ED1F687}.Debug|Any CPU.Build.0 = Debug|Any CPU
		{9F7BCC3B-DC29-4BFE-8152-F74E1ED1F687}.Release|Any CPU.ActiveCfg = Release|Any CPU
		{9F7BCC3B-DC29-4BFE-8152-F74E1ED1F687}.Release|Any CPU.Build.0 = Release|Any CPU
		{598E82E2-10B7-4C7A-93CC-22CC6C2C47A1}.Debug|Any CPU.ActiveCfg = Debug|Any CPU
		{598E82E2-10B7-4C7A-93CC-22CC6C2C47A1}.Debug|Any CPU.Build.0 = Debug|Any CPU
		{598E82E2-10B7-4C7A-93CC-22CC6C2C47A1}.Release|Any CPU.ActiveCfg = Release|Any CPU
		{598E82E2-10B7-4C7A-93CC-22CC6C2C47A1}.Release|Any CPU.Build.0 = Release|Any CPU
		{CC9FB92A-C1D9-400A-BD9B-D814280A118E}.Debug|Any CPU.ActiveCfg = Debug|Any CPU
		{CC9FB92A-C1D9-400A-BD9B-D814280A118E}.Debug|Any CPU.Build.0 = Debug|Any CPU
		{CC9FB92A-C1D9-400A-BD9B-D814280A118E}.Release|Any CPU.ActiveCfg = Release|Any CPU
		{CC9FB92A-C1D9-400A-BD9B-D814280A118E}.Release|Any CPU.Build.0 = Release|Any CPU
		{DC1FBE1D-13B6-4DD2-91E2-7FFE2F909CC5}.Debug|Any CPU.ActiveCfg = Debug|Any CPU
		{DC1FBE1D-13B6-4DD2-91E2-7FFE2F909CC5}.Debug|Any CPU.Build.0 = Debug|Any CPU
		{DC1FBE1D-13B6-4DD2-91E2-7FFE2F909CC5}.Release|Any CPU.ActiveCfg = Release|Any CPU
		{DC1FBE1D-13B6-4DD2-91E2-7FFE2F909CC5}.Release|Any CPU.Build.0 = Release|Any CPU
		{09651F1E-9777-48B5-A363-FA593486CCAE}.Debug|Any CPU.ActiveCfg = Debug|Any CPU
		{09651F1E-9777-48B5-A363-FA593486CCAE}.Debug|Any CPU.Build.0 = Debug|Any CPU
		{09651F1E-9777-48B5-A363-FA593486CCAE}.Release|Any CPU.ActiveCfg = Release|Any CPU
		{09651F1E-9777-48B5-A363-FA593486CCAE}.Release|Any CPU.Build.0 = Release|Any CPU
		{7A037CF3-9B2E-4C2B-B684-05B588B0B9BE}.Debug|Any CPU.ActiveCfg = Debug|Any CPU
		{7A037CF3-9B2E-4C2B-B684-05B588B0B9BE}.Debug|Any CPU.Build.0 = Debug|Any CPU
		{7A037CF3-9B2E-4C2B-B684-05B588B0B9BE}.Release|Any CPU.ActiveCfg = Release|Any CPU
		{7A037CF3-9B2E-4C2B-B684-05B588B0B9BE}.Release|Any CPU.Build.0 = Release|Any CPU
		{3FE9725A-4D99-4B60-B8EB-63FF5ED7F3EB}.Debug|Any CPU.ActiveCfg = Debug|Any CPU
		{3FE9725A-4D99-4B60-B8EB-63FF5ED7F3EB}.Debug|Any CPU.Build.0 = Debug|Any CPU
		{3FE9725A-4D99-4B60-B8EB-63FF5ED7F3EB}.Release|Any CPU.ActiveCfg = Release|Any CPU
		{3FE9725A-4D99-4B60-B8EB-63FF5ED7F3EB}.Release|Any CPU.Build.0 = Release|Any CPU
		{8FA92296-4F77-45CE-9B85-BCB37A7F2332}.Debug|Any CPU.ActiveCfg = Debug|Any CPU
		{8FA92296-4F77-45CE-9B85-BCB37A7F2332}.Debug|Any CPU.Build.0 = Debug|Any CPU
		{8FA92296-4F77-45CE-9B85-BCB37A7F2332}.Release|Any CPU.ActiveCfg = Release|Any CPU
		{8FA92296-4F77-45CE-9B85-BCB37A7F2332}.Release|Any CPU.Build.0 = Release|Any CPU
	EndGlobalSection
	GlobalSection(SolutionProperties) = preSolution
		HideSolutionNode = FALSE
	EndGlobalSection
	GlobalSection(NestedProjects) = preSolution
		{2835FDBA-96BA-4D5C-850D-A909BB12F4E3} = {9A63916A-4F3F-4691-A287-C04BCC016927}
		{0F223EC1-1281-44C5-8546-0F3C3EA99EB9} = {76FE7914-8140-4807-9150-BEBB649964C1}
		{0CF849F6-4411-4288-A571-B2DC63140164} = {76FE7914-8140-4807-9150-BEBB649964C1}
		{4AAFA6B4-0770-44C0-B525-805CAA1CA0C9} = {76FE7914-8140-4807-9150-BEBB649964C1}
		{06DA4596-90AE-4383-B800-EDD8145F71A7} = {0F223EC1-1281-44C5-8546-0F3C3EA99EB9}
		{85786EFC-DABE-4421-8AB8-17D99F5A5E11} = {4AAFA6B4-0770-44C0-B525-805CAA1CA0C9}
		{55E2B35C-72BA-475E-9CAF-50865E354564} = {4AAFA6B4-0770-44C0-B525-805CAA1CA0C9}
		{68E4F437-7040-42A6-A447-EEF1F8FF22C1} = {0CF849F6-4411-4288-A571-B2DC63140164}
		{7DF5E6FA-5839-456F-959B-AF4A7A742775} = {F5C74956-17E6-4D49-AA51-48B89B962D52}
		{D5EECE06-4069-48F1-8D2E-AAC04DEA523B} = {0F223EC1-1281-44C5-8546-0F3C3EA99EB9}
		{B3836C25-0A34-4078-AF9D-E62839D85A7A} = {30F42B44-3B33-44F5-972E-F782E3550809}
		{FA711840-70E3-4A25-9B5B-3F8801F50215} = {B3836C25-0A34-4078-AF9D-E62839D85A7A}
		{4EBFA6E5-0636-496C-8C46-991B05DF7491} = {FA711840-70E3-4A25-9B5B-3F8801F50215}
		{2051C7F5-3D2D-4462-B0FA-F2AAB905CF46} = {30F42B44-3B33-44F5-972E-F782E3550809}
		{5C043D9C-CF8D-45EF-B283-DCD05C0AD25B} = {30F42B44-3B33-44F5-972E-F782E3550809}
		{4F487800-36CE-4958-8050-6BF0455BB611} = {2051C7F5-3D2D-4462-B0FA-F2AAB905CF46}
		{E9D5D1C5-DB38-405B-AEE8-7614E41CC9B8} = {5C043D9C-CF8D-45EF-B283-DCD05C0AD25B}
		{6640AC88-DF6B-43A6-BEE3-A65B4396119B} = {B3836C25-0A34-4078-AF9D-E62839D85A7A}
		{E94B0A02-089E-483A-AAEF-3BFA49039598} = {F5C74956-17E6-4D49-AA51-48B89B962D52}
		{09C8A8F0-F85A-4534-922E-85E14EC32725} = {F5C74956-17E6-4D49-AA51-48B89B962D52}
		{84679219-862A-4B68-B36F-CA0A71600B36} = {4AAFA6B4-0770-44C0-B525-805CAA1CA0C9}
		{3E09950F-F09A-49C1-AC79-AE442ADF33B2} = {30F42B44-3B33-44F5-972E-F782E3550809}
		{A73E1E91-A18C-48BD-BDA8-931D429B7966} = {8430E1CA-45DC-47F4-8EAD-05D44B9FF6F9}
		{E838E3B0-E8EE-4239-B2AC-9D286330BF8A} = {3E09950F-F09A-49C1-AC79-AE442ADF33B2}
		{10B956BE-068F-4FBB-9B1E-63C080B24019} = {8430E1CA-45DC-47F4-8EAD-05D44B9FF6F9}
		{3D463251-18D3-451B-B06C-C4D655DD8A37} = {2D5E69B7-177F-43F4-8E93-2D99892AB2B1}
		{9F7BCC3B-DC29-4BFE-8152-F74E1ED1F687} = {9A63916A-4F3F-4691-A287-C04BCC016927}
		{598E82E2-10B7-4C7A-93CC-22CC6C2C47A1} = {0F223EC1-1281-44C5-8546-0F3C3EA99EB9}
		{CC9FB92A-C1D9-400A-BD9B-D814280A118E} = {8430E1CA-45DC-47F4-8EAD-05D44B9FF6F9}
		{49C21D69-2306-4A57-BB8D-DBCC61395CBF} = {E838E3B0-E8EE-4239-B2AC-9D286330BF8A}
		{2D5E69B7-177F-43F4-8E93-2D99892AB2B1} = {E838E3B0-E8EE-4239-B2AC-9D286330BF8A}
		{8430E1CA-45DC-47F4-8EAD-05D44B9FF6F9} = {E838E3B0-E8EE-4239-B2AC-9D286330BF8A}
		{DC1FBE1D-13B6-4DD2-91E2-7FFE2F909CC5} = {49C21D69-2306-4A57-BB8D-DBCC61395CBF}
		{09651F1E-9777-48B5-A363-FA593486CCAE} = {FA711840-70E3-4A25-9B5B-3F8801F50215}
		{7A037CF3-9B2E-4C2B-B684-05B588B0B9BE} = {FA711840-70E3-4A25-9B5B-3F8801F50215}
		{3FE9725A-4D99-4B60-B8EB-63FF5ED7F3EB} = {9B1EDE21-4F7D-4634-A54D-E7234C74135E}
		{8FA92296-4F77-45CE-9B85-BCB37A7F2332} = {B3836C25-0A34-4078-AF9D-E62839D85A7A}
	EndGlobalSection
EndGlobal
