
Microsoft Visual Studio Solution File, Format Version 12.00
# Visual Studio 14
VisualStudioVersion = 14.0.24720.0
MinimumVisualStudioVersion = 10.0.40219.1
Project("{FAE04EC0-301F-11D3-BF4B-00C04F79EFBC}") = "sconnOBD.Droid", "sconnOBD\sconnOBD.Droid\sconnOBD.Droid.csproj", "{8434719B-1707-4D0B-9FE7-EC3D0BFAD5EA}"
EndProject
Project("{FAE04EC0-301F-11D3-BF4B-00C04F79EFBC}") = "sconnOBD.iOS", "sconnOBD\sconnOBD.iOS\sconnOBD.iOS.csproj", "{B4B9C387-A3BA-49C1-AC84-118F7458441A}"
EndProject
Project("{FAE04EC0-301F-11D3-BF4B-00C04F79EFBC}") = "sconnOBD.UWP", "sconnOBD\sconnOBD.UWP\sconnOBD.UWP.csproj", "{CCCDF3ED-D6E5-4CD0-B695-EFA1B7222D3F}"
EndProject
Project("{D954291E-2A0B-460D-934E-DC6B0785DB48}") = "sconnOBD", "sconnOBD\sconnOBD\sconnOBD.shproj", "{7BC1E709-F839-46FC-8F90-B4E0C2D6FD00}"
EndProject
Global
	GlobalSection(SharedMSBuildProjectFiles) = preSolution
		sconnOBD\sconnOBD\sconnOBD.projitems*{7bc1e709-f839-46fc-8f90-b4e0c2d6fd00}*SharedItemsImports = 13
	EndGlobalSection
	GlobalSection(SolutionConfigurationPlatforms) = preSolution
		Ad-Hoc|Any CPU = Ad-Hoc|Any CPU
		Ad-Hoc|ARM = Ad-Hoc|ARM
		Ad-Hoc|iPhone = Ad-Hoc|iPhone
		Ad-Hoc|iPhoneSimulator = Ad-Hoc|iPhoneSimulator
		Ad-Hoc|x64 = Ad-Hoc|x64
		Ad-Hoc|x86 = Ad-Hoc|x86
		AppStore|Any CPU = AppStore|Any CPU
		AppStore|ARM = AppStore|ARM
		AppStore|iPhone = AppStore|iPhone
		AppStore|iPhoneSimulator = AppStore|iPhoneSimulator
		AppStore|x64 = AppStore|x64
		AppStore|x86 = AppStore|x86
		Debug|Any CPU = Debug|Any CPU
		Debug|ARM = Debug|ARM
		Debug|iPhone = Debug|iPhone
		Debug|iPhoneSimulator = Debug|iPhoneSimulator
		Debug|x64 = Debug|x64
		Debug|x86 = Debug|x86
		Release|Any CPU = Release|Any CPU
		Release|ARM = Release|ARM
		Release|iPhone = Release|iPhone
		Release|iPhoneSimulator = Release|iPhoneSimulator
		Release|x64 = Release|x64
		Release|x86 = Release|x86
	EndGlobalSection
	GlobalSection(ProjectConfigurationPlatforms) = postSolution
		{8434719B-1707-4D0B-9FE7-EC3D0BFAD5EA}.Ad-Hoc|Any CPU.ActiveCfg = Release|Any CPU
		{8434719B-1707-4D0B-9FE7-EC3D0BFAD5EA}.Ad-Hoc|Any CPU.Build.0 = Release|Any CPU
		{8434719B-1707-4D0B-9FE7-EC3D0BFAD5EA}.Ad-Hoc|Any CPU.Deploy.0 = Release|Any CPU
		{8434719B-1707-4D0B-9FE7-EC3D0BFAD5EA}.Ad-Hoc|ARM.ActiveCfg = Release|Any CPU
		{8434719B-1707-4D0B-9FE7-EC3D0BFAD5EA}.Ad-Hoc|ARM.Build.0 = Release|Any CPU
		{8434719B-1707-4D0B-9FE7-EC3D0BFAD5EA}.Ad-Hoc|ARM.Deploy.0 = Release|Any CPU
		{8434719B-1707-4D0B-9FE7-EC3D0BFAD5EA}.Ad-Hoc|iPhone.ActiveCfg = Release|Any CPU
		{8434719B-1707-4D0B-9FE7-EC3D0BFAD5EA}.Ad-Hoc|iPhone.Build.0 = Release|Any CPU
		{8434719B-1707-4D0B-9FE7-EC3D0BFAD5EA}.Ad-Hoc|iPhone.Deploy.0 = Release|Any CPU
		{8434719B-1707-4D0B-9FE7-EC3D0BFAD5EA}.Ad-Hoc|iPhoneSimulator.ActiveCfg = Release|Any CPU
		{8434719B-1707-4D0B-9FE7-EC3D0BFAD5EA}.Ad-Hoc|iPhoneSimulator.Build.0 = Release|Any CPU
		{8434719B-1707-4D0B-9FE7-EC3D0BFAD5EA}.Ad-Hoc|iPhoneSimulator.Deploy.0 = Release|Any CPU
		{8434719B-1707-4D0B-9FE7-EC3D0BFAD5EA}.Ad-Hoc|x64.ActiveCfg = Release|Any CPU
		{8434719B-1707-4D0B-9FE7-EC3D0BFAD5EA}.Ad-Hoc|x64.Build.0 = Release|Any CPU
		{8434719B-1707-4D0B-9FE7-EC3D0BFAD5EA}.Ad-Hoc|x64.Deploy.0 = Release|Any CPU
		{8434719B-1707-4D0B-9FE7-EC3D0BFAD5EA}.Ad-Hoc|x86.ActiveCfg = Release|Any CPU
		{8434719B-1707-4D0B-9FE7-EC3D0BFAD5EA}.Ad-Hoc|x86.Build.0 = Release|Any CPU
		{8434719B-1707-4D0B-9FE7-EC3D0BFAD5EA}.Ad-Hoc|x86.Deploy.0 = Release|Any CPU
		{8434719B-1707-4D0B-9FE7-EC3D0BFAD5EA}.AppStore|Any CPU.ActiveCfg = Release|Any CPU
		{8434719B-1707-4D0B-9FE7-EC3D0BFAD5EA}.AppStore|Any CPU.Build.0 = Release|Any CPU
		{8434719B-1707-4D0B-9FE7-EC3D0BFAD5EA}.AppStore|Any CPU.Deploy.0 = Release|Any CPU
		{8434719B-1707-4D0B-9FE7-EC3D0BFAD5EA}.AppStore|ARM.ActiveCfg = Release|Any CPU
		{8434719B-1707-4D0B-9FE7-EC3D0BFAD5EA}.AppStore|ARM.Build.0 = Release|Any CPU
		{8434719B-1707-4D0B-9FE7-EC3D0BFAD5EA}.AppStore|ARM.Deploy.0 = Release|Any CPU
		{8434719B-1707-4D0B-9FE7-EC3D0BFAD5EA}.AppStore|iPhone.ActiveCfg = Release|Any CPU
		{8434719B-1707-4D0B-9FE7-EC3D0BFAD5EA}.AppStore|iPhone.Build.0 = Release|Any CPU
		{8434719B-1707-4D0B-9FE7-EC3D0BFAD5EA}.AppStore|iPhone.Deploy.0 = Release|Any CPU
		{8434719B-1707-4D0B-9FE7-EC3D0BFAD5EA}.AppStore|iPhoneSimulator.ActiveCfg = Release|Any CPU
		{8434719B-1707-4D0B-9FE7-EC3D0BFAD5EA}.AppStore|iPhoneSimulator.Build.0 = Release|Any CPU
		{8434719B-1707-4D0B-9FE7-EC3D0BFAD5EA}.AppStore|iPhoneSimulator.Deploy.0 = Release|Any CPU
		{8434719B-1707-4D0B-9FE7-EC3D0BFAD5EA}.AppStore|x64.ActiveCfg = Release|Any CPU
		{8434719B-1707-4D0B-9FE7-EC3D0BFAD5EA}.AppStore|x64.Build.0 = Release|Any CPU
		{8434719B-1707-4D0B-9FE7-EC3D0BFAD5EA}.AppStore|x64.Deploy.0 = Release|Any CPU
		{8434719B-1707-4D0B-9FE7-EC3D0BFAD5EA}.AppStore|x86.ActiveCfg = Release|Any CPU
		{8434719B-1707-4D0B-9FE7-EC3D0BFAD5EA}.AppStore|x86.Build.0 = Release|Any CPU
		{8434719B-1707-4D0B-9FE7-EC3D0BFAD5EA}.AppStore|x86.Deploy.0 = Release|Any CPU
		{8434719B-1707-4D0B-9FE7-EC3D0BFAD5EA}.Debug|Any CPU.ActiveCfg = Debug|Any CPU
		{8434719B-1707-4D0B-9FE7-EC3D0BFAD5EA}.Debug|Any CPU.Build.0 = Debug|Any CPU
		{8434719B-1707-4D0B-9FE7-EC3D0BFAD5EA}.Debug|Any CPU.Deploy.0 = Debug|Any CPU
		{8434719B-1707-4D0B-9FE7-EC3D0BFAD5EA}.Debug|ARM.ActiveCfg = Debug|Any CPU
		{8434719B-1707-4D0B-9FE7-EC3D0BFAD5EA}.Debug|ARM.Build.0 = Debug|Any CPU
		{8434719B-1707-4D0B-9FE7-EC3D0BFAD5EA}.Debug|ARM.Deploy.0 = Debug|Any CPU
		{8434719B-1707-4D0B-9FE7-EC3D0BFAD5EA}.Debug|iPhone.ActiveCfg = Debug|Any CPU
		{8434719B-1707-4D0B-9FE7-EC3D0BFAD5EA}.Debug|iPhone.Build.0 = Debug|Any CPU
		{8434719B-1707-4D0B-9FE7-EC3D0BFAD5EA}.Debug|iPhone.Deploy.0 = Debug|Any CPU
		{8434719B-1707-4D0B-9FE7-EC3D0BFAD5EA}.Debug|iPhoneSimulator.ActiveCfg = Debug|Any CPU
		{8434719B-1707-4D0B-9FE7-EC3D0BFAD5EA}.Debug|iPhoneSimulator.Build.0 = Debug|Any CPU
		{8434719B-1707-4D0B-9FE7-EC3D0BFAD5EA}.Debug|iPhoneSimulator.Deploy.0 = Debug|Any CPU
		{8434719B-1707-4D0B-9FE7-EC3D0BFAD5EA}.Debug|x64.ActiveCfg = Debug|Any CPU
		{8434719B-1707-4D0B-9FE7-EC3D0BFAD5EA}.Debug|x64.Build.0 = Debug|Any CPU
		{8434719B-1707-4D0B-9FE7-EC3D0BFAD5EA}.Debug|x64.Deploy.0 = Debug|Any CPU
		{8434719B-1707-4D0B-9FE7-EC3D0BFAD5EA}.Debug|x86.ActiveCfg = Debug|Any CPU
		{8434719B-1707-4D0B-9FE7-EC3D0BFAD5EA}.Debug|x86.Build.0 = Debug|Any CPU
		{8434719B-1707-4D0B-9FE7-EC3D0BFAD5EA}.Debug|x86.Deploy.0 = Debug|Any CPU
		{8434719B-1707-4D0B-9FE7-EC3D0BFAD5EA}.Release|Any CPU.ActiveCfg = Release|Any CPU
		{8434719B-1707-4D0B-9FE7-EC3D0BFAD5EA}.Release|Any CPU.Build.0 = Release|Any CPU
		{8434719B-1707-4D0B-9FE7-EC3D0BFAD5EA}.Release|Any CPU.Deploy.0 = Release|Any CPU
		{8434719B-1707-4D0B-9FE7-EC3D0BFAD5EA}.Release|ARM.ActiveCfg = Release|Any CPU
		{8434719B-1707-4D0B-9FE7-EC3D0BFAD5EA}.Release|ARM.Build.0 = Release|Any CPU
		{8434719B-1707-4D0B-9FE7-EC3D0BFAD5EA}.Release|ARM.Deploy.0 = Release|Any CPU
		{8434719B-1707-4D0B-9FE7-EC3D0BFAD5EA}.Release|iPhone.ActiveCfg = Release|Any CPU
		{8434719B-1707-4D0B-9FE7-EC3D0BFAD5EA}.Release|iPhone.Build.0 = Release|Any CPU
		{8434719B-1707-4D0B-9FE7-EC3D0BFAD5EA}.Release|iPhone.Deploy.0 = Release|Any CPU
		{8434719B-1707-4D0B-9FE7-EC3D0BFAD5EA}.Release|iPhoneSimulator.ActiveCfg = Release|Any CPU
		{8434719B-1707-4D0B-9FE7-EC3D0BFAD5EA}.Release|iPhoneSimulator.Build.0 = Release|Any CPU
		{8434719B-1707-4D0B-9FE7-EC3D0BFAD5EA}.Release|iPhoneSimulator.Deploy.0 = Release|Any CPU
		{8434719B-1707-4D0B-9FE7-EC3D0BFAD5EA}.Release|x64.ActiveCfg = Release|Any CPU
		{8434719B-1707-4D0B-9FE7-EC3D0BFAD5EA}.Release|x64.Build.0 = Release|Any CPU
		{8434719B-1707-4D0B-9FE7-EC3D0BFAD5EA}.Release|x64.Deploy.0 = Release|Any CPU
		{8434719B-1707-4D0B-9FE7-EC3D0BFAD5EA}.Release|x86.ActiveCfg = Release|Any CPU
		{8434719B-1707-4D0B-9FE7-EC3D0BFAD5EA}.Release|x86.Build.0 = Release|Any CPU
		{8434719B-1707-4D0B-9FE7-EC3D0BFAD5EA}.Release|x86.Deploy.0 = Release|Any CPU
		{B4B9C387-A3BA-49C1-AC84-118F7458441A}.Ad-Hoc|Any CPU.ActiveCfg = Ad-Hoc|iPhone
		{B4B9C387-A3BA-49C1-AC84-118F7458441A}.Ad-Hoc|ARM.ActiveCfg = Ad-Hoc|iPhone
		{B4B9C387-A3BA-49C1-AC84-118F7458441A}.Ad-Hoc|iPhone.ActiveCfg = Ad-Hoc|iPhone
		{B4B9C387-A3BA-49C1-AC84-118F7458441A}.Ad-Hoc|iPhone.Build.0 = Ad-Hoc|iPhone
		{B4B9C387-A3BA-49C1-AC84-118F7458441A}.Ad-Hoc|iPhoneSimulator.ActiveCfg = Ad-Hoc|iPhoneSimulator
		{B4B9C387-A3BA-49C1-AC84-118F7458441A}.Ad-Hoc|iPhoneSimulator.Build.0 = Ad-Hoc|iPhoneSimulator
		{B4B9C387-A3BA-49C1-AC84-118F7458441A}.Ad-Hoc|x64.ActiveCfg = Ad-Hoc|iPhone
		{B4B9C387-A3BA-49C1-AC84-118F7458441A}.Ad-Hoc|x86.ActiveCfg = Ad-Hoc|iPhone
		{B4B9C387-A3BA-49C1-AC84-118F7458441A}.AppStore|Any CPU.ActiveCfg = AppStore|iPhone
		{B4B9C387-A3BA-49C1-AC84-118F7458441A}.AppStore|ARM.ActiveCfg = AppStore|iPhone
		{B4B9C387-A3BA-49C1-AC84-118F7458441A}.AppStore|iPhone.ActiveCfg = AppStore|iPhone
		{B4B9C387-A3BA-49C1-AC84-118F7458441A}.AppStore|iPhone.Build.0 = AppStore|iPhone
		{B4B9C387-A3BA-49C1-AC84-118F7458441A}.AppStore|iPhoneSimulator.ActiveCfg = AppStore|iPhoneSimulator
		{B4B9C387-A3BA-49C1-AC84-118F7458441A}.AppStore|iPhoneSimulator.Build.0 = AppStore|iPhoneSimulator
		{B4B9C387-A3BA-49C1-AC84-118F7458441A}.AppStore|x64.ActiveCfg = AppStore|iPhone
		{B4B9C387-A3BA-49C1-AC84-118F7458441A}.AppStore|x86.ActiveCfg = AppStore|iPhone
		{B4B9C387-A3BA-49C1-AC84-118F7458441A}.Debug|Any CPU.ActiveCfg = Debug|iPhone
		{B4B9C387-A3BA-49C1-AC84-118F7458441A}.Debug|ARM.ActiveCfg = Debug|iPhone
		{B4B9C387-A3BA-49C1-AC84-118F7458441A}.Debug|iPhone.ActiveCfg = Debug|iPhone
		{B4B9C387-A3BA-49C1-AC84-118F7458441A}.Debug|iPhone.Build.0 = Debug|iPhone
		{B4B9C387-A3BA-49C1-AC84-118F7458441A}.Debug|iPhoneSimulator.ActiveCfg = Debug|iPhoneSimulator
		{B4B9C387-A3BA-49C1-AC84-118F7458441A}.Debug|iPhoneSimulator.Build.0 = Debug|iPhoneSimulator
		{B4B9C387-A3BA-49C1-AC84-118F7458441A}.Debug|x64.ActiveCfg = Debug|iPhone
		{B4B9C387-A3BA-49C1-AC84-118F7458441A}.Debug|x86.ActiveCfg = Debug|iPhone
		{B4B9C387-A3BA-49C1-AC84-118F7458441A}.Release|Any CPU.ActiveCfg = Release|iPhone
		{B4B9C387-A3BA-49C1-AC84-118F7458441A}.Release|ARM.ActiveCfg = Release|iPhone
		{B4B9C387-A3BA-49C1-AC84-118F7458441A}.Release|iPhone.ActiveCfg = Release|iPhone
		{B4B9C387-A3BA-49C1-AC84-118F7458441A}.Release|iPhone.Build.0 = Release|iPhone
		{B4B9C387-A3BA-49C1-AC84-118F7458441A}.Release|iPhoneSimulator.ActiveCfg = Release|iPhoneSimulator
		{B4B9C387-A3BA-49C1-AC84-118F7458441A}.Release|iPhoneSimulator.Build.0 = Release|iPhoneSimulator
		{B4B9C387-A3BA-49C1-AC84-118F7458441A}.Release|x64.ActiveCfg = Release|iPhone
		{B4B9C387-A3BA-49C1-AC84-118F7458441A}.Release|x86.ActiveCfg = Release|iPhone
		{CCCDF3ED-D6E5-4CD0-B695-EFA1B7222D3F}.Ad-Hoc|Any CPU.ActiveCfg = Release|x86
		{CCCDF3ED-D6E5-4CD0-B695-EFA1B7222D3F}.Ad-Hoc|Any CPU.Build.0 = Release|x86
		{CCCDF3ED-D6E5-4CD0-B695-EFA1B7222D3F}.Ad-Hoc|Any CPU.Deploy.0 = Release|x86
		{CCCDF3ED-D6E5-4CD0-B695-EFA1B7222D3F}.Ad-Hoc|ARM.ActiveCfg = Release|ARM
		{CCCDF3ED-D6E5-4CD0-B695-EFA1B7222D3F}.Ad-Hoc|ARM.Build.0 = Release|ARM
		{CCCDF3ED-D6E5-4CD0-B695-EFA1B7222D3F}.Ad-Hoc|ARM.Deploy.0 = Release|ARM
		{CCCDF3ED-D6E5-4CD0-B695-EFA1B7222D3F}.Ad-Hoc|iPhone.ActiveCfg = Release|x86
		{CCCDF3ED-D6E5-4CD0-B695-EFA1B7222D3F}.Ad-Hoc|iPhone.Build.0 = Release|x86
		{CCCDF3ED-D6E5-4CD0-B695-EFA1B7222D3F}.Ad-Hoc|iPhone.Deploy.0 = Release|x86
		{CCCDF3ED-D6E5-4CD0-B695-EFA1B7222D3F}.Ad-Hoc|iPhoneSimulator.ActiveCfg = Release|x86
		{CCCDF3ED-D6E5-4CD0-B695-EFA1B7222D3F}.Ad-Hoc|iPhoneSimulator.Build.0 = Release|x86
		{CCCDF3ED-D6E5-4CD0-B695-EFA1B7222D3F}.Ad-Hoc|iPhoneSimulator.Deploy.0 = Release|x86
		{CCCDF3ED-D6E5-4CD0-B695-EFA1B7222D3F}.Ad-Hoc|x64.ActiveCfg = Release|x64
		{CCCDF3ED-D6E5-4CD0-B695-EFA1B7222D3F}.Ad-Hoc|x64.Build.0 = Release|x64
		{CCCDF3ED-D6E5-4CD0-B695-EFA1B7222D3F}.Ad-Hoc|x64.Deploy.0 = Release|x64
		{CCCDF3ED-D6E5-4CD0-B695-EFA1B7222D3F}.Ad-Hoc|x86.ActiveCfg = Release|x86
		{CCCDF3ED-D6E5-4CD0-B695-EFA1B7222D3F}.Ad-Hoc|x86.Build.0 = Release|x86
		{CCCDF3ED-D6E5-4CD0-B695-EFA1B7222D3F}.Ad-Hoc|x86.Deploy.0 = Release|x86
		{CCCDF3ED-D6E5-4CD0-B695-EFA1B7222D3F}.AppStore|Any CPU.ActiveCfg = Release|x86
		{CCCDF3ED-D6E5-4CD0-B695-EFA1B7222D3F}.AppStore|Any CPU.Build.0 = Release|x86
		{CCCDF3ED-D6E5-4CD0-B695-EFA1B7222D3F}.AppStore|Any CPU.Deploy.0 = Release|x86
		{CCCDF3ED-D6E5-4CD0-B695-EFA1B7222D3F}.AppStore|ARM.ActiveCfg = Release|ARM
		{CCCDF3ED-D6E5-4CD0-B695-EFA1B7222D3F}.AppStore|ARM.Build.0 = Release|ARM
		{CCCDF3ED-D6E5-4CD0-B695-EFA1B7222D3F}.AppStore|ARM.Deploy.0 = Release|ARM
		{CCCDF3ED-D6E5-4CD0-B695-EFA1B7222D3F}.AppStore|iPhone.ActiveCfg = Release|x86
		{CCCDF3ED-D6E5-4CD0-B695-EFA1B7222D3F}.AppStore|iPhone.Build.0 = Release|x86
		{CCCDF3ED-D6E5-4CD0-B695-EFA1B7222D3F}.AppStore|iPhone.Deploy.0 = Release|x86
		{CCCDF3ED-D6E5-4CD0-B695-EFA1B7222D3F}.AppStore|iPhoneSimulator.ActiveCfg = Release|x86
		{CCCDF3ED-D6E5-4CD0-B695-EFA1B7222D3F}.AppStore|iPhoneSimulator.Build.0 = Release|x86
		{CCCDF3ED-D6E5-4CD0-B695-EFA1B7222D3F}.AppStore|iPhoneSimulator.Deploy.0 = Release|x86
		{CCCDF3ED-D6E5-4CD0-B695-EFA1B7222D3F}.AppStore|x64.ActiveCfg = Release|x64
		{CCCDF3ED-D6E5-4CD0-B695-EFA1B7222D3F}.AppStore|x64.Build.0 = Release|x64
		{CCCDF3ED-D6E5-4CD0-B695-EFA1B7222D3F}.AppStore|x64.Deploy.0 = Release|x64
		{CCCDF3ED-D6E5-4CD0-B695-EFA1B7222D3F}.AppStore|x86.ActiveCfg = Release|x86
		{CCCDF3ED-D6E5-4CD0-B695-EFA1B7222D3F}.AppStore|x86.Build.0 = Release|x86
		{CCCDF3ED-D6E5-4CD0-B695-EFA1B7222D3F}.AppStore|x86.Deploy.0 = Release|x86
		{CCCDF3ED-D6E5-4CD0-B695-EFA1B7222D3F}.Debug|Any CPU.ActiveCfg = Debug|x86
		{CCCDF3ED-D6E5-4CD0-B695-EFA1B7222D3F}.Debug|ARM.ActiveCfg = Debug|ARM
		{CCCDF3ED-D6E5-4CD0-B695-EFA1B7222D3F}.Debug|ARM.Build.0 = Debug|ARM
		{CCCDF3ED-D6E5-4CD0-B695-EFA1B7222D3F}.Debug|ARM.Deploy.0 = Debug|ARM
		{CCCDF3ED-D6E5-4CD0-B695-EFA1B7222D3F}.Debug|iPhone.ActiveCfg = Debug|x86
		{CCCDF3ED-D6E5-4CD0-B695-EFA1B7222D3F}.Debug|iPhoneSimulator.ActiveCfg = Debug|x86
		{CCCDF3ED-D6E5-4CD0-B695-EFA1B7222D3F}.Debug|x64.ActiveCfg = Debug|x64
		{CCCDF3ED-D6E5-4CD0-B695-EFA1B7222D3F}.Debug|x64.Build.0 = Debug|x64
		{CCCDF3ED-D6E5-4CD0-B695-EFA1B7222D3F}.Debug|x64.Deploy.0 = Debug|x64
		{CCCDF3ED-D6E5-4CD0-B695-EFA1B7222D3F}.Debug|x86.ActiveCfg = Debug|x86
		{CCCDF3ED-D6E5-4CD0-B695-EFA1B7222D3F}.Debug|x86.Build.0 = Debug|x86
		{CCCDF3ED-D6E5-4CD0-B695-EFA1B7222D3F}.Debug|x86.Deploy.0 = Debug|x86
		{CCCDF3ED-D6E5-4CD0-B695-EFA1B7222D3F}.Release|Any CPU.ActiveCfg = Release|x86
		{CCCDF3ED-D6E5-4CD0-B695-EFA1B7222D3F}.Release|ARM.ActiveCfg = Release|ARM
		{CCCDF3ED-D6E5-4CD0-B695-EFA1B7222D3F}.Release|ARM.Build.0 = Release|ARM
		{CCCDF3ED-D6E5-4CD0-B695-EFA1B7222D3F}.Release|ARM.Deploy.0 = Release|ARM
		{CCCDF3ED-D6E5-4CD0-B695-EFA1B7222D3F}.Release|iPhone.ActiveCfg = Release|x86
		{CCCDF3ED-D6E5-4CD0-B695-EFA1B7222D3F}.Release|iPhoneSimulator.ActiveCfg = Release|x86
		{CCCDF3ED-D6E5-4CD0-B695-EFA1B7222D3F}.Release|x64.ActiveCfg = Release|x64
		{CCCDF3ED-D6E5-4CD0-B695-EFA1B7222D3F}.Release|x64.Build.0 = Release|x64
		{CCCDF3ED-D6E5-4CD0-B695-EFA1B7222D3F}.Release|x64.Deploy.0 = Release|x64
		{CCCDF3ED-D6E5-4CD0-B695-EFA1B7222D3F}.Release|x86.ActiveCfg = Release|x86
		{CCCDF3ED-D6E5-4CD0-B695-EFA1B7222D3F}.Release|x86.Build.0 = Release|x86
		{CCCDF3ED-D6E5-4CD0-B695-EFA1B7222D3F}.Release|x86.Deploy.0 = Release|x86
	EndGlobalSection
	GlobalSection(SolutionProperties) = preSolution
		HideSolutionNode = FALSE
	EndGlobalSection
EndGlobal
