
Microsoft Visual Studio Solution File, Format Version 12.00
# Visual Studio 14
VisualStudioVersion = 14.0.25123.0
MinimumVisualStudioVersion = 10.0.40219.1
Project("{2150E333-8FDC-42A3-9474-1A3956D46DE8}") = "App", "App", "{A08F66DB-905D-4651-A9A3-08F48F662E8C}"
EndProject
Project("{2150E333-8FDC-42A3-9474-1A3956D46DE8}") = "Tests", "Tests", "{5F6E8E75-34EB-4F6C-9FA5-587F5B6CA416}"
EndProject
Project("{FAE04EC0-301F-11D3-BF4B-00C04F79EFBC}") = "sconnRemMobile.Droid", "Shared\sconnRemMobile\sconnRemMobile.Droid\sconnRemMobile.Droid.csproj", "{419FBD42-7176-45CA-A393-09FEA1415BCE}"
EndProject
Project("{FAE04EC0-301F-11D3-BF4B-00C04F79EFBC}") = "sconnRemMobile.iOS", "Shared\sconnRemMobile\sconnRemMobile.iOS\sconnRemMobile.iOS.csproj", "{35B02F83-BDEF-481E-B273-5BC971D80EE6}"
EndProject
Project("{D954291E-2A0B-460D-934E-DC6B0785DB48}") = "sconnRemMobile", "Shared\sconnRemMobile\sconnRemMobile\sconnRemMobile.shproj", "{C96E1B2A-E5EE-42DE-87B2-EE55889163E3}"
EndProject
Project("{2150E333-8FDC-42A3-9474-1A3956D46DE8}") = "Portable", "Portable", "{2F40D80E-C8BF-4575-9B15-EE0AE7691627}"
EndProject
Project("{FAE04EC0-301F-11D3-BF4B-00C04F79EFBC}") = "sconnMobileForms.iOS", "sconnMobileForms\sconnMobileForms.iOS\sconnMobileForms.iOS.csproj", "{8F58E1C2-6CFC-431F-A094-E1B796FF766A}"
EndProject
Project("{D954291E-2A0B-460D-934E-DC6B0785DB48}") = "sconnMobileForms", "sconnMobileForms\sconnMobileForms\sconnMobileForms.shproj", "{F881A8A1-E603-4F2B-9546-080690515298}"
EndProject
Project("{2150E333-8FDC-42A3-9474-1A3956D46DE8}") = "Common", "Common", "{FCAE508C-F869-42C8-9345-67B1567F799B}"
EndProject
Global
	GlobalSection(SharedMSBuildProjectFiles) = preSolution
		sconnMobileForms\sconnMobileForms\sconnMobileForms.projitems*{2a4e7a4f-4113-4489-bb5b-cd3cc1d020ff}*SharedItemsImports = 4
		Shared\sconnRemMobile\sconnRemMobile\sconnRemMobile.projitems*{c96e1b2a-e5ee-42de-87b2-ee55889163e3}*SharedItemsImports = 13
		Shared\sconnRemMobile\sconnRemMobile\sconnRemMobile.projitems*{35b02f83-bdef-481e-b273-5bc971d80ee6}*SharedItemsImports = 4
		sconnMobileForms\sconnMobileForms\sconnMobileForms.projitems*{8f58e1c2-6cfc-431f-a094-e1b796ff766a}*SharedItemsImports = 4
		sconnMobileForms\sconnMobileForms\sconnMobileForms.projitems*{f881a8a1-e603-4f2b-9546-080690515298}*SharedItemsImports = 13
		Shared\sconnRemMobile\sconnRemMobile\sconnRemMobile.projitems*{419fbd42-7176-45ca-a393-09fea1415bce}*SharedItemsImports = 4
	EndGlobalSection
	GlobalSection(SolutionConfigurationPlatforms) = preSolution
		Ad-Hoc|Any CPU = Ad-Hoc|Any CPU
		Ad-Hoc|iPhone = Ad-Hoc|iPhone
		Ad-Hoc|iPhoneSimulator = Ad-Hoc|iPhoneSimulator
		AppStore|Any CPU = AppStore|Any CPU
		AppStore|iPhone = AppStore|iPhone
		AppStore|iPhoneSimulator = AppStore|iPhoneSimulator
		Debug|Any CPU = Debug|Any CPU
		Debug|iPhone = Debug|iPhone
		Debug|iPhoneSimulator = Debug|iPhoneSimulator
		Release|Any CPU = Release|Any CPU
		Release|iPhone = Release|iPhone
		Release|iPhoneSimulator = Release|iPhoneSimulator
	EndGlobalSection
	GlobalSection(ProjectConfigurationPlatforms) = postSolution
		{419FBD42-7176-45CA-A393-09FEA1415BCE}.Ad-Hoc|Any CPU.ActiveCfg = Release|Any CPU
		{419FBD42-7176-45CA-A393-09FEA1415BCE}.Ad-Hoc|Any CPU.Build.0 = Release|Any CPU
		{419FBD42-7176-45CA-A393-09FEA1415BCE}.Ad-Hoc|Any CPU.Deploy.0 = Release|Any CPU
		{419FBD42-7176-45CA-A393-09FEA1415BCE}.Ad-Hoc|iPhone.ActiveCfg = Release|Any CPU
		{419FBD42-7176-45CA-A393-09FEA1415BCE}.Ad-Hoc|iPhone.Build.0 = Release|Any CPU
		{419FBD42-7176-45CA-A393-09FEA1415BCE}.Ad-Hoc|iPhone.Deploy.0 = Release|Any CPU
		{419FBD42-7176-45CA-A393-09FEA1415BCE}.Ad-Hoc|iPhoneSimulator.ActiveCfg = Release|Any CPU
		{419FBD42-7176-45CA-A393-09FEA1415BCE}.Ad-Hoc|iPhoneSimulator.Build.0 = Release|Any CPU
		{419FBD42-7176-45CA-A393-09FEA1415BCE}.Ad-Hoc|iPhoneSimulator.Deploy.0 = Release|Any CPU
		{419FBD42-7176-45CA-A393-09FEA1415BCE}.AppStore|Any CPU.ActiveCfg = Release|Any CPU
		{419FBD42-7176-45CA-A393-09FEA1415BCE}.AppStore|Any CPU.Build.0 = Release|Any CPU
		{419FBD42-7176-45CA-A393-09FEA1415BCE}.AppStore|Any CPU.Deploy.0 = Release|Any CPU
		{419FBD42-7176-45CA-A393-09FEA1415BCE}.AppStore|iPhone.ActiveCfg = Release|Any CPU
		{419FBD42-7176-45CA-A393-09FEA1415BCE}.AppStore|iPhone.Build.0 = Release|Any CPU
		{419FBD42-7176-45CA-A393-09FEA1415BCE}.AppStore|iPhone.Deploy.0 = Release|Any CPU
		{419FBD42-7176-45CA-A393-09FEA1415BCE}.AppStore|iPhoneSimulator.ActiveCfg = Release|Any CPU
		{419FBD42-7176-45CA-A393-09FEA1415BCE}.AppStore|iPhoneSimulator.Build.0 = Release|Any CPU
		{419FBD42-7176-45CA-A393-09FEA1415BCE}.AppStore|iPhoneSimulator.Deploy.0 = Release|Any CPU
		{419FBD42-7176-45CA-A393-09FEA1415BCE}.Debug|Any CPU.ActiveCfg = Debug|Any CPU
		{419FBD42-7176-45CA-A393-09FEA1415BCE}.Debug|Any CPU.Build.0 = Debug|Any CPU
		{419FBD42-7176-45CA-A393-09FEA1415BCE}.Debug|Any CPU.Deploy.0 = Debug|Any CPU
		{419FBD42-7176-45CA-A393-09FEA1415BCE}.Debug|iPhone.ActiveCfg = Debug|Any CPU
		{419FBD42-7176-45CA-A393-09FEA1415BCE}.Debug|iPhone.Build.0 = Debug|Any CPU
		{419FBD42-7176-45CA-A393-09FEA1415BCE}.Debug|iPhone.Deploy.0 = Debug|Any CPU
		{419FBD42-7176-45CA-A393-09FEA1415BCE}.Debug|iPhoneSimulator.ActiveCfg = Debug|Any CPU
		{419FBD42-7176-45CA-A393-09FEA1415BCE}.Debug|iPhoneSimulator.Build.0 = Debug|Any CPU
		{419FBD42-7176-45CA-A393-09FEA1415BCE}.Debug|iPhoneSimulator.Deploy.0 = Debug|Any CPU
		{419FBD42-7176-45CA-A393-09FEA1415BCE}.Release|Any CPU.ActiveCfg = Release|Any CPU
		{419FBD42-7176-45CA-A393-09FEA1415BCE}.Release|Any CPU.Build.0 = Release|Any CPU
		{419FBD42-7176-45CA-A393-09FEA1415BCE}.Release|Any CPU.Deploy.0 = Release|Any CPU
		{419FBD42-7176-45CA-A393-09FEA1415BCE}.Release|iPhone.ActiveCfg = Release|Any CPU
		{419FBD42-7176-45CA-A393-09FEA1415BCE}.Release|iPhone.Build.0 = Release|Any CPU
		{419FBD42-7176-45CA-A393-09FEA1415BCE}.Release|iPhone.Deploy.0 = Release|Any CPU
		{419FBD42-7176-45CA-A393-09FEA1415BCE}.Release|iPhoneSimulator.ActiveCfg = Release|Any CPU
		{419FBD42-7176-45CA-A393-09FEA1415BCE}.Release|iPhoneSimulator.Build.0 = Release|Any CPU
		{419FBD42-7176-45CA-A393-09FEA1415BCE}.Release|iPhoneSimulator.Deploy.0 = Release|Any CPU
		{35B02F83-BDEF-481E-B273-5BC971D80EE6}.Ad-Hoc|Any CPU.ActiveCfg = AppStore|iPhone
		{35B02F83-BDEF-481E-B273-5BC971D80EE6}.Ad-Hoc|Any CPU.Build.0 = AppStore|iPhone
		{35B02F83-BDEF-481E-B273-5BC971D80EE6}.Ad-Hoc|iPhone.ActiveCfg = AppStore|iPhone
		{35B02F83-BDEF-481E-B273-5BC971D80EE6}.Ad-Hoc|iPhone.Build.0 = AppStore|iPhone
		{35B02F83-BDEF-481E-B273-5BC971D80EE6}.Ad-Hoc|iPhoneSimulator.ActiveCfg = AppStore|iPhoneSimulator
		{35B02F83-BDEF-481E-B273-5BC971D80EE6}.Ad-Hoc|iPhoneSimulator.Build.0 = AppStore|iPhoneSimulator
		{35B02F83-BDEF-481E-B273-5BC971D80EE6}.AppStore|Any CPU.ActiveCfg = AppStore|iPhone
		{35B02F83-BDEF-481E-B273-5BC971D80EE6}.AppStore|iPhone.ActiveCfg = AppStore|iPhone
		{35B02F83-BDEF-481E-B273-5BC971D80EE6}.AppStore|iPhone.Build.0 = AppStore|iPhone
		{35B02F83-BDEF-481E-B273-5BC971D80EE6}.AppStore|iPhoneSimulator.ActiveCfg = AppStore|iPhoneSimulator
		{35B02F83-BDEF-481E-B273-5BC971D80EE6}.AppStore|iPhoneSimulator.Build.0 = AppStore|iPhoneSimulator
		{35B02F83-BDEF-481E-B273-5BC971D80EE6}.Debug|Any CPU.ActiveCfg = Debug|iPhone
		{35B02F83-BDEF-481E-B273-5BC971D80EE6}.Debug|iPhone.ActiveCfg = Debug|iPhone
		{35B02F83-BDEF-481E-B273-5BC971D80EE6}.Debug|iPhone.Build.0 = Debug|iPhone
		{35B02F83-BDEF-481E-B273-5BC971D80EE6}.Debug|iPhoneSimulator.ActiveCfg = Debug|iPhoneSimulator
		{35B02F83-BDEF-481E-B273-5BC971D80EE6}.Debug|iPhoneSimulator.Build.0 = Debug|iPhoneSimulator
		{35B02F83-BDEF-481E-B273-5BC971D80EE6}.Release|Any CPU.ActiveCfg = Release|iPhone
		{35B02F83-BDEF-481E-B273-5BC971D80EE6}.Release|iPhone.ActiveCfg = Release|iPhone
		{35B02F83-BDEF-481E-B273-5BC971D80EE6}.Release|iPhone.Build.0 = Release|iPhone
		{35B02F83-BDEF-481E-B273-5BC971D80EE6}.Release|iPhoneSimulator.ActiveCfg = Release|iPhoneSimulator
		{35B02F83-BDEF-481E-B273-5BC971D80EE6}.Release|iPhoneSimulator.Build.0 = Release|iPhoneSimulator
		{8F58E1C2-6CFC-431F-A094-E1B796FF766A}.Ad-Hoc|Any CPU.ActiveCfg = Ad-Hoc|iPhone
		{8F58E1C2-6CFC-431F-A094-E1B796FF766A}.Ad-Hoc|iPhone.ActiveCfg = Ad-Hoc|iPhone
		{8F58E1C2-6CFC-431F-A094-E1B796FF766A}.Ad-Hoc|iPhone.Build.0 = Ad-Hoc|iPhone
		{8F58E1C2-6CFC-431F-A094-E1B796FF766A}.Ad-Hoc|iPhoneSimulator.ActiveCfg = Ad-Hoc|iPhoneSimulator
		{8F58E1C2-6CFC-431F-A094-E1B796FF766A}.Ad-Hoc|iPhoneSimulator.Build.0 = Ad-Hoc|iPhoneSimulator
		{8F58E1C2-6CFC-431F-A094-E1B796FF766A}.AppStore|Any CPU.ActiveCfg = AppStore|iPhone
		{8F58E1C2-6CFC-431F-A094-E1B796FF766A}.AppStore|iPhone.ActiveCfg = AppStore|iPhone
		{8F58E1C2-6CFC-431F-A094-E1B796FF766A}.AppStore|iPhone.Build.0 = AppStore|iPhone
		{8F58E1C2-6CFC-431F-A094-E1B796FF766A}.AppStore|iPhoneSimulator.ActiveCfg = AppStore|iPhoneSimulator
		{8F58E1C2-6CFC-431F-A094-E1B796FF766A}.AppStore|iPhoneSimulator.Build.0 = AppStore|iPhoneSimulator
		{8F58E1C2-6CFC-431F-A094-E1B796FF766A}.Debug|Any CPU.ActiveCfg = Debug|iPhone
		{8F58E1C2-6CFC-431F-A094-E1B796FF766A}.Debug|iPhone.ActiveCfg = Debug|iPhone
		{8F58E1C2-6CFC-431F-A094-E1B796FF766A}.Debug|iPhone.Build.0 = Debug|iPhone
		{8F58E1C2-6CFC-431F-A094-E1B796FF766A}.Debug|iPhoneSimulator.ActiveCfg = Debug|iPhoneSimulator
		{8F58E1C2-6CFC-431F-A094-E1B796FF766A}.Debug|iPhoneSimulator.Build.0 = Debug|iPhoneSimulator
		{8F58E1C2-6CFC-431F-A094-E1B796FF766A}.Release|Any CPU.ActiveCfg = Release|iPhone
		{8F58E1C2-6CFC-431F-A094-E1B796FF766A}.Release|iPhone.ActiveCfg = Release|iPhone
		{8F58E1C2-6CFC-431F-A094-E1B796FF766A}.Release|iPhone.Build.0 = Release|iPhone
		{8F58E1C2-6CFC-431F-A094-E1B796FF766A}.Release|iPhoneSimulator.ActiveCfg = Release|iPhoneSimulator
		{8F58E1C2-6CFC-431F-A094-E1B796FF766A}.Release|iPhoneSimulator.Build.0 = Release|iPhoneSimulator
	EndGlobalSection
	GlobalSection(SolutionProperties) = preSolution
		HideSolutionNode = FALSE
	EndGlobalSection
	GlobalSection(NestedProjects) = preSolution
		{419FBD42-7176-45CA-A393-09FEA1415BCE} = {A08F66DB-905D-4651-A9A3-08F48F662E8C}
		{35B02F83-BDEF-481E-B273-5BC971D80EE6} = {A08F66DB-905D-4651-A9A3-08F48F662E8C}
		{C96E1B2A-E5EE-42DE-87B2-EE55889163E3} = {A08F66DB-905D-4651-A9A3-08F48F662E8C}
		{8F58E1C2-6CFC-431F-A094-E1B796FF766A} = {2F40D80E-C8BF-4575-9B15-EE0AE7691627}
		{F881A8A1-E603-4F2B-9546-080690515298} = {2F40D80E-C8BF-4575-9B15-EE0AE7691627}
	EndGlobalSection
EndGlobal
